// !$*UTF8*$!
{
	archiveVersion = 1;
	classes = {
	};
	objectVersion = 56;
	objects = {

/* Begin PBXBuildFile section */
		5D8ADF8B296DBD6200AA7151 /* MathXApp.swift in Sources */ = {isa = PBXBuildFile; fileRef = 5D8ADF8A296DBD6200AA7151 /* MathXApp.swift */; };
		5D8ADF8D296DBD6200AA7151 /* ContentView.swift in Sources */ = {isa = PBXBuildFile; fileRef = 5D8ADF8C296DBD6200AA7151 /* ContentView.swift */; };
		5D8ADF8F296DBD6300AA7151 /* Assets.xcassets in Resources */ = {isa = PBXBuildFile; fileRef = 5D8ADF8E296DBD6300AA7151 /* Assets.xcassets */; };
		5D8ADF92296DBD6300AA7151 /* Preview Assets.xcassets in Resources */ = {isa = PBXBuildFile; fileRef = 5D8ADF91296DBD6300AA7151 /* Preview Assets.xcassets */; };
		5D8ADF99296DBDF300AA7151 /* Cheatsheet.swift in Sources */ = {isa = PBXBuildFile; fileRef = 5D8ADF98296DBDF300AA7151 /* Cheatsheet.swift */; };
		5D8ADF9B296DBFC600AA7151 /* Tools.swift in Sources */ = {isa = PBXBuildFile; fileRef = 5D8ADF9A296DBFC600AA7151 /* Tools.swift */; };
		5D8ADF9D296DC0C200AA7151 /* About.swift in Sources */ = {isa = PBXBuildFile; fileRef = 5D8ADF9C296DC0C200AA7151 /* About.swift */; };
		5D8ADF9F296DC27400AA7151 /* Welcome.swift in Sources */ = {isa = PBXBuildFile; fileRef = 5D8ADF9E296DC27400AA7151 /* Welcome.swift */; };
/* End PBXBuildFile section */

/* Begin PBXFileReference section */
		5D8ADF87296DBD6200AA7151 /* MathX.app */ = {isa = PBXFileReference; explicitFileType = wrapper.application; includeInIndex = 0; path = MathX.app; sourceTree = BUILT_PRODUCTS_DIR; };
		5D8ADF8A296DBD6200AA7151 /* MathXApp.swift */ = {isa = PBXFileReference; lastKnownFileType = sourcecode.swift; path = MathXApp.swift; sourceTree = "<group>"; };
		5D8ADF8C296DBD6200AA7151 /* ContentView.swift */ = {isa = PBXFileReference; lastKnownFileType = sourcecode.swift; path = ContentView.swift; sourceTree = "<group>"; };
		5D8ADF8E296DBD6300AA7151 /* Assets.xcassets */ = {isa = PBXFileReference; lastKnownFileType = folder.assetcatalog; path = Assets.xcassets; sourceTree = "<group>"; };
		5D8ADF91296DBD6300AA7151 /* Preview Assets.xcassets */ = {isa = PBXFileReference; lastKnownFileType = folder.assetcatalog; path = "Preview Assets.xcassets"; sourceTree = "<group>"; };
		5D8ADF98296DBDF300AA7151 /* Cheatsheet.swift */ = {isa = PBXFileReference; lastKnownFileType = sourcecode.swift; path = Cheatsheet.swift; sourceTree = "<group>"; };
		5D8ADF9A296DBFC600AA7151 /* Tools.swift */ = {isa = PBXFileReference; fileEncoding = 4; lastKnownFileType = sourcecode.swift; path = Tools.swift; sourceTree = "<group>"; };
		5D8ADF9C296DC0C200AA7151 /* About.swift */ = {isa = PBXFileReference; fileEncoding = 4; lastKnownFileType = sourcecode.swift; path = About.swift; sourceTree = "<group>"; };
		5D8ADF9E296DC27400AA7151 /* Welcome.swift */ = {isa = PBXFileReference; fileEncoding = 4; lastKnownFileType = sourcecode.swift; path = Welcome.swift; sourceTree = "<group>"; };
/* End PBXFileReference section */

/* Begin PBXFrameworksBuildPhase section */
		5D8ADF84296DBD6200AA7151 /* Frameworks */ = {
			isa = PBXFrameworksBuildPhase;
			buildActionMask = 2147483647;
			files = (
			);
			runOnlyForDeploymentPostprocessing = 0;
		};
/* End PBXFrameworksBuildPhase section */

/* Begin PBXGroup section */
		5D8ADF7E296DBD6200AA7151 = {
			isa = PBXGroup;
			children = (
				5D8ADF89296DBD6200AA7151 /* MathX */,
				5D8ADF88296DBD6200AA7151 /* Products */,
			);
			sourceTree = "<group>";
		};
		5D8ADF88296DBD6200AA7151 /* Products */ = {
			isa = PBXGroup;
			children = (
				5D8ADF87296DBD6200AA7151 /* MathX.app */,
			);
			name = Products;
			sourceTree = "<group>";
		};
		5D8ADF89296DBD6200AA7151 /* MathX */ = {
			isa = PBXGroup;
			children = (
				5D8ADF8A296DBD6200AA7151 /* MathXApp.swift */,
				5D8ADF8C296DBD6200AA7151 /* ContentView.swift */,
				5D8ADF9E296DC27400AA7151 /* Welcome.swift */,
				5D8ADF98296DBDF300AA7151 /* Cheatsheet.swift */,
				5D8ADF9A296DBFC600AA7151 /* Tools.swift */,
				5D8ADF9C296DC0C200AA7151 /* About.swift */,
				5D8ADF8E296DBD6300AA7151 /* Assets.xcassets */,
				5D8ADF90296DBD6300AA7151 /* Preview Content */,
			);
			path = MathX;
			sourceTree = "<group>";
		};
		5D8ADF90296DBD6300AA7151 /* Preview Content */ = {
			isa = PBXGroup;
			children = (
				5D8ADF91296DBD6300AA7151 /* Preview Assets.xcassets */,
			);
			path = "Preview Content";
			sourceTree = "<group>";
		};
/* End PBXGroup section */

/* Begin PBXNativeTarget section */
		5D8ADF86296DBD6200AA7151 /* MathX */ = {
			isa = PBXNativeTarget;
			buildConfigurationList = 5D8ADF95296DBD6300AA7151 /* Build configuration list for PBXNativeTarget "MathX" */;
			buildPhases = (
				5D8ADF83296DBD6200AA7151 /* Sources */,
				5D8ADF84296DBD6200AA7151 /* Frameworks */,
				5D8ADF85296DBD6200AA7151 /* Resources */,
			);
			buildRules = (
			);
			dependencies = (
			);
			name = MathX;
			productName = MathX;
			productReference = 5D8ADF87296DBD6200AA7151 /* MathX.app */;
			productType = "com.apple.product-type.application";
		};
/* End PBXNativeTarget section */

/* Begin PBXProject section */
		5D8ADF7F296DBD6200AA7151 /* Project object */ = {
			isa = PBXProject;
			attributes = {
				BuildIndependentTargetsInParallel = 1;
				LastSwiftUpdateCheck = 1420;
				LastUpgradeCheck = 1420;
				TargetAttributes = {
					5D8ADF86296DBD6200AA7151 = {
						CreatedOnToolsVersion = 14.2;
					};
				};
			};
			buildConfigurationList = 5D8ADF82296DBD6200AA7151 /* Build configuration list for PBXProject "MathX" */;
			compatibilityVersion = "Xcode 14.0";
			developmentRegion = en;
			hasScannedForEncodings = 0;
			knownRegions = (
				en,
				Base,
			);
			mainGroup = 5D8ADF7E296DBD6200AA7151;
			productRefGroup = 5D8ADF88296DBD6200AA7151 /* Products */;
			projectDirPath = "";
			projectRoot = "";
			targets = (
				5D8ADF86296DBD6200AA7151 /* MathX */,
			);
		};
/* End PBXProject section */

/* Begin PBXResourcesBuildPhase section */
		5D8ADF85296DBD6200AA7151 /* Resources */ = {
			isa = PBXResourcesBuildPhase;
			buildActionMask = 2147483647;
			files = (
				5D8ADF92296DBD6300AA7151 /* Preview Assets.xcassets in Resources */,
				5D8ADF8F296DBD6300AA7151 /* Assets.xcassets in Resources */,
			);
			runOnlyForDeploymentPostprocessing = 0;
		};
/* End PBXResourcesBuildPhase section */

/* Begin PBXSourcesBuildPhase section */
		5D8ADF83296DBD6200AA7151 /* Sources */ = {
			isa = PBXSourcesBuildPhase;
			buildActionMask = 2147483647;
			files = (
				5D8ADF9D296DC0C200AA7151 /* About.swift in Sources */,
				5D8ADF99296DBDF300AA7151 /* Cheatsheet.swift in Sources */,
				5D8ADF8D296DBD6200AA7151 /* ContentView.swift in Sources */,
				5D8ADF8B296DBD6200AA7151 /* MathXApp.swift in Sources */,
				5D8ADF9F296DC27400AA7151 /* Welcome.swift in Sources */,
				5D8ADF9B296DBFC600AA7151 /* Tools.swift in Sources */,
			);
			runOnlyForDeploymentPostprocessing = 0;
		};
/* End PBXSourcesBuildPhase section */

/* Begin XCBuildConfiguration section */
		5D8ADF93296DBD6300AA7151 /* Debug */ = {
			isa = XCBuildConfiguration;
			buildSettings = {
				ALWAYS_SEARCH_USER_PATHS = NO;
				CLANG_ANALYZER_NONNULL = YES;
				CLANG_ANALYZER_NUMBER_OBJECT_CONVERSION = YES_AGGRESSIVE;
				CLANG_CXX_LANGUAGE_STANDARD = "gnu++20";
				CLANG_ENABLE_MODULES = YES;
				CLANG_ENABLE_OBJC_ARC = YES;
				CLANG_ENABLE_OBJC_WEAK = YES;
				CLANG_WARN_BLOCK_CAPTURE_AUTORELEASING = YES;
				CLANG_WARN_BOOL_CONVERSION = YES;
				CLANG_WARN_COMMA = YES;
				CLANG_WARN_CONSTANT_CONVERSION = YES;
				CLANG_WARN_DEPRECATED_OBJC_IMPLEMENTATIONS = YES;
				CLANG_WARN_DIRECT_OBJC_ISA_USAGE = YES_ERROR;
				CLANG_WARN_DOCUMENTATION_COMMENTS = YES;
				CLANG_WARN_EMPTY_BODY = YES;
				CLANG_WARN_ENUM_CONVERSION = YES;
				CLANG_WARN_INFINITE_RECURSION = YES;
				CLANG_WARN_INT_CONVERSION = YES;
				CLANG_WARN_NON_LITERAL_NULL_CONVERSION = YES;
				CLANG_WARN_OBJC_IMPLICIT_RETAIN_SELF = YES;
				CLANG_WARN_OBJC_LITERAL_CONVERSION = YES;
				CLANG_WARN_OBJC_ROOT_CLASS = YES_ERROR;
				CLANG_WARN_QUOTED_INCLUDE_IN_FRAMEWORK_HEADER = YES;
				CLANG_WARN_RANGE_LOOP_ANALYSIS = YES;
				CLANG_WARN_STRICT_PROTOTYPES = YES;
				CLANG_WARN_SUSPICIOUS_MOVE = YES;
				CLANG_WARN_UNGUARDED_AVAILABILITY = YES_AGGRESSIVE;
				CLANG_WARN_UNREACHABLE_CODE = YES;
				CLANG_WARN__DUPLICATE_METHOD_MATCH = YES;
				COPY_PHASE_STRIP = NO;
				DEBUG_INFORMATION_FORMAT = dwarf;
				ENABLE_STRICT_OBJC_MSGSEND = YES;
				ENABLE_TESTABILITY = YES;
				GCC_C_LANGUAGE_STANDARD = gnu11;
				GCC_DYNAMIC_NO_PIC = NO;
				GCC_NO_COMMON_BLOCKS = YES;
				GCC_OPTIMIZATION_LEVEL = 0;
				GCC_PREPROCESSOR_DEFINITIONS = (
					"DEBUG=1",
					"$(inherited)",
				);
				GCC_WARN_64_TO_32_BIT_CONVERSION = YES;
				GCC_WARN_ABOUT_RETURN_TYPE = YES_ERROR;
				GCC_WARN_UNDECLARED_SELECTOR = YES;
				GCC_WARN_UNINITIALIZED_AUTOS = YES_AGGRESSIVE;
				GCC_WARN_UNUSED_FUNCTION = YES;
				GCC_WARN_UNUSED_VARIABLE = YES;
				IPHONEOS_DEPLOYMENT_TARGET = 16.2;
				MTL_ENABLE_DEBUG_INFO = INCLUDE_SOURCE;
				MTL_FAST_MATH = YES;
				ONLY_ACTIVE_ARCH = YES;
				SDKROOT = iphoneos;
				SWIFT_ACTIVE_COMPILATION_CONDITIONS = DEBUG;
				SWIFT_OPTIMIZATION_LEVEL = "-Onone";
			};
			name = Debug;
		};
		5D8ADF94296DBD6300AA7151 /* Release */ = {
			isa = XCBuildConfiguration;
			buildSettings = {
				ALWAYS_SEARCH_USER_PATHS = NO;
				CLANG_ANALYZER_NONNULL = YES;
				CLANG_ANALYZER_NUMBER_OBJECT_CONVERSION = YES_AGGRESSIVE;
				CLANG_CXX_LANGUAGE_STANDARD = "gnu++20";
				CLANG_ENABLE_MODULES = YES;
				CLANG_ENABLE_OBJC_ARC = YES;
				CLANG_ENABLE_OBJC_WEAK = YES;
				CLANG_WARN_BLOCK_CAPTURE_AUTORELEASING = YES;
				CLANG_WARN_BOOL_CONVERSION = YES;
				CLANG_WARN_COMMA = YES;
				CLANG_WARN_CONSTANT_CONVERSION = YES;
				CLANG_WARN_DEPRECATED_OBJC_IMPLEMENTATIONS = YES;
				CLANG_WARN_DIRECT_OBJC_ISA_USAGE = YES_ERROR;
				CLANG_WARN_DOCUMENTATION_COMMENTS = YES;
				CLANG_WARN_EMPTY_BODY = YES;
				CLANG_WARN_ENUM_CONVERSION = YES;
				CLANG_WARN_INFINITE_RECURSION = YES;
				CLANG_WARN_INT_CONVERSION = YES;
				CLANG_WARN_NON_LITERAL_NULL_CONVERSION = YES;
				CLANG_WARN_OBJC_IMPLICIT_RETAIN_SELF = YES;
				CLANG_WARN_OBJC_LITERAL_CONVERSION = YES;
				CLANG_WARN_OBJC_ROOT_CLASS = YES_ERROR;
				CLANG_WARN_QUOTED_INCLUDE_IN_FRAMEWORK_HEADER = YES;
				CLANG_WARN_RANGE_LOOP_ANALYSIS = YES;
				CLANG_WARN_STRICT_PROTOTYPES = YES;
				CLANG_WARN_SUSPICIOUS_MOVE = YES;
				CLANG_WARN_UNGUARDED_AVAILABILITY = YES_AGGRESSIVE;
				CLANG_WARN_UNREACHABLE_CODE = YES;
				CLANG_WARN__DUPLICATE_METHOD_MATCH = YES;
				COPY_PHASE_STRIP = NO;
				DEBUG_INFORMATION_FORMAT = "dwarf-with-dsym";
				ENABLE_NS_ASSERTIONS = NO;
				ENABLE_STRICT_OBJC_MSGSEND = YES;
				GCC_C_LANGUAGE_STANDARD = gnu11;
				GCC_NO_COMMON_BLOCKS = YES;
				GCC_WARN_64_TO_32_BIT_CONVERSION = YES;
				GCC_WARN_ABOUT_RETURN_TYPE = YES_ERROR;
				GCC_WARN_UNDECLARED_SELECTOR = YES;
				GCC_WARN_UNINITIALIZED_AUTOS = YES_AGGRESSIVE;
				GCC_WARN_UNUSED_FUNCTION = YES;
				GCC_WARN_UNUSED_VARIABLE = YES;
				IPHONEOS_DEPLOYMENT_TARGET = 16.2;
				MTL_ENABLE_DEBUG_INFO = NO;
				MTL_FAST_MATH = YES;
				SDKROOT = iphoneos;
				SWIFT_COMPILATION_MODE = wholemodule;
				SWIFT_OPTIMIZATION_LEVEL = "-O";
				VALIDATE_PRODUCT = YES;
			};
			name = Release;
		};
		5D8ADF96296DBD6300AA7151 /* Debug */ = {
			isa = XCBuildConfiguration;
			buildSettings = {
				ASSETCATALOG_COMPILER_APPICON_NAME = AppIcon;
				ASSETCATALOG_COMPILER_GLOBAL_ACCENT_COLOR_NAME = AccentColor;
				CODE_SIGN_STYLE = Automatic;
				CURRENT_PROJECT_VERSION = 1;
				DEVELOPMENT_ASSET_PATHS = "\"MathX/Preview Content\"";
				ENABLE_PREVIEWS = YES;
				GENERATE_INFOPLIST_FILE = YES;
				INFOPLIST_KEY_UIApplicationSceneManifest_Generation = YES;
				INFOPLIST_KEY_UIApplicationSupportsIndirectInputEvents = YES;
				INFOPLIST_KEY_UILaunchScreen_Generation = YES;
				INFOPLIST_KEY_UISupportedInterfaceOrientations_iPad = "UIInterfaceOrientationPortrait UIInterfaceOrientationPortraitUpsideDown UIInterfaceOrientationLandscapeLeft UIInterfaceOrientationLandscapeRight";
				INFOPLIST_KEY_UISupportedInterfaceOrientations_iPhone = "UIInterfaceOrientationPortrait UIInterfaceOrientationLandscapeLeft UIInterfaceOrientationLandscapeRight";
				LD_RUNPATH_SEARCH_PATHS = (
					"$(inherited)",
					"@executable_path/Frameworks",
				);
				MARKETING_VERSION = 1.0;
				PRODUCT_BUNDLE_IDENTIFIER = AJ.MathX;
				PRODUCT_NAME = "$(TARGET_NAME)";
				SWIFT_EMIT_LOC_STRINGS = YES;
				SWIFT_VERSION = 5.0;
				TARGETED_DEVICE_FAMILY = "1,2";
			};
			name = Debug;
		};
		5D8ADF97296DBD6300AA7151 /* Release */ = {
			isa = XCBuildConfiguration;
			buildSettings = {
				ASSETCATALOG_COMPILER_APPICON_NAME = AppIcon;
				ASSETCATALOG_COMPILER_GLOBAL_ACCENT_COLOR_NAME = AccentColor;
				CODE_SIGN_STYLE = Automatic;
				CURRENT_PROJECT_VERSION = 1;
				DEVELOPMENT_ASSET_PATHS = "\"MathX/Preview Content\"";
				ENABLE_PREVIEWS = YES;
				GENERATE_INFOPLIST_FILE = YES;
				INFOPLIST_KEY_UIApplicationSceneManifest_Generation = YES;
				INFOPLIST_KEY_UIApplicationSupportsIndirectInputEvents = YES;
				INFOPLIST_KEY_UILaunchScreen_Generation = YES;
				INFOPLIST_KEY_UISupportedInterfaceOrientations_iPad = "UIInterfaceOrientationPortrait UIInterfaceOrientationPortraitUpsideDown UIInterfaceOrientationLandscapeLeft UIInterfaceOrientationLandscapeRight";
				INFOPLIST_KEY_UISupportedInterfaceOrientations_iPhone = "UIInterfaceOrientationPortrait UIInterfaceOrientationLandscapeLeft UIInterfaceOrientationLandscapeRight";
				LD_RUNPATH_SEARCH_PATHS = (
					"$(inherited)",
					"@executable_path/Frameworks",
				);
				MARKETING_VERSION = 1.0;
				PRODUCT_BUNDLE_IDENTIFIER = AJ.MathX;
				PRODUCT_NAME = "$(TARGET_NAME)";
				SWIFT_EMIT_LOC_STRINGS = YES;
				SWIFT_VERSION = 5.0;
				TARGETED_DEVICE_FAMILY = "1,2";
			};
			name = Release;
		};
/* End XCBuildConfiguration section */

/* Begin XCConfigurationList section */
		5D8ADF82296DBD6200AA7151 /* Build configuration list for PBXProject "MathX" */ = {
			isa = XCConfigurationList;
			buildConfigurations = (
				5D8ADF93296DBD6300AA7151 /* Debug */,
				5D8ADF94296DBD6300AA7151 /* Release */,
			);
			defaultConfigurationIsVisible = 0;
			defaultConfigurationName = Release;
		};
		5D8ADF95296DBD6300AA7151 /* Build configuration list for PBXNativeTarget "MathX" */ = {
			isa = XCConfigurationList;
			buildConfigurations = (
				5D8ADF96296DBD6300AA7151 /* Debug */,
				5D8ADF97296DBD6300AA7151 /* Release */,
			);
			defaultConfigurationIsVisible = 0;
			defaultConfigurationName = Release;
		};
/* End XCConfigurationList section */
	};
	rootObject = 5D8ADF7F296DBD6200AA7151 /* Project object */;
}
