// !$*UTF8*$!
{
	archiveVersion = 1;
	classes = {
	};
	objectVersion = 56;
	objects = {

/* Begin PBXBuildFile section */
		4942F0AF29CAA49E00F85389 /* CalculatorView.swift in Sources */ = {isa = PBXBuildFile; fileRef = 4942F0AE29CAA49E00F85389 /* CalculatorView.swift */; };
		495674C129BD5EEB00EB37DA /* HCFLCM.swift in Sources */ = {isa = PBXBuildFile; fileRef = 495674C029BD5EEB00EB37DA /* HCFLCM.swift */; };
		496462C629F14B1700FAB096 /* UnitConverter.swift in Sources */ = {isa = PBXBuildFile; fileRef = 496462C529F14B1700FAB096 /* UnitConverter.swift */; };
		498C0FD429BEF7E50079503C /* OCRView.swift in Sources */ = {isa = PBXBuildFile; fileRef = 498C0FD329BEF7E50079503C /* OCRView.swift */; };
		49E6CA9929BC845400DD2E02 /* MathX_MobileApp.swift in Sources */ = {isa = PBXBuildFile; fileRef = 49E6CA9829BC845400DD2E02 /* MathX_MobileApp.swift */; };
		49E6CA9B29BC845400DD2E02 /* ContentView.swift in Sources */ = {isa = PBXBuildFile; fileRef = 49E6CA9A29BC845400DD2E02 /* ContentView.swift */; };
		49E6CA9D29BC845700DD2E02 /* Assets.xcassets in Resources */ = {isa = PBXBuildFile; fileRef = 49E6CA9C29BC845700DD2E02 /* Assets.xcassets */; };
		49E6CAA029BC845700DD2E02 /* Preview Assets.xcassets in Resources */ = {isa = PBXBuildFile; fileRef = 49E6CA9F29BC845700DD2E02 /* Preview Assets.xcassets */; };
		49E6CAC329BC84BC00DD2E02 /* HomeView.swift in Sources */ = {isa = PBXBuildFile; fileRef = 49E6CAC229BC84BC00DD2E02 /* HomeView.swift */; };
		49E6CAC529BC84CD00DD2E02 /* ToolsView.swift in Sources */ = {isa = PBXBuildFile; fileRef = 49E6CAC429BC84CD00DD2E02 /* ToolsView.swift */; };
		6A54B94A29CF42510083909A /* extensions.swift in Sources */ = {isa = PBXBuildFile; fileRef = 6A54B94929CF42510083909A /* extensions.swift */; };
		6A60E55A29CAEF7500F9C038 /* firstButtonGroup.swift in Sources */ = {isa = PBXBuildFile; fileRef = 6A60E55929CAEF7500F9C038 /* firstButtonGroup.swift */; };
		6A60E55E29CB17B700F9C038 /* secondButtonGroup.swift in Sources */ = {isa = PBXBuildFile; fileRef = 6A60E55D29CB17B700F9C038 /* secondButtonGroup.swift */; };
		6A60E56029CB1B5600F9C038 /* thirdButtonGroup.swift in Sources */ = {isa = PBXBuildFile; fileRef = 6A60E55F29CB1B5600F9C038 /* thirdButtonGroup.swift */; };
		6A60E56229CB1EF700F9C038 /* subSuperScriptText.swift in Sources */ = {isa = PBXBuildFile; fileRef = 6A60E56129CB1EF700F9C038 /* subSuperScriptText.swift */; };
		6A6196AC2A3EF661000150F6 /* ScreenView.swift in Sources */ = {isa = PBXBuildFile; fileRef = 6A6196AB2A3EF661000150F6 /* ScreenView.swift */; };
		6A6196AE2A3EF68A000150F6 /* SharingScreenView.swift in Sources */ = {isa = PBXBuildFile; fileRef = 6A6196AD2A3EF68A000150F6 /* SharingScreenView.swift */; };
		6A6196B02A3EF6C4000150F6 /* CalculatorModeIndicators.swift in Sources */ = {isa = PBXBuildFile; fileRef = 6A6196AF2A3EF6C4000150F6 /* CalculatorModeIndicators.swift */; };
		6A6196B22A3EF711000150F6 /* ScientificCalculatorView.swift in Sources */ = {isa = PBXBuildFile; fileRef = 6A6196B12A3EF711000150F6 /* ScientificCalculatorView.swift */; };
		6A6196B42A3EF7BA000150F6 /* SimplifiedCalculatorView.swift in Sources */ = {isa = PBXBuildFile; fileRef = 6A6196B32A3EF7BA000150F6 /* SimplifiedCalculatorView.swift */; };
		6A6D3F1329EEA87200265124 /* CheatsheetsView.swift in Sources */ = {isa = PBXBuildFile; fileRef = 6A6D3F1229EEA87200265124 /* CheatsheetsView.swift */; };
		6A6D3F1529EEAE2A00265124 /* NoteManager.swift in Sources */ = {isa = PBXBuildFile; fileRef = 6A6D3F1429EEAE2A00265124 /* NoteManager.swift */; };
		6A6D3F1729EEB5BB00265124 /* FavouritesManager.swift in Sources */ = {isa = PBXBuildFile; fileRef = 6A6D3F1629EEB5BA00265124 /* FavouritesManager.swift */; };
		6A6D3F1929EEBA4500265124 /* FavouritesView.swift in Sources */ = {isa = PBXBuildFile; fileRef = 6A6D3F1829EEBA4500265124 /* FavouritesView.swift */; };
		6A6D3F1B29EECA4500265124 /* SimplifiedCalculatorButtonGroup.swift in Sources */ = {isa = PBXBuildFile; fileRef = 6A6D3F1A29EECA4500265124 /* SimplifiedCalculatorButtonGroup.swift */; };
		6A6D3F1E29EF748D00265124 /* NotesView.swift in Sources */ = {isa = PBXBuildFile; fileRef = 6A6D3F1D29EF748D00265124 /* NotesView.swift */; };
		6A6D3F2029EF75B300265124 /* addNewNoteView.swift in Sources */ = {isa = PBXBuildFile; fileRef = 6A6D3F1F29EF75B300265124 /* addNewNoteView.swift */; };
		6A6D3F2229EF75E200265124 /* noteContentView.swift in Sources */ = {isa = PBXBuildFile; fileRef = 6A6D3F2129EF75E200265124 /* noteContentView.swift */; };
		6A6D3F2429EF94F700265124 /* PDFView.swift in Sources */ = {isa = PBXBuildFile; fileRef = 6A6D3F2329EF94F700265124 /* PDFView.swift */; };
		6A6D3F2B29EFC9BB00265124 /* mathEquationFAQ.swift in Sources */ = {isa = PBXBuildFile; fileRef = 6A6D3F2A29EFC9BB00265124 /* mathEquationFAQ.swift */; };
		6A6D3F2F29F017AE00265124 /* PythagorasCalc.swift in Sources */ = {isa = PBXBuildFile; fileRef = 6A6D3F2E29F017AE00265124 /* PythagorasCalc.swift */; };
		6A6D3F3129F025E300265124 /* LinearQuadEquationCalc.swift in Sources */ = {isa = PBXBuildFile; fileRef = 6A6D3F3029F025E300265124 /* LinearQuadEquationCalc.swift */; };
		6A6D3F3329F0388300265124 /* GrapherView.swift in Sources */ = {isa = PBXBuildFile; fileRef = 6A6D3F3229F0388300265124 /* GrapherView.swift */; };
		6A78917129F64FC4006D1F26 /* ShapesCalc.swift in Sources */ = {isa = PBXBuildFile; fileRef = 6A78917029F64FC4006D1F26 /* ShapesCalc.swift */; };
		6A89A13729C996F90007D0C1 /* WelcomeView.swift in Sources */ = {isa = PBXBuildFile; fileRef = 6A89A13629C996F90007D0C1 /* WelcomeView.swift */; };
		6ABC063B29F0D97100FE97A3 /* SetsCalc.swift in Sources */ = {isa = PBXBuildFile; fileRef = 6ABC063A29F0D97100FE97A3 /* SetsCalc.swift */; };
		6ABC063D29F1166300FE97A3 /* TrigoCalc.swift in Sources */ = {isa = PBXBuildFile; fileRef = 6ABC063C29F1166300FE97A3 /* TrigoCalc.swift */; };
		6ABC063F29F126A500FE97A3 /* RandView.swift in Sources */ = {isa = PBXBuildFile; fileRef = 6ABC063E29F126A500FE97A3 /* RandView.swift */; };
		6ABC06D729F18E4E00FE97A3 /* CalculationHistoryManager.swift in Sources */ = {isa = PBXBuildFile; fileRef = 6ABC06D629F18E4E00FE97A3 /* CalculationHistoryManager.swift */; };
		6ABC06D929F1912800FE97A3 /* CalculationHistoryView.swift in Sources */ = {isa = PBXBuildFile; fileRef = 6ABC06D829F1912800FE97A3 /* CalculationHistoryView.swift */; };
		6AD2F9CC2A0644E1001D6C64 /* BinaryConverter.swift in Sources */ = {isa = PBXBuildFile; fileRef = 6AD2F9CB2A0644E1001D6C64 /* BinaryConverter.swift */; };
		6AF54D2E29F9173E00722548 /* AverageCalc.swift in Sources */ = {isa = PBXBuildFile; fileRef = 6AF54D2D29F9173E00722548 /* AverageCalc.swift */; };
		6AFEDBD12A3F01780070A5F1 /* LaTeXSwiftUI in Frameworks */ = {isa = PBXBuildFile; productRef = 6AFEDBD02A3F01780070A5F1 /* LaTeXSwiftUI */; };
		6AFEDBD42A3F01840070A5F1 /* MathExpression in Frameworks */ = {isa = PBXBuildFile; productRef = 6AFEDBD32A3F01840070A5F1 /* MathExpression */; };
		F351F73A2A440C0400F19E90 /* ReceivedNotePopUp.swift in Sources */ = {isa = PBXBuildFile; fileRef = F351F7392A440C0400F19E90 /* ReceivedNotePopUp.swift */; };
		F39565092A4331DE00A901C0 /* MarkdownUI in Frameworks */ = {isa = PBXBuildFile; productRef = F39565082A4331DE00A901C0 /* MarkdownUI */; };
		F39565282A43558C00A901C0 /* Number Sequences.pdf in Resources */ = {isa = PBXBuildFile; fileRef = F395650A2A43558B00A901C0 /* Number Sequences.pdf */; };
		F39565292A43558C00A901C0 /* Indices.pdf in Resources */ = {isa = PBXBuildFile; fileRef = F395650B2A43558B00A901C0 /* Indices.pdf */; };
		F395652A2A43558C00A901C0 /* Polygons.pdf in Resources */ = {isa = PBXBuildFile; fileRef = F395650C2A43558B00A901C0 /* Polygons.pdf */; };
		F395652B2A43558C00A901C0 /* Functions and Graphs.pdf in Resources */ = {isa = PBXBuildFile; fileRef = F395650D2A43558B00A901C0 /* Functions and Graphs.pdf */; };
		F395652C2A43558C00A901C0 /* Basic Geometry.pdf in Resources */ = {isa = PBXBuildFile; fileRef = F395650E2A43558B00A901C0 /* Basic Geometry.pdf */; };
		F395652D2A43558C00A901C0 /* Similarity and Congruence Part 1.pdf in Resources */ = {isa = PBXBuildFile; fileRef = F395650F2A43558B00A901C0 /* Similarity and Congruence Part 1.pdf */; };
		F395652E2A43558C00A901C0 /* Polynomials and Partial Fractions.pdf in Resources */ = {isa = PBXBuildFile; fileRef = F39565102A43558B00A901C0 /* Polynomials and Partial Fractions.pdf */; };
		F395652F2A43558C00A901C0 /* Direct and Inverse Proportions.pdf in Resources */ = {isa = PBXBuildFile; fileRef = F39565112A43558B00A901C0 /* Direct and Inverse Proportions.pdf */; };
		F39565302A43558C00A901C0 /* LightCuboid.scn in Resources */ = {isa = PBXBuildFile; fileRef = F39565122A43558B00A901C0 /* LightCuboid.scn */; };
		F39565312A43558C00A901C0 /* Surds.pdf in Resources */ = {isa = PBXBuildFile; fileRef = F39565132A43558C00A901C0 /* Surds.pdf */; };
		F39565322A43558C00A901C0 /* Percentages.pdf in Resources */ = {isa = PBXBuildFile; fileRef = F39565142A43558C00A901C0 /* Percentages.pdf */; };
		F39565332A43558C00A901C0 /* Pythagoras Theorem.pdf in Resources */ = {isa = PBXBuildFile; fileRef = F39565152A43558C00A901C0 /* Pythagoras Theorem.pdf */; };
		F39565342A43558C00A901C0 /* DarkCuboid.scn in Resources */ = {isa = PBXBuildFile; fileRef = F39565162A43558C00A901C0 /* DarkCuboid.scn */; };
		F39565352A43558C00A901C0 /* Trigonometric Ratios.pdf in Resources */ = {isa = PBXBuildFile; fileRef = F39565172A43558C00A901C0 /* Trigonometric Ratios.pdf */; };
		F39565362A43558C00A901C0 /* Futher Coordinate Geometry.pdf in Resources */ = {isa = PBXBuildFile; fileRef = F39565182A43558C00A901C0 /* Futher Coordinate Geometry.pdf */; };
		F39565372A43558C00A901C0 /* Ratio and Proportion.pdf in Resources */ = {isa = PBXBuildFile; fileRef = F39565192A43558C00A901C0 /* Ratio and Proportion.pdf */; };
		F39565382A43558C00A901C0 /* Quadratic Funcations, Equations, and Inequalities.pdf in Resources */ = {isa = PBXBuildFile; fileRef = F395651A2A43558C00A901C0 /* Quadratic Funcations, Equations, and Inequalities.pdf */; };
		F39565392A43558C00A901C0 /* Geometrical Properties of Circles.pdf in Resources */ = {isa = PBXBuildFile; fileRef = F395651B2A43558C00A901C0 /* Geometrical Properties of Circles.pdf */; };
		F395653A2A43558C00A901C0 /* Basic Algebra and Algebraic Manipulation.pdf in Resources */ = {isa = PBXBuildFile; fileRef = F395651C2A43558C00A901C0 /* Basic Algebra and Algebraic Manipulation.pdf */; };
		F395653B2A43558C00A901C0 /* Numbers and Their Operations Part 2.pdf in Resources */ = {isa = PBXBuildFile; fileRef = F395651D2A43558C00A901C0 /* Numbers and Their Operations Part 2.pdf */; };
		F395653C2A43558C00A901C0 /* Functions and Linear Graphs.pdf in Resources */ = {isa = PBXBuildFile; fileRef = F395651E2A43558C00A901C0 /* Functions and Linear Graphs.pdf */; };
		F395653D2A43558C00A901C0 /* Linear Law.pdf in Resources */ = {isa = PBXBuildFile; fileRef = F395651F2A43558C00A901C0 /* Linear Law.pdf */; };
		F395653E2A43558C00A901C0 /* Exponentials and Logarithms.pdf in Resources */ = {isa = PBXBuildFile; fileRef = F39565202A43558C00A901C0 /* Exponentials and Logarithms.pdf */; };
		F395653F2A43558C00A901C0 /* Numbers and Their Operations Part 1.pdf in Resources */ = {isa = PBXBuildFile; fileRef = F39565212A43558C00A901C0 /* Numbers and Their Operations Part 1.pdf */; };
		F39565402A43558C00A901C0 /* DarkPyramid.scn in Resources */ = {isa = PBXBuildFile; fileRef = F39565222A43558C00A901C0 /* DarkPyramid.scn */; };
		F39565412A43558C00A901C0 /* Linear Equations and Inequalities.pdf in Resources */ = {isa = PBXBuildFile; fileRef = F39565232A43558C00A901C0 /* Linear Equations and Inequalities.pdf */; };
		F39565422A43558C00A901C0 /* LightPyramid.scn in Resources */ = {isa = PBXBuildFile; fileRef = F39565242A43558C00A901C0 /* LightPyramid.scn */; };
		F39565432A43558C00A901C0 /* Similarity and Congruence Part 2.pdf in Resources */ = {isa = PBXBuildFile; fileRef = F39565252A43558C00A901C0 /* Similarity and Congruence Part 2.pdf */; };
		F39565442A43558C00A901C0 /* Coordinate Geometry.pdf in Resources */ = {isa = PBXBuildFile; fileRef = F39565262A43558C00A901C0 /* Coordinate Geometry.pdf */; };
		F39565452A43558C00A901C0 /* Geometrical Construction.pdf in Resources */ = {isa = PBXBuildFile; fileRef = F39565272A43558C00A901C0 /* Geometrical Construction.pdf */; };
/* End PBXBuildFile section */

/* Begin PBXFileReference section */
		4942F0AE29CAA49E00F85389 /* CalculatorView.swift */ = {isa = PBXFileReference; lastKnownFileType = sourcecode.swift; path = CalculatorView.swift; sourceTree = "<group>"; };
		495674C029BD5EEB00EB37DA /* HCFLCM.swift */ = {isa = PBXFileReference; lastKnownFileType = sourcecode.swift; path = HCFLCM.swift; sourceTree = "<group>"; };
		496462C529F14B1700FAB096 /* UnitConverter.swift */ = {isa = PBXFileReference; lastKnownFileType = sourcecode.swift; path = UnitConverter.swift; sourceTree = "<group>"; };
		498C0FD329BEF7E50079503C /* OCRView.swift */ = {isa = PBXFileReference; lastKnownFileType = sourcecode.swift; path = OCRView.swift; sourceTree = "<group>"; };
		49E6CA9529BC845400DD2E02 /* MathX_Mobile.app */ = {isa = PBXFileReference; explicitFileType = wrapper.application; includeInIndex = 0; path = MathX_Mobile.app; sourceTree = BUILT_PRODUCTS_DIR; };
		49E6CA9829BC845400DD2E02 /* MathX_MobileApp.swift */ = {isa = PBXFileReference; lastKnownFileType = sourcecode.swift; path = MathX_MobileApp.swift; sourceTree = "<group>"; };
		49E6CA9A29BC845400DD2E02 /* ContentView.swift */ = {isa = PBXFileReference; lastKnownFileType = sourcecode.swift; path = ContentView.swift; sourceTree = "<group>"; };
		49E6CA9C29BC845700DD2E02 /* Assets.xcassets */ = {isa = PBXFileReference; lastKnownFileType = folder.assetcatalog; path = Assets.xcassets; sourceTree = "<group>"; };
		49E6CA9F29BC845700DD2E02 /* Preview Assets.xcassets */ = {isa = PBXFileReference; lastKnownFileType = folder.assetcatalog; path = "Preview Assets.xcassets"; sourceTree = "<group>"; };
		49E6CAC229BC84BC00DD2E02 /* HomeView.swift */ = {isa = PBXFileReference; lastKnownFileType = sourcecode.swift; path = HomeView.swift; sourceTree = "<group>"; };
		49E6CAC429BC84CD00DD2E02 /* ToolsView.swift */ = {isa = PBXFileReference; lastKnownFileType = sourcecode.swift; path = ToolsView.swift; sourceTree = "<group>"; };
		6A54B94929CF42510083909A /* extensions.swift */ = {isa = PBXFileReference; lastKnownFileType = sourcecode.swift; path = extensions.swift; sourceTree = "<group>"; };
		6A60E55929CAEF7500F9C038 /* firstButtonGroup.swift */ = {isa = PBXFileReference; lastKnownFileType = sourcecode.swift; path = firstButtonGroup.swift; sourceTree = "<group>"; };
		6A60E55D29CB17B700F9C038 /* secondButtonGroup.swift */ = {isa = PBXFileReference; lastKnownFileType = sourcecode.swift; path = secondButtonGroup.swift; sourceTree = "<group>"; };
		6A60E55F29CB1B5600F9C038 /* thirdButtonGroup.swift */ = {isa = PBXFileReference; lastKnownFileType = sourcecode.swift; path = thirdButtonGroup.swift; sourceTree = "<group>"; };
		6A60E56129CB1EF700F9C038 /* subSuperScriptText.swift */ = {isa = PBXFileReference; lastKnownFileType = sourcecode.swift; path = subSuperScriptText.swift; sourceTree = "<group>"; };
		6A6196AB2A3EF661000150F6 /* ScreenView.swift */ = {isa = PBXFileReference; lastKnownFileType = sourcecode.swift; path = ScreenView.swift; sourceTree = "<group>"; };
		6A6196AD2A3EF68A000150F6 /* SharingScreenView.swift */ = {isa = PBXFileReference; lastKnownFileType = sourcecode.swift; path = SharingScreenView.swift; sourceTree = "<group>"; };
		6A6196AF2A3EF6C4000150F6 /* CalculatorModeIndicators.swift */ = {isa = PBXFileReference; lastKnownFileType = sourcecode.swift; path = CalculatorModeIndicators.swift; sourceTree = "<group>"; };
		6A6196B12A3EF711000150F6 /* ScientificCalculatorView.swift */ = {isa = PBXFileReference; lastKnownFileType = sourcecode.swift; path = ScientificCalculatorView.swift; sourceTree = "<group>"; };
		6A6196B32A3EF7BA000150F6 /* SimplifiedCalculatorView.swift */ = {isa = PBXFileReference; lastKnownFileType = sourcecode.swift; path = SimplifiedCalculatorView.swift; sourceTree = "<group>"; };
		6A6D3F1229EEA87200265124 /* CheatsheetsView.swift */ = {isa = PBXFileReference; lastKnownFileType = sourcecode.swift; path = CheatsheetsView.swift; sourceTree = "<group>"; };
		6A6D3F1429EEAE2A00265124 /* NoteManager.swift */ = {isa = PBXFileReference; lastKnownFileType = sourcecode.swift; path = NoteManager.swift; sourceTree = "<group>"; };
		6A6D3F1629EEB5BA00265124 /* FavouritesManager.swift */ = {isa = PBXFileReference; lastKnownFileType = sourcecode.swift; path = FavouritesManager.swift; sourceTree = "<group>"; };
		6A6D3F1829EEBA4500265124 /* FavouritesView.swift */ = {isa = PBXFileReference; lastKnownFileType = sourcecode.swift; path = FavouritesView.swift; sourceTree = "<group>"; };
		6A6D3F1A29EECA4500265124 /* SimplifiedCalculatorButtonGroup.swift */ = {isa = PBXFileReference; lastKnownFileType = sourcecode.swift; path = SimplifiedCalculatorButtonGroup.swift; sourceTree = "<group>"; };
		6A6D3F1D29EF748D00265124 /* NotesView.swift */ = {isa = PBXFileReference; lastKnownFileType = sourcecode.swift; path = NotesView.swift; sourceTree = "<group>"; };
		6A6D3F1F29EF75B300265124 /* addNewNoteView.swift */ = {isa = PBXFileReference; lastKnownFileType = sourcecode.swift; path = addNewNoteView.swift; sourceTree = "<group>"; };
		6A6D3F2129EF75E200265124 /* noteContentView.swift */ = {isa = PBXFileReference; lastKnownFileType = sourcecode.swift; path = noteContentView.swift; sourceTree = "<group>"; };
		6A6D3F2329EF94F700265124 /* PDFView.swift */ = {isa = PBXFileReference; lastKnownFileType = sourcecode.swift; path = PDFView.swift; sourceTree = "<group>"; };
		6A6D3F2A29EFC9BB00265124 /* mathEquationFAQ.swift */ = {isa = PBXFileReference; lastKnownFileType = sourcecode.swift; path = mathEquationFAQ.swift; sourceTree = "<group>"; };
		6A6D3F2E29F017AE00265124 /* PythagorasCalc.swift */ = {isa = PBXFileReference; lastKnownFileType = sourcecode.swift; path = PythagorasCalc.swift; sourceTree = "<group>"; };
		6A6D3F3029F025E300265124 /* LinearQuadEquationCalc.swift */ = {isa = PBXFileReference; lastKnownFileType = sourcecode.swift; path = LinearQuadEquationCalc.swift; sourceTree = "<group>"; };
		6A6D3F3229F0388300265124 /* GrapherView.swift */ = {isa = PBXFileReference; lastKnownFileType = sourcecode.swift; path = GrapherView.swift; sourceTree = "<group>"; };
		6A78917029F64FC4006D1F26 /* ShapesCalc.swift */ = {isa = PBXFileReference; lastKnownFileType = sourcecode.swift; path = ShapesCalc.swift; sourceTree = "<group>"; };
		6A89A13629C996F90007D0C1 /* WelcomeView.swift */ = {isa = PBXFileReference; lastKnownFileType = sourcecode.swift; path = WelcomeView.swift; sourceTree = "<group>"; };
		6ABC063A29F0D97100FE97A3 /* SetsCalc.swift */ = {isa = PBXFileReference; lastKnownFileType = sourcecode.swift; path = SetsCalc.swift; sourceTree = "<group>"; };
		6ABC063C29F1166300FE97A3 /* TrigoCalc.swift */ = {isa = PBXFileReference; lastKnownFileType = sourcecode.swift; path = TrigoCalc.swift; sourceTree = "<group>"; };
		6ABC063E29F126A500FE97A3 /* RandView.swift */ = {isa = PBXFileReference; lastKnownFileType = sourcecode.swift; path = RandView.swift; sourceTree = "<group>"; };
		6ABC06D629F18E4E00FE97A3 /* CalculationHistoryManager.swift */ = {isa = PBXFileReference; lastKnownFileType = sourcecode.swift; path = CalculationHistoryManager.swift; sourceTree = "<group>"; };
		6ABC06D829F1912800FE97A3 /* CalculationHistoryView.swift */ = {isa = PBXFileReference; lastKnownFileType = sourcecode.swift; path = CalculationHistoryView.swift; sourceTree = "<group>"; };
		6AD2F9CB2A0644E1001D6C64 /* BinaryConverter.swift */ = {isa = PBXFileReference; lastKnownFileType = sourcecode.swift; path = BinaryConverter.swift; sourceTree = "<group>"; };
		6AE20F2329D0387100709B9F /* MathX-Mobile-Info.plist */ = {isa = PBXFileReference; lastKnownFileType = text.plist.xml; name = "MathX-Mobile-Info.plist"; path = "MathX_Mobile/Preview Content/MathX-Mobile-Info.plist"; sourceTree = SOURCE_ROOT; };
		6AF54D2D29F9173E00722548 /* AverageCalc.swift */ = {isa = PBXFileReference; lastKnownFileType = sourcecode.swift; path = AverageCalc.swift; sourceTree = "<group>"; };
		F351F7392A440C0400F19E90 /* ReceivedNotePopUp.swift */ = {isa = PBXFileReference; lastKnownFileType = sourcecode.swift; path = ReceivedNotePopUp.swift; sourceTree = "<group>"; };
		F395650A2A43558B00A901C0 /* Number Sequences.pdf */ = {isa = PBXFileReference; lastKnownFileType = image.pdf; path = "Number Sequences.pdf"; sourceTree = "<group>"; };
		F395650B2A43558B00A901C0 /* Indices.pdf */ = {isa = PBXFileReference; lastKnownFileType = image.pdf; path = Indices.pdf; sourceTree = "<group>"; };
		F395650C2A43558B00A901C0 /* Polygons.pdf */ = {isa = PBXFileReference; lastKnownFileType = image.pdf; path = Polygons.pdf; sourceTree = "<group>"; };
		F395650D2A43558B00A901C0 /* Functions and Graphs.pdf */ = {isa = PBXFileReference; lastKnownFileType = image.pdf; path = "Functions and Graphs.pdf"; sourceTree = "<group>"; };
		F395650E2A43558B00A901C0 /* Basic Geometry.pdf */ = {isa = PBXFileReference; lastKnownFileType = image.pdf; path = "Basic Geometry.pdf"; sourceTree = "<group>"; };
		F395650F2A43558B00A901C0 /* Similarity and Congruence Part 1.pdf */ = {isa = PBXFileReference; lastKnownFileType = image.pdf; path = "Similarity and Congruence Part 1.pdf"; sourceTree = "<group>"; };
		F39565102A43558B00A901C0 /* Polynomials and Partial Fractions.pdf */ = {isa = PBXFileReference; lastKnownFileType = image.pdf; path = "Polynomials and Partial Fractions.pdf"; sourceTree = "<group>"; };
		F39565112A43558B00A901C0 /* Direct and Inverse Proportions.pdf */ = {isa = PBXFileReference; lastKnownFileType = image.pdf; path = "Direct and Inverse Proportions.pdf"; sourceTree = "<group>"; };
		F39565122A43558B00A901C0 /* LightCuboid.scn */ = {isa = PBXFileReference; lastKnownFileType = file.bplist; path = LightCuboid.scn; sourceTree = "<group>"; };
		F39565132A43558C00A901C0 /* Surds.pdf */ = {isa = PBXFileReference; lastKnownFileType = image.pdf; path = Surds.pdf; sourceTree = "<group>"; };
		F39565142A43558C00A901C0 /* Percentages.pdf */ = {isa = PBXFileReference; lastKnownFileType = image.pdf; path = Percentages.pdf; sourceTree = "<group>"; };
		F39565152A43558C00A901C0 /* Pythagoras Theorem.pdf */ = {isa = PBXFileReference; lastKnownFileType = image.pdf; path = "Pythagoras Theorem.pdf"; sourceTree = "<group>"; };
		F39565162A43558C00A901C0 /* DarkCuboid.scn */ = {isa = PBXFileReference; lastKnownFileType = file.bplist; path = DarkCuboid.scn; sourceTree = "<group>"; };
		F39565172A43558C00A901C0 /* Trigonometric Ratios.pdf */ = {isa = PBXFileReference; lastKnownFileType = image.pdf; path = "Trigonometric Ratios.pdf"; sourceTree = "<group>"; };
		F39565182A43558C00A901C0 /* Futher Coordinate Geometry.pdf */ = {isa = PBXFileReference; lastKnownFileType = image.pdf; path = "Futher Coordinate Geometry.pdf"; sourceTree = "<group>"; };
		F39565192A43558C00A901C0 /* Ratio and Proportion.pdf */ = {isa = PBXFileReference; lastKnownFileType = image.pdf; path = "Ratio and Proportion.pdf"; sourceTree = "<group>"; };
		F395651A2A43558C00A901C0 /* Quadratic Funcations, Equations, and Inequalities.pdf */ = {isa = PBXFileReference; lastKnownFileType = image.pdf; path = "Quadratic Funcations, Equations, and Inequalities.pdf"; sourceTree = "<group>"; };
		F395651B2A43558C00A901C0 /* Geometrical Properties of Circles.pdf */ = {isa = PBXFileReference; lastKnownFileType = image.pdf; path = "Geometrical Properties of Circles.pdf"; sourceTree = "<group>"; };
		F395651C2A43558C00A901C0 /* Basic Algebra and Algebraic Manipulation.pdf */ = {isa = PBXFileReference; lastKnownFileType = image.pdf; path = "Basic Algebra and Algebraic Manipulation.pdf"; sourceTree = "<group>"; };
		F395651D2A43558C00A901C0 /* Numbers and Their Operations Part 2.pdf */ = {isa = PBXFileReference; lastKnownFileType = image.pdf; path = "Numbers and Their Operations Part 2.pdf"; sourceTree = "<group>"; };
		F395651E2A43558C00A901C0 /* Functions and Linear Graphs.pdf */ = {isa = PBXFileReference; lastKnownFileType = image.pdf; path = "Functions and Linear Graphs.pdf"; sourceTree = "<group>"; };
		F395651F2A43558C00A901C0 /* Linear Law.pdf */ = {isa = PBXFileReference; lastKnownFileType = image.pdf; path = "Linear Law.pdf"; sourceTree = "<group>"; };
		F39565202A43558C00A901C0 /* Exponentials and Logarithms.pdf */ = {isa = PBXFileReference; lastKnownFileType = image.pdf; path = "Exponentials and Logarithms.pdf"; sourceTree = "<group>"; };
		F39565212A43558C00A901C0 /* Numbers and Their Operations Part 1.pdf */ = {isa = PBXFileReference; lastKnownFileType = image.pdf; path = "Numbers and Their Operations Part 1.pdf"; sourceTree = "<group>"; };
		F39565222A43558C00A901C0 /* DarkPyramid.scn */ = {isa = PBXFileReference; lastKnownFileType = file.bplist; path = DarkPyramid.scn; sourceTree = "<group>"; };
		F39565232A43558C00A901C0 /* Linear Equations and Inequalities.pdf */ = {isa = PBXFileReference; lastKnownFileType = image.pdf; path = "Linear Equations and Inequalities.pdf"; sourceTree = "<group>"; };
		F39565242A43558C00A901C0 /* LightPyramid.scn */ = {isa = PBXFileReference; lastKnownFileType = file.bplist; path = LightPyramid.scn; sourceTree = "<group>"; };
		F39565252A43558C00A901C0 /* Similarity and Congruence Part 2.pdf */ = {isa = PBXFileReference; lastKnownFileType = image.pdf; path = "Similarity and Congruence Part 2.pdf"; sourceTree = "<group>"; };
		F39565262A43558C00A901C0 /* Coordinate Geometry.pdf */ = {isa = PBXFileReference; lastKnownFileType = image.pdf; path = "Coordinate Geometry.pdf"; sourceTree = "<group>"; };
		F39565272A43558C00A901C0 /* Geometrical Construction.pdf */ = {isa = PBXFileReference; lastKnownFileType = image.pdf; path = "Geometrical Construction.pdf"; sourceTree = "<group>"; };
/* End PBXFileReference section */

/* Begin PBXFrameworksBuildPhase section */
		49E6CA9229BC845400DD2E02 /* Frameworks */ = {
			isa = PBXFrameworksBuildPhase;
			buildActionMask = 2147483647;
			files = (
				F39565092A4331DE00A901C0 /* MarkdownUI in Frameworks */,
				6AFEDBD42A3F01840070A5F1 /* MathExpression in Frameworks */,
				6AFEDBD12A3F01780070A5F1 /* LaTeXSwiftUI in Frameworks */,
			);
			runOnlyForDeploymentPostprocessing = 0;
		};
/* End PBXFrameworksBuildPhase section */

/* Begin PBXGroup section */
		49DD1A4329CB41E10040BA0D /* Tools */ = {
			isa = PBXGroup;
			children = (
				49E6CAC429BC84CD00DD2E02 /* ToolsView.swift */,
				6A1941192A2B7F3E001B3A29 /* Calculators */,
				6A19411A2A2B7F49001B3A29 /* Grapher */,
				6A19411B2A2B7F53001B3A29 /* Randomise */,
				6A19411D2A2B7F84001B3A29 /* Converters */,
				498C0FD329BEF7E50079503C /* OCRView.swift */,
			);
			path = Tools;
			sourceTree = "<group>";
		};
		49E6CA8C29BC845400DD2E02 = {
			isa = PBXGroup;
			children = (
				49E6CA9729BC845400DD2E02 /* MathX_Mobile */,
				49E6CA9629BC845400DD2E02 /* Products */,
			);
			sourceTree = "<group>";
		};
		49E6CA9629BC845400DD2E02 /* Products */ = {
			isa = PBXGroup;
			children = (
				49E6CA9529BC845400DD2E02 /* MathX_Mobile.app */,
			);
			name = Products;
			sourceTree = "<group>";
		};
		49E6CA9729BC845400DD2E02 /* MathX_Mobile */ = {
			isa = PBXGroup;
			children = (
				F3BE6A872A5CF355005796D9 /* PDFs */,
				6A1941152A2B7B5B001B3A29 /* Application */,
				6A60E56329CB1F0300F9C038 /* Extensions */,
				6A1941172A2B7BA0001B3A29 /* Managers */,
				6A1941162A2B7B70001B3A29 /* UI */,
				49E6CA9E29BC845700DD2E02 /* Preview Content */,
			);
			path = MathX_Mobile;
			sourceTree = "<group>";
		};
		49E6CA9E29BC845700DD2E02 /* Preview Content */ = {
			isa = PBXGroup;
			children = (
				F39565162A43558C00A901C0 /* DarkCuboid.scn */,
				F39565222A43558C00A901C0 /* DarkPyramid.scn */,
				F39565122A43558B00A901C0 /* LightCuboid.scn */,
				F39565242A43558C00A901C0 /* LightPyramid.scn */,
				6AE20F2329D0387100709B9F /* MathX-Mobile-Info.plist */,
				49E6CA9F29BC845700DD2E02 /* Preview Assets.xcassets */,
			);
			path = "Preview Content";
			sourceTree = "<group>";
		};
		6A1941152A2B7B5B001B3A29 /* Application */ = {
			isa = PBXGroup;
			children = (
				49E6CA9829BC845400DD2E02 /* MathX_MobileApp.swift */,
				49E6CA9A29BC845400DD2E02 /* ContentView.swift */,
				49E6CA9C29BC845700DD2E02 /* Assets.xcassets */,
			);
			path = Application;
			sourceTree = "<group>";
		};
		6A1941162A2B7B70001B3A29 /* UI */ = {
			isa = PBXGroup;
			children = (
				6A1941182A2B7BD1001B3A29 /* Main */,
				6A6196A52A3EF5DA000150F6 /* Mathematical Calculator */,
				6A6D3F1C29EF741600265124 /* Cheatsheets */,
				6A6D3F1129EEA86200265124 /* Notes */,
				49DD1A4329CB41E10040BA0D /* Tools */,
			);
			path = UI;
			sourceTree = "<group>";
		};
		6A1941172A2B7BA0001B3A29 /* Managers */ = {
			isa = PBXGroup;
			children = (
				6A6D3F1429EEAE2A00265124 /* NoteManager.swift */,
				6ABC06D629F18E4E00FE97A3 /* CalculationHistoryManager.swift */,
				6A6D3F1629EEB5BA00265124 /* FavouritesManager.swift */,
			);
			path = Managers;
			sourceTree = "<group>";
		};
		6A1941182A2B7BD1001B3A29 /* Main */ = {
			isa = PBXGroup;
			children = (
				6A89A13629C996F90007D0C1 /* WelcomeView.swift */,
				49E6CAC229BC84BC00DD2E02 /* HomeView.swift */,
			);
			path = Main;
			sourceTree = "<group>";
		};
		6A1941192A2B7F3E001B3A29 /* Calculators */ = {
			isa = PBXGroup;
			children = (
				6AF54D2D29F9173E00722548 /* AverageCalc.swift */,
				6A78917029F64FC4006D1F26 /* ShapesCalc.swift */,
				6A6D3F2E29F017AE00265124 /* PythagorasCalc.swift */,
				6ABC063C29F1166300FE97A3 /* TrigoCalc.swift */,
				6ABC063A29F0D97100FE97A3 /* SetsCalc.swift */,
				6A6D3F3029F025E300265124 /* LinearQuadEquationCalc.swift */,
				495674C029BD5EEB00EB37DA /* HCFLCM.swift */,
			);
			path = Calculators;
			sourceTree = "<group>";
		};
		6A19411A2A2B7F49001B3A29 /* Grapher */ = {
			isa = PBXGroup;
			children = (
				6A6D3F3229F0388300265124 /* GrapherView.swift */,
			);
			path = Grapher;
			sourceTree = "<group>";
		};
		6A19411B2A2B7F53001B3A29 /* Randomise */ = {
			isa = PBXGroup;
			children = (
				6ABC063E29F126A500FE97A3 /* RandView.swift */,
			);
			path = Randomise;
			sourceTree = "<group>";
		};
		6A19411D2A2B7F84001B3A29 /* Converters */ = {
			isa = PBXGroup;
			children = (
				496462C529F14B1700FAB096 /* UnitConverter.swift */,
				6AD2F9CB2A0644E1001D6C64 /* BinaryConverter.swift */,
			);
			path = Converters;
			sourceTree = "<group>";
		};
		6A60E55B29CAEFE000F9C038 /* Scientific Calculator */ = {
			isa = PBXGroup;
			children = (
				6A60E55C29CAEFF200F9C038 /* Button Groups */,
				6A6196B12A3EF711000150F6 /* ScientificCalculatorView.swift */,
			);
			path = "Scientific Calculator";
			sourceTree = "<group>";
		};
		6A60E55C29CAEFF200F9C038 /* Button Groups */ = {
			isa = PBXGroup;
			children = (
				6A60E55929CAEF7500F9C038 /* firstButtonGroup.swift */,
				6A60E55D29CB17B700F9C038 /* secondButtonGroup.swift */,
				6A60E55F29CB1B5600F9C038 /* thirdButtonGroup.swift */,
			);
			path = "Button Groups";
			sourceTree = "<group>";
		};
		6A60E56329CB1F0300F9C038 /* Extensions */ = {
			isa = PBXGroup;
			children = (
				6A54B94929CF42510083909A /* extensions.swift */,
				6A60E56129CB1EF700F9C038 /* subSuperScriptText.swift */,
			);
			path = Extensions;
			sourceTree = "<group>";
		};
		6A6196A52A3EF5DA000150F6 /* Mathematical Calculator */ = {
			isa = PBXGroup;
			children = (
				4942F0AE29CAA49E00F85389 /* CalculatorView.swift */,
				6A6196A82A3EF63D000150F6 /* Screens */,
				6A6196A62A3EF5E7000150F6 /* Simplified Calculator */,
				6A60E55B29CAEFE000F9C038 /* Scientific Calculator */,
				6A6196AF2A3EF6C4000150F6 /* CalculatorModeIndicators.swift */,
				6ABC06D829F1912800FE97A3 /* CalculationHistoryView.swift */,
			);
			path = "Mathematical Calculator";
			sourceTree = "<group>";
		};
		6A6196A62A3EF5E7000150F6 /* Simplified Calculator */ = {
			isa = PBXGroup;
			children = (
				6A6196A72A3EF5FC000150F6 /* Button Group */,
				6A6196B32A3EF7BA000150F6 /* SimplifiedCalculatorView.swift */,
			);
			path = "Simplified Calculator";
			sourceTree = "<group>";
		};
		6A6196A72A3EF5FC000150F6 /* Button Group */ = {
			isa = PBXGroup;
			children = (
				6A6D3F1A29EECA4500265124 /* SimplifiedCalculatorButtonGroup.swift */,
			);
			path = "Button Group";
			sourceTree = "<group>";
		};
		6A6196A82A3EF63D000150F6 /* Screens */ = {
			isa = PBXGroup;
			children = (
				6A6196AB2A3EF661000150F6 /* ScreenView.swift */,
				6A6196AD2A3EF68A000150F6 /* SharingScreenView.swift */,
			);
			path = Screens;
			sourceTree = "<group>";
		};
		6A6D3F1129EEA86200265124 /* Notes */ = {
			isa = PBXGroup;
			children = (
				6A6D3F1D29EF748D00265124 /* NotesView.swift */,
				F351F7392A440C0400F19E90 /* ReceivedNotePopUp.swift */,
				6A6D3F1F29EF75B300265124 /* addNewNoteView.swift */,
				6A6D3F2129EF75E200265124 /* noteContentView.swift */,
				6A6D3F2A29EFC9BB00265124 /* mathEquationFAQ.swift */,
			);
			path = Notes;
			sourceTree = "<group>";
		};
		6A6D3F1C29EF741600265124 /* Cheatsheets */ = {
			isa = PBXGroup;
			children = (
				6A6D3F1229EEA87200265124 /* CheatsheetsView.swift */,
				6A6D3F1829EEBA4500265124 /* FavouritesView.swift */,
				6A6D3F2329EF94F700265124 /* PDFView.swift */,
			);
			path = Cheatsheets;
			sourceTree = "<group>";
		};
		F3BE6A872A5CF355005796D9 /* PDFs */ = {
			isa = PBXGroup;
			children = (
				F395651C2A43558C00A901C0 /* Basic Algebra and Algebraic Manipulation.pdf */,
				F395650E2A43558B00A901C0 /* Basic Geometry.pdf */,
				F39565262A43558C00A901C0 /* Coordinate Geometry.pdf */,
				F39565112A43558B00A901C0 /* Direct and Inverse Proportions.pdf */,
				F39565202A43558C00A901C0 /* Exponentials and Logarithms.pdf */,
				F395650D2A43558B00A901C0 /* Functions and Graphs.pdf */,
				F395651E2A43558C00A901C0 /* Functions and Linear Graphs.pdf */,
				F39565182A43558C00A901C0 /* Futher Coordinate Geometry.pdf */,
				F39565272A43558C00A901C0 /* Geometrical Construction.pdf */,
				F395651B2A43558C00A901C0 /* Geometrical Properties of Circles.pdf */,
				F395650B2A43558B00A901C0 /* Indices.pdf */,
				F39565232A43558C00A901C0 /* Linear Equations and Inequalities.pdf */,
				F395651F2A43558C00A901C0 /* Linear Law.pdf */,
				F395650A2A43558B00A901C0 /* Number Sequences.pdf */,
				F39565212A43558C00A901C0 /* Numbers and Their Operations Part 1.pdf */,
				F395651D2A43558C00A901C0 /* Numbers and Their Operations Part 2.pdf */,
				F39565142A43558C00A901C0 /* Percentages.pdf */,
				F395650C2A43558B00A901C0 /* Polygons.pdf */,
				F39565102A43558B00A901C0 /* Polynomials and Partial Fractions.pdf */,
				F39565152A43558C00A901C0 /* Pythagoras Theorem.pdf */,
				F395651A2A43558C00A901C0 /* Quadratic Funcations, Equations, and Inequalities.pdf */,
				F39565192A43558C00A901C0 /* Ratio and Proportion.pdf */,
				F395650F2A43558B00A901C0 /* Similarity and Congruence Part 1.pdf */,
				F39565252A43558C00A901C0 /* Similarity and Congruence Part 2.pdf */,
				F39565132A43558C00A901C0 /* Surds.pdf */,
				F39565172A43558C00A901C0 /* Trigonometric Ratios.pdf */,
			);
			path = PDFs;
			sourceTree = "<group>";
		};
/* End PBXGroup section */

/* Begin PBXNativeTarget section */
		49E6CA9429BC845400DD2E02 /* MathX_Mobile */ = {
			isa = PBXNativeTarget;
			buildConfigurationList = 49E6CAB929BC845700DD2E02 /* Build configuration list for PBXNativeTarget "MathX_Mobile" */;
			buildPhases = (
				49E6CA9129BC845400DD2E02 /* Sources */,
				49E6CA9229BC845400DD2E02 /* Frameworks */,
				49E6CA9329BC845400DD2E02 /* Resources */,
			);
			buildRules = (
			);
			dependencies = (
			);
			name = MathX_Mobile;
			packageProductDependencies = (
				6AFEDBD02A3F01780070A5F1 /* LaTeXSwiftUI */,
				6AFEDBD32A3F01840070A5F1 /* MathExpression */,
				F39565082A4331DE00A901C0 /* MarkdownUI */,
			);
			productName = MathX_Mobile;
			productReference = 49E6CA9529BC845400DD2E02 /* MathX_Mobile.app */;
			productType = "com.apple.product-type.application";
		};
/* End PBXNativeTarget section */

/* Begin PBXProject section */
		49E6CA8D29BC845400DD2E02 /* Project object */ = {
			isa = PBXProject;
			attributes = {
				BuildIndependentTargetsInParallel = 1;
				LastSwiftUpdateCheck = 1420;
				LastUpgradeCheck = 1420;
				TargetAttributes = {
					49E6CA9429BC845400DD2E02 = {
						CreatedOnToolsVersion = 14.2;
					};
				};
			};
			buildConfigurationList = 49E6CA9029BC845400DD2E02 /* Build configuration list for PBXProject "MathX_Mobile" */;
			compatibilityVersion = "Xcode 14.0";
			developmentRegion = en;
			hasScannedForEncodings = 0;
			knownRegions = (
				en,
				Base,
			);
			mainGroup = 49E6CA8C29BC845400DD2E02;
			packageReferences = (
				6AFEDBCF2A3F01780070A5F1 /* XCRemoteSwiftPackageReference "LaTeXSwiftUI" */,
				6AFEDBD22A3F01840070A5F1 /* XCRemoteSwiftPackageReference "MathExpression" */,
				F39565072A4331DD00A901C0 /* XCRemoteSwiftPackageReference "swift-markdown-ui" */,
			);
			productRefGroup = 49E6CA9629BC845400DD2E02 /* Products */;
			projectDirPath = "";
			projectRoot = "";
			targets = (
				49E6CA9429BC845400DD2E02 /* MathX_Mobile */,
			);
		};
/* End PBXProject section */

/* Begin PBXResourcesBuildPhase section */
		49E6CA9329BC845400DD2E02 /* Resources */ = {
			isa = PBXResourcesBuildPhase;
			buildActionMask = 2147483647;
			files = (
				F39565342A43558C00A901C0 /* DarkCuboid.scn in Resources */,
				F395653E2A43558C00A901C0 /* Exponentials and Logarithms.pdf in Resources */,
				F39565332A43558C00A901C0 /* Pythagoras Theorem.pdf in Resources */,
				F39565402A43558C00A901C0 /* DarkPyramid.scn in Resources */,
				49E6CAA029BC845700DD2E02 /* Preview Assets.xcassets in Resources */,
				F395652B2A43558C00A901C0 /* Functions and Graphs.pdf in Resources */,
				F395653C2A43558C00A901C0 /* Functions and Linear Graphs.pdf in Resources */,
				F39565392A43558C00A901C0 /* Geometrical Properties of Circles.pdf in Resources */,
				F395653A2A43558C00A901C0 /* Basic Algebra and Algebraic Manipulation.pdf in Resources */,
				F39565362A43558C00A901C0 /* Futher Coordinate Geometry.pdf in Resources */,
				F39565312A43558C00A901C0 /* Surds.pdf in Resources */,
				F39565442A43558C00A901C0 /* Coordinate Geometry.pdf in Resources */,
				F39565282A43558C00A901C0 /* Number Sequences.pdf in Resources */,
				F39565432A43558C00A901C0 /* Similarity and Congruence Part 2.pdf in Resources */,
				F395653B2A43558C00A901C0 /* Numbers and Their Operations Part 2.pdf in Resources */,
				F39565322A43558C00A901C0 /* Percentages.pdf in Resources */,
				F39565302A43558C00A901C0 /* LightCuboid.scn in Resources */,
				F39565352A43558C00A901C0 /* Trigonometric Ratios.pdf in Resources */,
				F39565372A43558C00A901C0 /* Ratio and Proportion.pdf in Resources */,
				F395652E2A43558C00A901C0 /* Polynomials and Partial Fractions.pdf in Resources */,
				F395652A2A43558C00A901C0 /* Polygons.pdf in Resources */,
				F395652F2A43558C00A901C0 /* Direct and Inverse Proportions.pdf in Resources */,
				F39565292A43558C00A901C0 /* Indices.pdf in Resources */,
				F39565382A43558C00A901C0 /* Quadratic Funcations, Equations, and Inequalities.pdf in Resources */,
				49E6CA9D29BC845700DD2E02 /* Assets.xcassets in Resources */,
				F395653F2A43558C00A901C0 /* Numbers and Their Operations Part 1.pdf in Resources */,
				F395653D2A43558C00A901C0 /* Linear Law.pdf in Resources */,
				F39565452A43558C00A901C0 /* Geometrical Construction.pdf in Resources */,
				F39565412A43558C00A901C0 /* Linear Equations and Inequalities.pdf in Resources */,
				F395652C2A43558C00A901C0 /* Basic Geometry.pdf in Resources */,
				F395652D2A43558C00A901C0 /* Similarity and Congruence Part 1.pdf in Resources */,
				F39565422A43558C00A901C0 /* LightPyramid.scn in Resources */,
			);
			runOnlyForDeploymentPostprocessing = 0;
		};
/* End PBXResourcesBuildPhase section */

/* Begin PBXSourcesBuildPhase section */
		49E6CA9129BC845400DD2E02 /* Sources */ = {
			isa = PBXSourcesBuildPhase;
			buildActionMask = 2147483647;
			files = (
				6ABC063B29F0D97100FE97A3 /* SetsCalc.swift in Sources */,
				6A6D3F2229EF75E200265124 /* noteContentView.swift in Sources */,
				49E6CAC329BC84BC00DD2E02 /* HomeView.swift in Sources */,
				6A6D3F1529EEAE2A00265124 /* NoteManager.swift in Sources */,
				6A6D3F1E29EF748D00265124 /* NotesView.swift in Sources */,
				49E6CA9B29BC845400DD2E02 /* ContentView.swift in Sources */,
				6ABC06D729F18E4E00FE97A3 /* CalculationHistoryManager.swift in Sources */,
				49E6CAC529BC84CD00DD2E02 /* ToolsView.swift in Sources */,
				6A60E55E29CB17B700F9C038 /* secondButtonGroup.swift in Sources */,
				4942F0AF29CAA49E00F85389 /* CalculatorView.swift in Sources */,
				6A54B94A29CF42510083909A /* extensions.swift in Sources */,
				6A89A13729C996F90007D0C1 /* WelcomeView.swift in Sources */,
				6A6D3F1729EEB5BB00265124 /* FavouritesManager.swift in Sources */,
				6A60E55A29CAEF7500F9C038 /* firstButtonGroup.swift in Sources */,
				6A6D3F2429EF94F700265124 /* PDFView.swift in Sources */,
				6A78917129F64FC4006D1F26 /* ShapesCalc.swift in Sources */,
				6A60E56229CB1EF700F9C038 /* subSuperScriptText.swift in Sources */,
				6A6D3F3329F0388300265124 /* GrapherView.swift in Sources */,
				6A60E56029CB1B5600F9C038 /* thirdButtonGroup.swift in Sources */,
				498C0FD429BEF7E50079503C /* OCRView.swift in Sources */,
				6ABC06D929F1912800FE97A3 /* CalculationHistoryView.swift in Sources */,
				F351F73A2A440C0400F19E90 /* ReceivedNotePopUp.swift in Sources */,
				496462C629F14B1700FAB096 /* UnitConverter.swift in Sources */,
				6ABC063D29F1166300FE97A3 /* TrigoCalc.swift in Sources */,
				6A6D3F2B29EFC9BB00265124 /* mathEquationFAQ.swift in Sources */,
				6A6196AE2A3EF68A000150F6 /* SharingScreenView.swift in Sources */,
				6A6D3F1B29EECA4500265124 /* SimplifiedCalculatorButtonGroup.swift in Sources */,
				6A6D3F2F29F017AE00265124 /* PythagorasCalc.swift in Sources */,
				6A6D3F3129F025E300265124 /* LinearQuadEquationCalc.swift in Sources */,
				6A6196B42A3EF7BA000150F6 /* SimplifiedCalculatorView.swift in Sources */,
				6AF54D2E29F9173E00722548 /* AverageCalc.swift in Sources */,
				6ABC063F29F126A500FE97A3 /* RandView.swift in Sources */,
				495674C129BD5EEB00EB37DA /* HCFLCM.swift in Sources */,
				6A6196AC2A3EF661000150F6 /* ScreenView.swift in Sources */,
				6A6196B02A3EF6C4000150F6 /* CalculatorModeIndicators.swift in Sources */,
				6A6D3F2029EF75B300265124 /* addNewNoteView.swift in Sources */,
				6AD2F9CC2A0644E1001D6C64 /* BinaryConverter.swift in Sources */,
				6A6D3F1929EEBA4500265124 /* FavouritesView.swift in Sources */,
				6A6D3F1329EEA87200265124 /* CheatsheetsView.swift in Sources */,
				49E6CA9929BC845400DD2E02 /* MathX_MobileApp.swift in Sources */,
				6A6196B22A3EF711000150F6 /* ScientificCalculatorView.swift in Sources */,
			);
			runOnlyForDeploymentPostprocessing = 0;
		};
/* End PBXSourcesBuildPhase section */

/* Begin XCBuildConfiguration section */
		49E6CAB729BC845700DD2E02 /* Debug */ = {
			isa = XCBuildConfiguration;
			buildSettings = {
				ALWAYS_SEARCH_USER_PATHS = NO;
				CLANG_ANALYZER_NONNULL = YES;
				CLANG_ANALYZER_NUMBER_OBJECT_CONVERSION = YES_AGGRESSIVE;
				CLANG_CXX_LANGUAGE_STANDARD = "gnu++20";
				CLANG_ENABLE_MODULES = YES;
				CLANG_ENABLE_OBJC_ARC = YES;
				CLANG_ENABLE_OBJC_WEAK = YES;
				CLANG_WARN_BLOCK_CAPTURE_AUTORELEASING = YES;
				CLANG_WARN_BOOL_CONVERSION = YES;
				CLANG_WARN_COMMA = YES;
				CLANG_WARN_CONSTANT_CONVERSION = YES;
				CLANG_WARN_DEPRECATED_OBJC_IMPLEMENTATIONS = YES;
				CLANG_WARN_DIRECT_OBJC_ISA_USAGE = YES_ERROR;
				CLANG_WARN_DOCUMENTATION_COMMENTS = YES;
				CLANG_WARN_EMPTY_BODY = YES;
				CLANG_WARN_ENUM_CONVERSION = YES;
				CLANG_WARN_INFINITE_RECURSION = YES;
				CLANG_WARN_INT_CONVERSION = YES;
				CLANG_WARN_NON_LITERAL_NULL_CONVERSION = YES;
				CLANG_WARN_OBJC_IMPLICIT_RETAIN_SELF = YES;
				CLANG_WARN_OBJC_LITERAL_CONVERSION = YES;
				CLANG_WARN_OBJC_ROOT_CLASS = YES_ERROR;
				CLANG_WARN_QUOTED_INCLUDE_IN_FRAMEWORK_HEADER = YES;
				CLANG_WARN_RANGE_LOOP_ANALYSIS = YES;
				CLANG_WARN_STRICT_PROTOTYPES = YES;
				CLANG_WARN_SUSPICIOUS_MOVE = YES;
				CLANG_WARN_UNGUARDED_AVAILABILITY = YES_AGGRESSIVE;
				CLANG_WARN_UNREACHABLE_CODE = YES;
				CLANG_WARN__DUPLICATE_METHOD_MATCH = YES;
				COPY_PHASE_STRIP = NO;
				DEBUG_INFORMATION_FORMAT = dwarf;
				ENABLE_STRICT_OBJC_MSGSEND = YES;
				ENABLE_TESTABILITY = YES;
				GCC_C_LANGUAGE_STANDARD = gnu11;
				GCC_DYNAMIC_NO_PIC = NO;
				GCC_NO_COMMON_BLOCKS = YES;
				GCC_OPTIMIZATION_LEVEL = 0;
				GCC_PREPROCESSOR_DEFINITIONS = (
					"DEBUG=1",
					"$(inherited)",
				);
				GCC_WARN_64_TO_32_BIT_CONVERSION = YES;
				GCC_WARN_ABOUT_RETURN_TYPE = YES_ERROR;
				GCC_WARN_UNDECLARED_SELECTOR = YES;
				GCC_WARN_UNINITIALIZED_AUTOS = YES_AGGRESSIVE;
				GCC_WARN_UNUSED_FUNCTION = YES;
				GCC_WARN_UNUSED_VARIABLE = YES;
				IPHONEOS_DEPLOYMENT_TARGET = 16.0;
				MTL_ENABLE_DEBUG_INFO = INCLUDE_SOURCE;
				MTL_FAST_MATH = YES;
				ONLY_ACTIVE_ARCH = YES;
				SDKROOT = iphoneos;
				SWIFT_ACTIVE_COMPILATION_CONDITIONS = DEBUG;
				SWIFT_OPTIMIZATION_LEVEL = "-Onone";
			};
			name = Debug;
		};
		49E6CAB829BC845700DD2E02 /* Release */ = {
			isa = XCBuildConfiguration;
			buildSettings = {
				ALWAYS_SEARCH_USER_PATHS = NO;
				CLANG_ANALYZER_NONNULL = YES;
				CLANG_ANALYZER_NUMBER_OBJECT_CONVERSION = YES_AGGRESSIVE;
				CLANG_CXX_LANGUAGE_STANDARD = "gnu++20";
				CLANG_ENABLE_MODULES = YES;
				CLANG_ENABLE_OBJC_ARC = YES;
				CLANG_ENABLE_OBJC_WEAK = YES;
				CLANG_WARN_BLOCK_CAPTURE_AUTORELEASING = YES;
				CLANG_WARN_BOOL_CONVERSION = YES;
				CLANG_WARN_COMMA = YES;
				CLANG_WARN_CONSTANT_CONVERSION = YES;
				CLANG_WARN_DEPRECATED_OBJC_IMPLEMENTATIONS = YES;
				CLANG_WARN_DIRECT_OBJC_ISA_USAGE = YES_ERROR;
				CLANG_WARN_DOCUMENTATION_COMMENTS = YES;
				CLANG_WARN_EMPTY_BODY = YES;
				CLANG_WARN_ENUM_CONVERSION = YES;
				CLANG_WARN_INFINITE_RECURSION = YES;
				CLANG_WARN_INT_CONVERSION = YES;
				CLANG_WARN_NON_LITERAL_NULL_CONVERSION = YES;
				CLANG_WARN_OBJC_IMPLICIT_RETAIN_SELF = YES;
				CLANG_WARN_OBJC_LITERAL_CONVERSION = YES;
				CLANG_WARN_OBJC_ROOT_CLASS = YES_ERROR;
				CLANG_WARN_QUOTED_INCLUDE_IN_FRAMEWORK_HEADER = YES;
				CLANG_WARN_RANGE_LOOP_ANALYSIS = YES;
				CLANG_WARN_STRICT_PROTOTYPES = YES;
				CLANG_WARN_SUSPICIOUS_MOVE = YES;
				CLANG_WARN_UNGUARDED_AVAILABILITY = YES_AGGRESSIVE;
				CLANG_WARN_UNREACHABLE_CODE = YES;
				CLANG_WARN__DUPLICATE_METHOD_MATCH = YES;
				COPY_PHASE_STRIP = NO;
				DEBUG_INFORMATION_FORMAT = "dwarf-with-dsym";
				ENABLE_NS_ASSERTIONS = NO;
				ENABLE_STRICT_OBJC_MSGSEND = YES;
				GCC_C_LANGUAGE_STANDARD = gnu11;
				GCC_NO_COMMON_BLOCKS = YES;
				GCC_WARN_64_TO_32_BIT_CONVERSION = YES;
				GCC_WARN_ABOUT_RETURN_TYPE = YES_ERROR;
				GCC_WARN_UNDECLARED_SELECTOR = YES;
				GCC_WARN_UNINITIALIZED_AUTOS = YES_AGGRESSIVE;
				GCC_WARN_UNUSED_FUNCTION = YES;
				GCC_WARN_UNUSED_VARIABLE = YES;
				IPHONEOS_DEPLOYMENT_TARGET = 16.0;
				MTL_ENABLE_DEBUG_INFO = NO;
				MTL_FAST_MATH = YES;
				SDKROOT = iphoneos;
				SWIFT_COMPILATION_MODE = wholemodule;
				SWIFT_OPTIMIZATION_LEVEL = "-O";
				VALIDATE_PRODUCT = YES;
			};
			name = Release;
		};
		49E6CABA29BC845700DD2E02 /* Debug */ = {
			isa = XCBuildConfiguration;
			buildSettings = {
				ASSETCATALOG_COMPILER_APPICON_NAME = AppIcon;
				ASSETCATALOG_COMPILER_GLOBAL_ACCENT_COLOR_NAME = AccentColor;
				CODE_SIGN_STYLE = Automatic;
				CURRENT_PROJECT_VERSION = 2;
				DEVELOPMENT_ASSET_PATHS = "\"MathX_Mobile/Preview Content\"";
				DEVELOPMENT_TEAM = 7K6ZTDFM48;
				ENABLE_PREVIEWS = YES;
				GENERATE_INFOPLIST_FILE = YES;
				INFOPLIST_FILE = "MathX-Mobile-Info.plist";
				INFOPLIST_KEY_CFBundleDisplayName = MathX;
				INFOPLIST_KEY_LSApplicationCategoryType = "public.app-category.education";
				INFOPLIST_KEY_UIApplicationSceneManifest_Generation = YES;
				INFOPLIST_KEY_UIApplicationSupportsIndirectInputEvents = YES;
				INFOPLIST_KEY_UILaunchScreen_Generation = YES;
				INFOPLIST_KEY_UISupportedInterfaceOrientations = UIInterfaceOrientationPortrait;
				INFOPLIST_KEY_UISupportedInterfaceOrientations_iPad = "UIInterfaceOrientationLandscapeLeft UIInterfaceOrientationLandscapeRight UIInterfaceOrientationPortrait UIInterfaceOrientationPortraitUpsideDown";
				IPHONEOS_DEPLOYMENT_TARGET = 16.0;
				LD_RUNPATH_SEARCH_PATHS = (
					"$(inherited)",
					"@executable_path/Frameworks",
				);
				MARKETING_VERSION = 2.1.1;
				PRODUCT_BUNDLE_IDENTIFIER = org.sstinc.mathx;
				PRODUCT_NAME = "$(TARGET_NAME)";
				SUPPORTED_PLATFORMS = "iphoneos iphonesimulator";
				SUPPORTS_MACCATALYST = NO;
				SUPPORTS_MAC_DESIGNED_FOR_IPHONE_IPAD = NO;
				SUPPORTS_XR_DESIGNED_FOR_IPHONE_IPAD = NO;
				SWIFT_EMIT_LOC_STRINGS = YES;
				SWIFT_VERSION = 5.0;
				TARGETED_DEVICE_FAMILY = "1,2";
			};
			name = Debug;
		};
		49E6CABB29BC845700DD2E02 /* Release */ = {
			isa = XCBuildConfiguration;
			buildSettings = {
				ASSETCATALOG_COMPILER_APPICON_NAME = AppIcon;
				ASSETCATALOG_COMPILER_GLOBAL_ACCENT_COLOR_NAME = AccentColor;
				CODE_SIGN_STYLE = Automatic;
				CURRENT_PROJECT_VERSION = 2;
				DEVELOPMENT_ASSET_PATHS = "\"MathX_Mobile/Preview Content\"";
				DEVELOPMENT_TEAM = 7K6ZTDFM48;
				ENABLE_PREVIEWS = YES;
				GENERATE_INFOPLIST_FILE = YES;
				INFOPLIST_FILE = "MathX-Mobile-Info.plist";
				INFOPLIST_KEY_CFBundleDisplayName = MathX;
				INFOPLIST_KEY_LSApplicationCategoryType = "public.app-category.education";
				INFOPLIST_KEY_UIApplicationSceneManifest_Generation = YES;
				INFOPLIST_KEY_UIApplicationSupportsIndirectInputEvents = YES;
				INFOPLIST_KEY_UILaunchScreen_Generation = YES;
				INFOPLIST_KEY_UISupportedInterfaceOrientations = UIInterfaceOrientationPortrait;
				INFOPLIST_KEY_UISupportedInterfaceOrientations_iPad = "UIInterfaceOrientationLandscapeLeft UIInterfaceOrientationLandscapeRight UIInterfaceOrientationPortrait UIInterfaceOrientationPortraitUpsideDown";
				IPHONEOS_DEPLOYMENT_TARGET = 16.0;
				LD_RUNPATH_SEARCH_PATHS = (
					"$(inherited)",
					"@executable_path/Frameworks",
				);
				MARKETING_VERSION = 2.1.1;
				PRODUCT_BUNDLE_IDENTIFIER = org.sstinc.mathx;
				PRODUCT_NAME = "$(TARGET_NAME)";
				SUPPORTED_PLATFORMS = "iphoneos iphonesimulator";
				SUPPORTS_MACCATALYST = NO;
				SUPPORTS_MAC_DESIGNED_FOR_IPHONE_IPAD = NO;
				SUPPORTS_XR_DESIGNED_FOR_IPHONE_IPAD = NO;
				SWIFT_EMIT_LOC_STRINGS = YES;
				SWIFT_VERSION = 5.0;
				TARGETED_DEVICE_FAMILY = "1,2";
			};
			name = Release;
		};
/* End XCBuildConfiguration section */

/* Begin XCConfigurationList section */
		49E6CA9029BC845400DD2E02 /* Build configuration list for PBXProject "MathX_Mobile" */ = {
			isa = XCConfigurationList;
			buildConfigurations = (
				49E6CAB729BC845700DD2E02 /* Debug */,
				49E6CAB829BC845700DD2E02 /* Release */,
			);
			defaultConfigurationIsVisible = 0;
			defaultConfigurationName = Release;
		};
		49E6CAB929BC845700DD2E02 /* Build configuration list for PBXNativeTarget "MathX_Mobile" */ = {
			isa = XCConfigurationList;
			buildConfigurations = (
				49E6CABA29BC845700DD2E02 /* Debug */,
				49E6CABB29BC845700DD2E02 /* Release */,
			);
			defaultConfigurationIsVisible = 0;
			defaultConfigurationName = Release;
		};
/* End XCConfigurationList section */

/* Begin XCRemoteSwiftPackageReference section */
		6AFEDBCF2A3F01780070A5F1 /* XCRemoteSwiftPackageReference "LaTeXSwiftUI" */ = {
			isa = XCRemoteSwiftPackageReference;
			repositoryURL = "https://github.com/colinc86/LaTeXSwiftUI";
			requirement = {
				kind = upToNextMajorVersion;
				minimumVersion = 1.0.0;
			};
		};
		6AFEDBD22A3F01840070A5F1 /* XCRemoteSwiftPackageReference "MathExpression" */ = {
			isa = XCRemoteSwiftPackageReference;
			repositoryURL = "https://github.com/peredaniel/MathExpression";
			requirement = {
				kind = upToNextMajorVersion;
				minimumVersion = 1.3.0;
			};
		};
		F39565072A4331DD00A901C0 /* XCRemoteSwiftPackageReference "swift-markdown-ui" */ = {
			isa = XCRemoteSwiftPackageReference;
			repositoryURL = "https://github.com/gonzalezreal/swift-markdown-ui";
			requirement = {
				kind = upToNextMajorVersion;
				minimumVersion = 2.1.0;
			};
		};
/* End XCRemoteSwiftPackageReference section */

/* Begin XCSwiftPackageProductDependency section */
		6AFEDBD02A3F01780070A5F1 /* LaTeXSwiftUI */ = {
			isa = XCSwiftPackageProductDependency;
			package = 6AFEDBCF2A3F01780070A5F1 /* XCRemoteSwiftPackageReference "LaTeXSwiftUI" */;
			productName = LaTeXSwiftUI;
		};
		6AFEDBD32A3F01840070A5F1 /* MathExpression */ = {
			isa = XCSwiftPackageProductDependency;
			package = 6AFEDBD22A3F01840070A5F1 /* XCRemoteSwiftPackageReference "MathExpression" */;
			productName = MathExpression;
		};
		F39565082A4331DE00A901C0 /* MarkdownUI */ = {
			isa = XCSwiftPackageProductDependency;
			package = F39565072A4331DD00A901C0 /* XCRemoteSwiftPackageReference "swift-markdown-ui" */;
			productName = MarkdownUI;
		};
/* End XCSwiftPackageProductDependency section */
	};
	rootObject = 49E6CA8D29BC845400DD2E02 /* Project object */;
}
