// !$*UTF8*$!
{
	archiveVersion = 1;
	classes = {
	};
	objectVersion = 56;
	objects = {

/* Begin PBXBuildFile section */
		4942F0AF29CAA49E00F85389 /* CalculatorView.swift in Sources */ = {isa = PBXBuildFile; fileRef = 4942F0AE29CAA49E00F85389 /* CalculatorView.swift */; };
		495674C129BD5EEB00EB37DA /* HCFLCM.swift in Sources */ = {isa = PBXBuildFile; fileRef = 495674C029BD5EEB00EB37DA /* HCFLCM.swift */; };
		496462C629F14B1700FAB096 /* UnitConverter.swift in Sources */ = {isa = PBXBuildFile; fileRef = 496462C529F14B1700FAB096 /* UnitConverter.swift */; };
		498C0FD429BEF7E50079503C /* OCRView.swift in Sources */ = {isa = PBXBuildFile; fileRef = 498C0FD329BEF7E50079503C /* OCRView.swift */; };
		49E6CA9929BC845400DD2E02 /* MathX_MobileApp.swift in Sources */ = {isa = PBXBuildFile; fileRef = 49E6CA9829BC845400DD2E02 /* MathX_MobileApp.swift */; };
		49E6CA9B29BC845400DD2E02 /* ContentView.swift in Sources */ = {isa = PBXBuildFile; fileRef = 49E6CA9A29BC845400DD2E02 /* ContentView.swift */; };
		49E6CA9D29BC845700DD2E02 /* Assets.xcassets in Resources */ = {isa = PBXBuildFile; fileRef = 49E6CA9C29BC845700DD2E02 /* Assets.xcassets */; };
		49E6CAA029BC845700DD2E02 /* Preview Assets.xcassets in Resources */ = {isa = PBXBuildFile; fileRef = 49E6CA9F29BC845700DD2E02 /* Preview Assets.xcassets */; };
		49E6CAC329BC84BC00DD2E02 /* HomeView.swift in Sources */ = {isa = PBXBuildFile; fileRef = 49E6CAC229BC84BC00DD2E02 /* HomeView.swift */; };
		49E6CAC529BC84CD00DD2E02 /* ToolsView.swift in Sources */ = {isa = PBXBuildFile; fileRef = 49E6CAC429BC84CD00DD2E02 /* ToolsView.swift */; };
		6A52CB8529F6795600647A6E /* DarkCuboid.scn in Resources */ = {isa = PBXBuildFile; fileRef = 6A52CB8429F6795600647A6E /* DarkCuboid.scn */; };
		6A52CB8929F6806000647A6E /* LightCuboid.scn in Resources */ = {isa = PBXBuildFile; fileRef = 6A52CB8829F6806000647A6E /* LightCuboid.scn */; };
		6A52CB8C29F683E000647A6E /* DarkPyramid.scn in Resources */ = {isa = PBXBuildFile; fileRef = 6A52CB8A29F683E000647A6E /* DarkPyramid.scn */; };
		6A52CB8D29F683E000647A6E /* LightPyramid.scn in Resources */ = {isa = PBXBuildFile; fileRef = 6A52CB8B29F683E000647A6E /* LightPyramid.scn */; };
		6A54B94829CF150D0083909A /* LaTeXSwiftUI in Frameworks */ = {isa = PBXBuildFile; productRef = 6A54B94729CF150D0083909A /* LaTeXSwiftUI */; };
		6A54B94A29CF42510083909A /* extensions.swift in Sources */ = {isa = PBXBuildFile; fileRef = 6A54B94929CF42510083909A /* extensions.swift */; };
		6A60E55A29CAEF7500F9C038 /* firstButtonGroup.swift in Sources */ = {isa = PBXBuildFile; fileRef = 6A60E55929CAEF7500F9C038 /* firstButtonGroup.swift */; };
		6A60E55E29CB17B700F9C038 /* secondButtonGroup.swift in Sources */ = {isa = PBXBuildFile; fileRef = 6A60E55D29CB17B700F9C038 /* secondButtonGroup.swift */; };
		6A60E56029CB1B5600F9C038 /* thirdButtonGroup.swift in Sources */ = {isa = PBXBuildFile; fileRef = 6A60E55F29CB1B5600F9C038 /* thirdButtonGroup.swift */; };
		6A60E56229CB1EF700F9C038 /* subSuperScriptText.swift in Sources */ = {isa = PBXBuildFile; fileRef = 6A60E56129CB1EF700F9C038 /* subSuperScriptText.swift */; };
		6A60E56829CB2E6B00F9C038 /* MathExpression in Frameworks */ = {isa = PBXBuildFile; productRef = 6A60E56729CB2E6B00F9C038 /* MathExpression */; };
		6A6D3F1329EEA87200265124 /* CheatsheetsView.swift in Sources */ = {isa = PBXBuildFile; fileRef = 6A6D3F1229EEA87200265124 /* CheatsheetsView.swift */; };
		6A6D3F1529EEAE2A00265124 /* NoteManager.swift in Sources */ = {isa = PBXBuildFile; fileRef = 6A6D3F1429EEAE2A00265124 /* NoteManager.swift */; };
		6A6D3F1729EEB5BB00265124 /* FavouritesManager.swift in Sources */ = {isa = PBXBuildFile; fileRef = 6A6D3F1629EEB5BA00265124 /* FavouritesManager.swift */; };
		6A6D3F1929EEBA4500265124 /* FavouritesView.swift in Sources */ = {isa = PBXBuildFile; fileRef = 6A6D3F1829EEBA4500265124 /* FavouritesView.swift */; };
		6A6D3F1B29EECA4500265124 /* thirdButtonGroupModified.swift in Sources */ = {isa = PBXBuildFile; fileRef = 6A6D3F1A29EECA4500265124 /* thirdButtonGroupModified.swift */; };
		6A6D3F1E29EF748D00265124 /* NotesView.swift in Sources */ = {isa = PBXBuildFile; fileRef = 6A6D3F1D29EF748D00265124 /* NotesView.swift */; };
		6A6D3F2029EF75B300265124 /* addNewNoteView.swift in Sources */ = {isa = PBXBuildFile; fileRef = 6A6D3F1F29EF75B300265124 /* addNewNoteView.swift */; };
		6A6D3F2229EF75E200265124 /* noteContentView.swift in Sources */ = {isa = PBXBuildFile; fileRef = 6A6D3F2129EF75E200265124 /* noteContentView.swift */; };
		6A6D3F2429EF94F700265124 /* PDFView.swift in Sources */ = {isa = PBXBuildFile; fileRef = 6A6D3F2329EF94F700265124 /* PDFView.swift */; };
		6A6D3F2B29EFC9BB00265124 /* mathEquationFAQ.swift in Sources */ = {isa = PBXBuildFile; fileRef = 6A6D3F2A29EFC9BB00265124 /* mathEquationFAQ.swift */; };
		6A6D3F2F29F017AE00265124 /* PythagorasCalc.swift in Sources */ = {isa = PBXBuildFile; fileRef = 6A6D3F2E29F017AE00265124 /* PythagorasCalc.swift */; };
		6A6D3F3129F025E300265124 /* LinearQuadEquationCalc.swift in Sources */ = {isa = PBXBuildFile; fileRef = 6A6D3F3029F025E300265124 /* LinearQuadEquationCalc.swift */; };
		6A6D3F3329F0388300265124 /* GrapherView.swift in Sources */ = {isa = PBXBuildFile; fileRef = 6A6D3F3229F0388300265124 /* GrapherView.swift */; };
		6A78917129F64FC4006D1F26 /* ShapesCalc.swift in Sources */ = {isa = PBXBuildFile; fileRef = 6A78917029F64FC4006D1F26 /* ShapesCalc.swift */; };
		6A89A13729C996F90007D0C1 /* WelcomeView.swift in Sources */ = {isa = PBXBuildFile; fileRef = 6A89A13629C996F90007D0C1 /* WelcomeView.swift */; };
		6ABC063B29F0D97100FE97A3 /* SetsCalc.swift in Sources */ = {isa = PBXBuildFile; fileRef = 6ABC063A29F0D97100FE97A3 /* SetsCalc.swift */; };
		6ABC063D29F1166300FE97A3 /* TrigoCalc.swift in Sources */ = {isa = PBXBuildFile; fileRef = 6ABC063C29F1166300FE97A3 /* TrigoCalc.swift */; };
		6ABC063F29F126A500FE97A3 /* RandView.swift in Sources */ = {isa = PBXBuildFile; fileRef = 6ABC063E29F126A500FE97A3 /* RandView.swift */; };
		6ABC06B029F143E800FE97A3 /* Number Sequences.pdf in Resources */ = {isa = PBXBuildFile; fileRef = 6ABC06A629F143E600FE97A3 /* Number Sequences.pdf */; };
		6ABC06B229F143E800FE97A3 /* Numbers and Their Operations Part 2.pdf in Resources */ = {isa = PBXBuildFile; fileRef = 6ABC06A829F143E600FE97A3 /* Numbers and Their Operations Part 2.pdf */; };
		6ABC06B429F143E800FE97A3 /* Functions and Linear Graphs.pdf in Resources */ = {isa = PBXBuildFile; fileRef = 6ABC06AA29F143E700FE97A3 /* Functions and Linear Graphs.pdf */; };
		6ABC06B629F143E800FE97A3 /* Geometrical Construction.pdf in Resources */ = {isa = PBXBuildFile; fileRef = 6ABC06AC29F143E700FE97A3 /* Geometrical Construction.pdf */; };
		6ABC06B929F143E800FE97A3 /* Numbers and Their Operations Part 1.pdf in Resources */ = {isa = PBXBuildFile; fileRef = 6ABC06AF29F143E800FE97A3 /* Numbers and Their Operations Part 1.pdf */; };
		6ABC06C029F1440000FE97A3 /* Ratio and Proportion.pdf in Resources */ = {isa = PBXBuildFile; fileRef = 6ABC06BA29F143FF00FE97A3 /* Ratio and Proportion.pdf */; };
		6ABC06C129F1440000FE97A3 /* Pythagoras Theorem.pdf in Resources */ = {isa = PBXBuildFile; fileRef = 6ABC06BB29F143FF00FE97A3 /* Pythagoras Theorem.pdf */; };
		6ABC06C229F1440000FE97A3 /* Trigonometric Ratios.pdf in Resources */ = {isa = PBXBuildFile; fileRef = 6ABC06BC29F143FF00FE97A3 /* Trigonometric Ratios.pdf */; };
		6ABC06CE29F1440C00FE97A3 /* Functions and Graphs.pdf in Resources */ = {isa = PBXBuildFile; fileRef = 6ABC06C629F1440B00FE97A3 /* Functions and Graphs.pdf */; };
		6ABC06CF29F1440C00FE97A3 /* Futher Coordinate Geometry.pdf in Resources */ = {isa = PBXBuildFile; fileRef = 6ABC06C729F1440B00FE97A3 /* Futher Coordinate Geometry.pdf */; };
		6ABC06D029F1440C00FE97A3 /* Coordinate Geometry.pdf in Resources */ = {isa = PBXBuildFile; fileRef = 6ABC06C829F1440B00FE97A3 /* Coordinate Geometry.pdf */; };
		6ABC06D129F1440C00FE97A3 /* Quadratic Funcations, Equations, and Inequalities.pdf in Resources */ = {isa = PBXBuildFile; fileRef = 6ABC06C929F1440B00FE97A3 /* Quadratic Funcations, Equations, and Inequalities.pdf */; };
		6ABC06D229F1440C00FE97A3 /* Exponentials and Logarithms.pdf in Resources */ = {isa = PBXBuildFile; fileRef = 6ABC06CA29F1440B00FE97A3 /* Exponentials and Logarithms.pdf */; };
		6ABC06D429F1440C00FE97A3 /* Surds.pdf in Resources */ = {isa = PBXBuildFile; fileRef = 6ABC06CC29F1440B00FE97A3 /* Surds.pdf */; };
		6ABC06D529F1440C00FE97A3 /* Indices.pdf in Resources */ = {isa = PBXBuildFile; fileRef = 6ABC06CD29F1440B00FE97A3 /* Indices.pdf */; };
		6ABC06D729F18E4E00FE97A3 /* CalculationManager.swift in Sources */ = {isa = PBXBuildFile; fileRef = 6ABC06D629F18E4E00FE97A3 /* CalculationManager.swift */; };
		6ABC06D929F1912800FE97A3 /* CalculationHistoryView.swift in Sources */ = {isa = PBXBuildFile; fileRef = 6ABC06D829F1912800FE97A3 /* CalculationHistoryView.swift */; };
		6AD2F9CA2A0644CA001D6C64 /* Equation in Frameworks */ = {isa = PBXBuildFile; productRef = 6AD2F9C92A0644CA001D6C64 /* Equation */; };
		6AD2F9CC2A0644E1001D6C64 /* BinaryConverter.swift in Sources */ = {isa = PBXBuildFile; fileRef = 6AD2F9CB2A0644E1001D6C64 /* BinaryConverter.swift */; };
		6AD2F9CE2A064656001D6C64 /* FormulasView.swift in Sources */ = {isa = PBXBuildFile; fileRef = 6AD2F9CD2A064656001D6C64 /* FormulasView.swift */; };
		6AD2F9D02A064960001D6C64 /* Geometrical Properties of Circles.pdf in Resources */ = {isa = PBXBuildFile; fileRef = 6AD2F9CF2A064960001D6C64 /* Geometrical Properties of Circles.pdf */; };
		6AEE93212A2D69850067A53B /* Polynomials and Partial Fractions.pdf in Resources */ = {isa = PBXBuildFile; fileRef = 6AEE93202A2D69850067A53B /* Polynomials and Partial Fractions.pdf */; };
		6AF54D2E29F9173E00722548 /* AverageCalc.swift in Sources */ = {isa = PBXBuildFile; fileRef = 6AF54D2D29F9173E00722548 /* AverageCalc.swift */; };
/* End PBXBuildFile section */

/* Begin PBXContainerItemProxy section */
		49E6CAA629BC845700DD2E02 /* PBXContainerItemProxy */ = {
			isa = PBXContainerItemProxy;
			containerPortal = 49E6CA8D29BC845400DD2E02 /* Project object */;
			proxyType = 1;
			remoteGlobalIDString = 49E6CA9429BC845400DD2E02;
			remoteInfo = MathX_Mobile;
		};
		49E6CAB029BC845700DD2E02 /* PBXContainerItemProxy */ = {
			isa = PBXContainerItemProxy;
			containerPortal = 49E6CA8D29BC845400DD2E02 /* Project object */;
			proxyType = 1;
			remoteGlobalIDString = 49E6CA9429BC845400DD2E02;
			remoteInfo = MathX_Mobile;
		};
/* End PBXContainerItemProxy section */

/* Begin PBXFileReference section */
		4942F0AE29CAA49E00F85389 /* CalculatorView.swift */ = {isa = PBXFileReference; lastKnownFileType = sourcecode.swift; path = CalculatorView.swift; sourceTree = "<group>"; };
		495674C029BD5EEB00EB37DA /* HCFLCM.swift */ = {isa = PBXFileReference; lastKnownFileType = sourcecode.swift; path = HCFLCM.swift; sourceTree = "<group>"; };
		496462C529F14B1700FAB096 /* UnitConverter.swift */ = {isa = PBXFileReference; lastKnownFileType = sourcecode.swift; path = UnitConverter.swift; sourceTree = "<group>"; };
		498C0FD329BEF7E50079503C /* OCRView.swift */ = {isa = PBXFileReference; lastKnownFileType = sourcecode.swift; path = OCRView.swift; sourceTree = "<group>"; };
		49E6CA9529BC845400DD2E02 /* MathX_Mobile.app */ = {isa = PBXFileReference; explicitFileType = wrapper.application; includeInIndex = 0; path = MathX_Mobile.app; sourceTree = BUILT_PRODUCTS_DIR; };
		49E6CA9829BC845400DD2E02 /* MathX_MobileApp.swift */ = {isa = PBXFileReference; lastKnownFileType = sourcecode.swift; path = MathX_MobileApp.swift; sourceTree = "<group>"; };
		49E6CA9A29BC845400DD2E02 /* ContentView.swift */ = {isa = PBXFileReference; lastKnownFileType = sourcecode.swift; path = ContentView.swift; sourceTree = "<group>"; };
		49E6CA9C29BC845700DD2E02 /* Assets.xcassets */ = {isa = PBXFileReference; lastKnownFileType = folder.assetcatalog; path = Assets.xcassets; sourceTree = "<group>"; };
		49E6CA9F29BC845700DD2E02 /* Preview Assets.xcassets */ = {isa = PBXFileReference; lastKnownFileType = folder.assetcatalog; path = "Preview Assets.xcassets"; sourceTree = "<group>"; };
		49E6CAA529BC845700DD2E02 /* MathX_MobileTests.xctest */ = {isa = PBXFileReference; explicitFileType = wrapper.cfbundle; includeInIndex = 0; path = MathX_MobileTests.xctest; sourceTree = BUILT_PRODUCTS_DIR; };
		49E6CAAF29BC845700DD2E02 /* MathX_MobileUITests.xctest */ = {isa = PBXFileReference; explicitFileType = wrapper.cfbundle; includeInIndex = 0; path = MathX_MobileUITests.xctest; sourceTree = BUILT_PRODUCTS_DIR; };
		49E6CAC229BC84BC00DD2E02 /* HomeView.swift */ = {isa = PBXFileReference; lastKnownFileType = sourcecode.swift; path = HomeView.swift; sourceTree = "<group>"; };
		49E6CAC429BC84CD00DD2E02 /* ToolsView.swift */ = {isa = PBXFileReference; lastKnownFileType = sourcecode.swift; path = ToolsView.swift; sourceTree = "<group>"; };
		6A52CB8429F6795600647A6E /* DarkCuboid.scn */ = {isa = PBXFileReference; lastKnownFileType = file.bplist; path = DarkCuboid.scn; sourceTree = "<group>"; };
		6A52CB8829F6806000647A6E /* LightCuboid.scn */ = {isa = PBXFileReference; lastKnownFileType = file.bplist; path = LightCuboid.scn; sourceTree = "<group>"; };
		6A52CB8A29F683E000647A6E /* DarkPyramid.scn */ = {isa = PBXFileReference; lastKnownFileType = file.bplist; path = DarkPyramid.scn; sourceTree = "<group>"; };
		6A52CB8B29F683E000647A6E /* LightPyramid.scn */ = {isa = PBXFileReference; lastKnownFileType = file.bplist; path = LightPyramid.scn; sourceTree = "<group>"; };
		6A54B94929CF42510083909A /* extensions.swift */ = {isa = PBXFileReference; lastKnownFileType = sourcecode.swift; path = extensions.swift; sourceTree = "<group>"; };
		6A60E55929CAEF7500F9C038 /* firstButtonGroup.swift */ = {isa = PBXFileReference; lastKnownFileType = sourcecode.swift; path = firstButtonGroup.swift; sourceTree = "<group>"; };
		6A60E55D29CB17B700F9C038 /* secondButtonGroup.swift */ = {isa = PBXFileReference; lastKnownFileType = sourcecode.swift; path = secondButtonGroup.swift; sourceTree = "<group>"; };
		6A60E55F29CB1B5600F9C038 /* thirdButtonGroup.swift */ = {isa = PBXFileReference; lastKnownFileType = sourcecode.swift; path = thirdButtonGroup.swift; sourceTree = "<group>"; };
		6A60E56129CB1EF700F9C038 /* subSuperScriptText.swift */ = {isa = PBXFileReference; lastKnownFileType = sourcecode.swift; path = subSuperScriptText.swift; sourceTree = "<group>"; };
		6A6D3F1229EEA87200265124 /* CheatsheetsView.swift */ = {isa = PBXFileReference; lastKnownFileType = sourcecode.swift; path = CheatsheetsView.swift; sourceTree = "<group>"; };
		6A6D3F1429EEAE2A00265124 /* NoteManager.swift */ = {isa = PBXFileReference; lastKnownFileType = sourcecode.swift; path = NoteManager.swift; sourceTree = "<group>"; };
		6A6D3F1629EEB5BA00265124 /* FavouritesManager.swift */ = {isa = PBXFileReference; lastKnownFileType = sourcecode.swift; path = FavouritesManager.swift; sourceTree = "<group>"; };
		6A6D3F1829EEBA4500265124 /* FavouritesView.swift */ = {isa = PBXFileReference; lastKnownFileType = sourcecode.swift; path = FavouritesView.swift; sourceTree = "<group>"; };
		6A6D3F1A29EECA4500265124 /* thirdButtonGroupModified.swift */ = {isa = PBXFileReference; lastKnownFileType = sourcecode.swift; path = thirdButtonGroupModified.swift; sourceTree = "<group>"; };
		6A6D3F1D29EF748D00265124 /* NotesView.swift */ = {isa = PBXFileReference; lastKnownFileType = sourcecode.swift; path = NotesView.swift; sourceTree = "<group>"; };
		6A6D3F1F29EF75B300265124 /* addNewNoteView.swift */ = {isa = PBXFileReference; lastKnownFileType = sourcecode.swift; path = addNewNoteView.swift; sourceTree = "<group>"; };
		6A6D3F2129EF75E200265124 /* noteContentView.swift */ = {isa = PBXFileReference; lastKnownFileType = sourcecode.swift; path = noteContentView.swift; sourceTree = "<group>"; };
		6A6D3F2329EF94F700265124 /* PDFView.swift */ = {isa = PBXFileReference; lastKnownFileType = sourcecode.swift; path = PDFView.swift; sourceTree = "<group>"; };
		6A6D3F2A29EFC9BB00265124 /* mathEquationFAQ.swift */ = {isa = PBXFileReference; lastKnownFileType = sourcecode.swift; path = mathEquationFAQ.swift; sourceTree = "<group>"; };
		6A6D3F2E29F017AE00265124 /* PythagorasCalc.swift */ = {isa = PBXFileReference; lastKnownFileType = sourcecode.swift; path = PythagorasCalc.swift; sourceTree = "<group>"; };
		6A6D3F3029F025E300265124 /* LinearQuadEquationCalc.swift */ = {isa = PBXFileReference; lastKnownFileType = sourcecode.swift; path = LinearQuadEquationCalc.swift; sourceTree = "<group>"; };
		6A6D3F3229F0388300265124 /* GrapherView.swift */ = {isa = PBXFileReference; lastKnownFileType = sourcecode.swift; path = GrapherView.swift; sourceTree = "<group>"; };
		6A78917029F64FC4006D1F26 /* ShapesCalc.swift */ = {isa = PBXFileReference; lastKnownFileType = sourcecode.swift; path = ShapesCalc.swift; sourceTree = "<group>"; };
		6A89A13629C996F90007D0C1 /* WelcomeView.swift */ = {isa = PBXFileReference; lastKnownFileType = sourcecode.swift; path = WelcomeView.swift; sourceTree = "<group>"; };
		6ABC063A29F0D97100FE97A3 /* SetsCalc.swift */ = {isa = PBXFileReference; lastKnownFileType = sourcecode.swift; path = SetsCalc.swift; sourceTree = "<group>"; };
		6ABC063C29F1166300FE97A3 /* TrigoCalc.swift */ = {isa = PBXFileReference; lastKnownFileType = sourcecode.swift; path = TrigoCalc.swift; sourceTree = "<group>"; };
		6ABC063E29F126A500FE97A3 /* RandView.swift */ = {isa = PBXFileReference; lastKnownFileType = sourcecode.swift; path = RandView.swift; sourceTree = "<group>"; };
		6ABC06A629F143E600FE97A3 /* Number Sequences.pdf */ = {isa = PBXFileReference; lastKnownFileType = image.pdf; path = "Number Sequences.pdf"; sourceTree = "<group>"; };
		6ABC06A829F143E600FE97A3 /* Numbers and Their Operations Part 2.pdf */ = {isa = PBXFileReference; lastKnownFileType = image.pdf; path = "Numbers and Their Operations Part 2.pdf"; sourceTree = "<group>"; };
		6ABC06AA29F143E700FE97A3 /* Functions and Linear Graphs.pdf */ = {isa = PBXFileReference; lastKnownFileType = image.pdf; path = "Functions and Linear Graphs.pdf"; sourceTree = "<group>"; };
		6ABC06AC29F143E700FE97A3 /* Geometrical Construction.pdf */ = {isa = PBXFileReference; lastKnownFileType = image.pdf; path = "Geometrical Construction.pdf"; sourceTree = "<group>"; };
		6ABC06AF29F143E800FE97A3 /* Numbers and Their Operations Part 1.pdf */ = {isa = PBXFileReference; lastKnownFileType = image.pdf; path = "Numbers and Their Operations Part 1.pdf"; sourceTree = "<group>"; };
		6ABC06BA29F143FF00FE97A3 /* Ratio and Proportion.pdf */ = {isa = PBXFileReference; lastKnownFileType = image.pdf; path = "Ratio and Proportion.pdf"; sourceTree = "<group>"; };
		6ABC06BB29F143FF00FE97A3 /* Pythagoras Theorem.pdf */ = {isa = PBXFileReference; lastKnownFileType = image.pdf; path = "Pythagoras Theorem.pdf"; sourceTree = "<group>"; };
		6ABC06BC29F143FF00FE97A3 /* Trigonometric Ratios.pdf */ = {isa = PBXFileReference; lastKnownFileType = image.pdf; path = "Trigonometric Ratios.pdf"; sourceTree = "<group>"; };
		6ABC06C629F1440B00FE97A3 /* Functions and Graphs.pdf */ = {isa = PBXFileReference; lastKnownFileType = image.pdf; path = "Functions and Graphs.pdf"; sourceTree = "<group>"; };
		6ABC06C729F1440B00FE97A3 /* Futher Coordinate Geometry.pdf */ = {isa = PBXFileReference; lastKnownFileType = image.pdf; path = "Futher Coordinate Geometry.pdf"; sourceTree = "<group>"; };
		6ABC06C829F1440B00FE97A3 /* Coordinate Geometry.pdf */ = {isa = PBXFileReference; lastKnownFileType = image.pdf; path = "Coordinate Geometry.pdf"; sourceTree = "<group>"; };
		6ABC06C929F1440B00FE97A3 /* Quadratic Funcations, Equations, and Inequalities.pdf */ = {isa = PBXFileReference; lastKnownFileType = image.pdf; path = "Quadratic Funcations, Equations, and Inequalities.pdf"; sourceTree = "<group>"; };
		6ABC06CA29F1440B00FE97A3 /* Exponentials and Logarithms.pdf */ = {isa = PBXFileReference; lastKnownFileType = image.pdf; path = "Exponentials and Logarithms.pdf"; sourceTree = "<group>"; };
		6ABC06CC29F1440B00FE97A3 /* Surds.pdf */ = {isa = PBXFileReference; lastKnownFileType = image.pdf; path = Surds.pdf; sourceTree = "<group>"; };
		6ABC06CD29F1440B00FE97A3 /* Indices.pdf */ = {isa = PBXFileReference; lastKnownFileType = image.pdf; path = Indices.pdf; sourceTree = "<group>"; };
		6ABC06D629F18E4E00FE97A3 /* CalculationManager.swift */ = {isa = PBXFileReference; lastKnownFileType = sourcecode.swift; path = CalculationManager.swift; sourceTree = "<group>"; };
		6ABC06D829F1912800FE97A3 /* CalculationHistoryView.swift */ = {isa = PBXFileReference; lastKnownFileType = sourcecode.swift; path = CalculationHistoryView.swift; sourceTree = "<group>"; };
		6AD2F9CB2A0644E1001D6C64 /* BinaryConverter.swift */ = {isa = PBXFileReference; lastKnownFileType = sourcecode.swift; path = BinaryConverter.swift; sourceTree = "<group>"; };
		6AD2F9CD2A064656001D6C64 /* FormulasView.swift */ = {isa = PBXFileReference; lastKnownFileType = sourcecode.swift; path = FormulasView.swift; sourceTree = "<group>"; };
		6AD2F9CF2A064960001D6C64 /* Geometrical Properties of Circles.pdf */ = {isa = PBXFileReference; lastKnownFileType = image.pdf; path = "Geometrical Properties of Circles.pdf"; sourceTree = "<group>"; };
		6AE20F2329D0387100709B9F /* MathX-Mobile-Info.plist */ = {isa = PBXFileReference; lastKnownFileType = text.plist.xml; name = "MathX-Mobile-Info.plist"; path = "MathX_Mobile/Preview Content/MathX-Mobile-Info.plist"; sourceTree = SOURCE_ROOT; };
		6AEE93202A2D69850067A53B /* Polynomials and Partial Fractions.pdf */ = {isa = PBXFileReference; lastKnownFileType = image.pdf; path = "Polynomials and Partial Fractions.pdf"; sourceTree = "<group>"; };
		6AF54D2D29F9173E00722548 /* AverageCalc.swift */ = {isa = PBXFileReference; lastKnownFileType = sourcecode.swift; path = AverageCalc.swift; sourceTree = "<group>"; };
/* End PBXFileReference section */

/* Begin PBXFrameworksBuildPhase section */
		49E6CA9229BC845400DD2E02 /* Frameworks */ = {
			isa = PBXFrameworksBuildPhase;
			buildActionMask = 2147483647;
			files = (
				6A60E56829CB2E6B00F9C038 /* MathExpression in Frameworks */,
				6A54B94829CF150D0083909A /* LaTeXSwiftUI in Frameworks */,
				6AD2F9CA2A0644CA001D6C64 /* Equation in Frameworks */,
			);
			runOnlyForDeploymentPostprocessing = 0;
		};
		49E6CAA229BC845700DD2E02 /* Frameworks */ = {
			isa = PBXFrameworksBuildPhase;
			buildActionMask = 2147483647;
			files = (
			);
			runOnlyForDeploymentPostprocessing = 0;
		};
		49E6CAAC29BC845700DD2E02 /* Frameworks */ = {
			isa = PBXFrameworksBuildPhase;
			buildActionMask = 2147483647;
			files = (
			);
			runOnlyForDeploymentPostprocessing = 0;
		};
/* End PBXFrameworksBuildPhase section */

/* Begin PBXGroup section */
		49DD1A4329CB41E10040BA0D /* Tools */ = {
			isa = PBXGroup;
			children = (
				49E6CAC429BC84CD00DD2E02 /* ToolsView.swift */,
				6A1941192A2B7F3E001B3A29 /* Calculators */,
				6A19411A2A2B7F49001B3A29 /* Grapher */,
				6A19411B2A2B7F53001B3A29 /* Randomise */,
				6A19411D2A2B7F84001B3A29 /* Converters */,
				6A19411E2A2B7F8E001B3A29 /* Formulas */,
				498C0FD329BEF7E50079503C /* OCRView.swift */,
			);
			path = Tools;
			sourceTree = "<group>";
		};
		49E6CA8C29BC845400DD2E02 = {
			isa = PBXGroup;
			children = (
				49E6CA9729BC845400DD2E02 /* MathX_Mobile */,
				49E6CA9629BC845400DD2E02 /* Products */,
			);
			sourceTree = "<group>";
		};
		49E6CA9629BC845400DD2E02 /* Products */ = {
			isa = PBXGroup;
			children = (
				49E6CA9529BC845400DD2E02 /* MathX_Mobile.app */,
				49E6CAA529BC845700DD2E02 /* MathX_MobileTests.xctest */,
				49E6CAAF29BC845700DD2E02 /* MathX_MobileUITests.xctest */,
			);
			name = Products;
			sourceTree = "<group>";
		};
		49E6CA9729BC845400DD2E02 /* MathX_Mobile */ = {
			isa = PBXGroup;
			children = (
				6A1941152A2B7B5B001B3A29 /* Application */,
				6A60E56329CB1F0300F9C038 /* Extensions */,
				6A1941172A2B7BA0001B3A29 /* Managers */,
				6A1941162A2B7B70001B3A29 /* UI */,
				49E6CA9E29BC845700DD2E02 /* Preview Content */,
			);
			path = MathX_Mobile;
			sourceTree = "<group>";
		};
		49E6CA9E29BC845700DD2E02 /* Preview Content */ = {
			isa = PBXGroup;
			children = (
				6AEE93202A2D69850067A53B /* Polynomials and Partial Fractions.pdf */,
				6AD2F9CF2A064960001D6C64 /* Geometrical Properties of Circles.pdf */,
				6A52CB8829F6806000647A6E /* LightCuboid.scn */,
				6A52CB8429F6795600647A6E /* DarkCuboid.scn */,
				6A52CB8B29F683E000647A6E /* LightPyramid.scn */,
				6A52CB8A29F683E000647A6E /* DarkPyramid.scn */,
				6ABC06C829F1440B00FE97A3 /* Coordinate Geometry.pdf */,
				6ABC06CA29F1440B00FE97A3 /* Exponentials and Logarithms.pdf */,
				6ABC06C629F1440B00FE97A3 /* Functions and Graphs.pdf */,
				6ABC06C729F1440B00FE97A3 /* Futher Coordinate Geometry.pdf */,
				6ABC06CD29F1440B00FE97A3 /* Indices.pdf */,
				6ABC06C929F1440B00FE97A3 /* Quadratic Funcations, Equations, and Inequalities.pdf */,
				6ABC06CC29F1440B00FE97A3 /* Surds.pdf */,
				6ABC06AA29F143E700FE97A3 /* Functions and Linear Graphs.pdf */,
				6ABC06BB29F143FF00FE97A3 /* Pythagoras Theorem.pdf */,
				6ABC06BA29F143FF00FE97A3 /* Ratio and Proportion.pdf */,
				6ABC06BC29F143FF00FE97A3 /* Trigonometric Ratios.pdf */,
				6ABC06AC29F143E700FE97A3 /* Geometrical Construction.pdf */,
				6ABC06A629F143E600FE97A3 /* Number Sequences.pdf */,
				6ABC06AF29F143E800FE97A3 /* Numbers and Their Operations Part 1.pdf */,
				6ABC06A829F143E600FE97A3 /* Numbers and Their Operations Part 2.pdf */,
				6AE20F2329D0387100709B9F /* MathX-Mobile-Info.plist */,
				49E6CA9F29BC845700DD2E02 /* Preview Assets.xcassets */,
			);
			path = "Preview Content";
			sourceTree = "<group>";
		};
		6A1941152A2B7B5B001B3A29 /* Application */ = {
			isa = PBXGroup;
			children = (
				49E6CA9829BC845400DD2E02 /* MathX_MobileApp.swift */,
				49E6CA9A29BC845400DD2E02 /* ContentView.swift */,
				49E6CA9C29BC845700DD2E02 /* Assets.xcassets */,
			);
			path = Application;
			sourceTree = "<group>";
		};
		6A1941162A2B7B70001B3A29 /* UI */ = {
			isa = PBXGroup;
			children = (
				6A1941182A2B7BD1001B3A29 /* Main */,
				6A60E55B29CAEFE000F9C038 /* Scientific Calculator */,
				6A6D3F1C29EF741600265124 /* Cheatsheets */,
				6A6D3F1129EEA86200265124 /* Notes */,
				49DD1A4329CB41E10040BA0D /* Tools */,
			);
			path = UI;
			sourceTree = "<group>";
		};
		6A1941172A2B7BA0001B3A29 /* Managers */ = {
			isa = PBXGroup;
			children = (
				6A6D3F1429EEAE2A00265124 /* NoteManager.swift */,
				6ABC06D629F18E4E00FE97A3 /* CalculationManager.swift */,
				6A6D3F1629EEB5BA00265124 /* FavouritesManager.swift */,
			);
			path = Managers;
			sourceTree = "<group>";
		};
		6A1941182A2B7BD1001B3A29 /* Main */ = {
			isa = PBXGroup;
			children = (
				6A89A13629C996F90007D0C1 /* WelcomeView.swift */,
				49E6CAC229BC84BC00DD2E02 /* HomeView.swift */,
			);
			path = Main;
			sourceTree = "<group>";
		};
		6A1941192A2B7F3E001B3A29 /* Calculators */ = {
			isa = PBXGroup;
			children = (
				6AF54D2D29F9173E00722548 /* AverageCalc.swift */,
				6A78917029F64FC4006D1F26 /* ShapesCalc.swift */,
				6A6D3F2E29F017AE00265124 /* PythagorasCalc.swift */,
				6ABC063C29F1166300FE97A3 /* TrigoCalc.swift */,
				6ABC063A29F0D97100FE97A3 /* SetsCalc.swift */,
				6A6D3F3029F025E300265124 /* LinearQuadEquationCalc.swift */,
				495674C029BD5EEB00EB37DA /* HCFLCM.swift */,
			);
			path = Calculators;
			sourceTree = "<group>";
		};
		6A19411A2A2B7F49001B3A29 /* Grapher */ = {
			isa = PBXGroup;
			children = (
				6A6D3F3229F0388300265124 /* GrapherView.swift */,
			);
			path = Grapher;
			sourceTree = "<group>";
		};
		6A19411B2A2B7F53001B3A29 /* Randomise */ = {
			isa = PBXGroup;
			children = (
				6ABC063E29F126A500FE97A3 /* RandView.swift */,
			);
			path = Randomise;
			sourceTree = "<group>";
		};
		6A19411D2A2B7F84001B3A29 /* Converters */ = {
			isa = PBXGroup;
			children = (
				496462C529F14B1700FAB096 /* UnitConverter.swift */,
				6AD2F9CB2A0644E1001D6C64 /* BinaryConverter.swift */,
			);
			path = Converters;
			sourceTree = "<group>";
		};
		6A19411E2A2B7F8E001B3A29 /* Formulas */ = {
			isa = PBXGroup;
			children = (
				6AD2F9CD2A064656001D6C64 /* FormulasView.swift */,
			);
			path = Formulas;
			sourceTree = "<group>";
		};
		6A60E55B29CAEFE000F9C038 /* Scientific Calculator */ = {
			isa = PBXGroup;
			children = (
				4942F0AE29CAA49E00F85389 /* CalculatorView.swift */,
				6A6D3F1A29EECA4500265124 /* thirdButtonGroupModified.swift */,
				6ABC06D829F1912800FE97A3 /* CalculationHistoryView.swift */,
				6A60E55C29CAEFF200F9C038 /* Button Groups */,
			);
			path = "Scientific Calculator";
			sourceTree = "<group>";
		};
		6A60E55C29CAEFF200F9C038 /* Button Groups */ = {
			isa = PBXGroup;
			children = (
				6A60E55929CAEF7500F9C038 /* firstButtonGroup.swift */,
				6A60E55D29CB17B700F9C038 /* secondButtonGroup.swift */,
				6A60E55F29CB1B5600F9C038 /* thirdButtonGroup.swift */,
			);
			path = "Button Groups";
			sourceTree = "<group>";
		};
		6A60E56329CB1F0300F9C038 /* Extensions */ = {
			isa = PBXGroup;
			children = (
				6A54B94929CF42510083909A /* extensions.swift */,
				6A60E56129CB1EF700F9C038 /* subSuperScriptText.swift */,
			);
			path = Extensions;
			sourceTree = "<group>";
		};
		6A6D3F1129EEA86200265124 /* Notes */ = {
			isa = PBXGroup;
			children = (
				6A6D3F1D29EF748D00265124 /* NotesView.swift */,
				6A6D3F1F29EF75B300265124 /* addNewNoteView.swift */,
				6A6D3F2129EF75E200265124 /* noteContentView.swift */,
				6A6D3F2A29EFC9BB00265124 /* mathEquationFAQ.swift */,
			);
			path = Notes;
			sourceTree = "<group>";
		};
		6A6D3F1C29EF741600265124 /* Cheatsheets */ = {
			isa = PBXGroup;
			children = (
				6A6D3F1229EEA87200265124 /* CheatsheetsView.swift */,
				6A6D3F1829EEBA4500265124 /* FavouritesView.swift */,
				6A6D3F2329EF94F700265124 /* PDFView.swift */,
			);
			path = Cheatsheets;
			sourceTree = "<group>";
		};
/* End PBXGroup section */

/* Begin PBXNativeTarget section */
		49E6CA9429BC845400DD2E02 /* MathX_Mobile */ = {
			isa = PBXNativeTarget;
			buildConfigurationList = 49E6CAB929BC845700DD2E02 /* Build configuration list for PBXNativeTarget "MathX_Mobile" */;
			buildPhases = (
				49E6CA9129BC845400DD2E02 /* Sources */,
				49E6CA9229BC845400DD2E02 /* Frameworks */,
				49E6CA9329BC845400DD2E02 /* Resources */,
			);
			buildRules = (
			);
			dependencies = (
			);
			name = MathX_Mobile;
			packageProductDependencies = (
				6A60E56729CB2E6B00F9C038 /* MathExpression */,
				6A54B94729CF150D0083909A /* LaTeXSwiftUI */,
				6AD2F9C92A0644CA001D6C64 /* Equation */,
			);
			productName = MathX_Mobile;
			productReference = 49E6CA9529BC845400DD2E02 /* MathX_Mobile.app */;
			productType = "com.apple.product-type.application";
		};
		49E6CAA429BC845700DD2E02 /* MathX_MobileTests */ = {
			isa = PBXNativeTarget;
			buildConfigurationList = 49E6CABC29BC845700DD2E02 /* Build configuration list for PBXNativeTarget "MathX_MobileTests" */;
			buildPhases = (
				49E6CAA129BC845700DD2E02 /* Sources */,
				49E6CAA229BC845700DD2E02 /* Frameworks */,
				49E6CAA329BC845700DD2E02 /* Resources */,
			);
			buildRules = (
			);
			dependencies = (
				49E6CAA729BC845700DD2E02 /* PBXTargetDependency */,
			);
			name = MathX_MobileTests;
			productName = MathX_MobileTests;
			productReference = 49E6CAA529BC845700DD2E02 /* MathX_MobileTests.xctest */;
			productType = "com.apple.product-type.bundle.unit-test";
		};
		49E6CAAE29BC845700DD2E02 /* MathX_MobileUITests */ = {
			isa = PBXNativeTarget;
			buildConfigurationList = 49E6CABF29BC845700DD2E02 /* Build configuration list for PBXNativeTarget "MathX_MobileUITests" */;
			buildPhases = (
				49E6CAAB29BC845700DD2E02 /* Sources */,
				49E6CAAC29BC845700DD2E02 /* Frameworks */,
				49E6CAAD29BC845700DD2E02 /* Resources */,
			);
			buildRules = (
			);
			dependencies = (
				49E6CAB129BC845700DD2E02 /* PBXTargetDependency */,
			);
			name = MathX_MobileUITests;
			productName = MathX_MobileUITests;
			productReference = 49E6CAAF29BC845700DD2E02 /* MathX_MobileUITests.xctest */;
			productType = "com.apple.product-type.bundle.ui-testing";
		};
/* End PBXNativeTarget section */

/* Begin PBXProject section */
		49E6CA8D29BC845400DD2E02 /* Project object */ = {
			isa = PBXProject;
			attributes = {
				BuildIndependentTargetsInParallel = 1;
				LastSwiftUpdateCheck = 1420;
				LastUpgradeCheck = 1420;
				TargetAttributes = {
					49E6CA9429BC845400DD2E02 = {
						CreatedOnToolsVersion = 14.2;
					};
					49E6CAA429BC845700DD2E02 = {
						CreatedOnToolsVersion = 14.2;
						TestTargetID = 49E6CA9429BC845400DD2E02;
					};
					49E6CAAE29BC845700DD2E02 = {
						CreatedOnToolsVersion = 14.2;
						TestTargetID = 49E6CA9429BC845400DD2E02;
					};
				};
			};
			buildConfigurationList = 49E6CA9029BC845400DD2E02 /* Build configuration list for PBXProject "MathX_Mobile" */;
			compatibilityVersion = "Xcode 14.0";
			developmentRegion = en;
			hasScannedForEncodings = 0;
			knownRegions = (
				en,
				Base,
			);
			mainGroup = 49E6CA8C29BC845400DD2E02;
			packageReferences = (
				6A60E56629CB2E6B00F9C038 /* XCRemoteSwiftPackageReference "MathExpression" */,
				6A54B94629CF150D0083909A /* XCRemoteSwiftPackageReference "LaTeXSwiftUI" */,
				6AD2F9C82A0644CA001D6C64 /* XCRemoteSwiftPackageReference "Equation" */,
			);
			productRefGroup = 49E6CA9629BC845400DD2E02 /* Products */;
			projectDirPath = "";
			projectRoot = "";
			targets = (
				49E6CA9429BC845400DD2E02 /* MathX_Mobile */,
				49E6CAA429BC845700DD2E02 /* MathX_MobileTests */,
				49E6CAAE29BC845700DD2E02 /* MathX_MobileUITests */,
			);
		};
/* End PBXProject section */

/* Begin PBXResourcesBuildPhase section */
		49E6CA9329BC845400DD2E02 /* Resources */ = {
			isa = PBXResourcesBuildPhase;
			buildActionMask = 2147483647;
			files = (
				6ABC06D129F1440C00FE97A3 /* Quadratic Funcations, Equations, and Inequalities.pdf in Resources */,
				6ABC06CF29F1440C00FE97A3 /* Futher Coordinate Geometry.pdf in Resources */,
				6ABC06CE29F1440C00FE97A3 /* Functions and Graphs.pdf in Resources */,
				6A52CB8C29F683E000647A6E /* DarkPyramid.scn in Resources */,
				6A52CB8D29F683E000647A6E /* LightPyramid.scn in Resources */,
				6ABC06D029F1440C00FE97A3 /* Coordinate Geometry.pdf in Resources */,
				6ABC06D529F1440C00FE97A3 /* Indices.pdf in Resources */,
				6ABC06C129F1440000FE97A3 /* Pythagoras Theorem.pdf in Resources */,
				6ABC06B629F143E800FE97A3 /* Geometrical Construction.pdf in Resources */,
				6ABC06C029F1440000FE97A3 /* Ratio and Proportion.pdf in Resources */,
				6ABC06B929F143E800FE97A3 /* Numbers and Their Operations Part 1.pdf in Resources */,
				6AEE93212A2D69850067A53B /* Polynomials and Partial Fractions.pdf in Resources */,
				6A52CB8929F6806000647A6E /* LightCuboid.scn in Resources */,
				49E6CAA029BC845700DD2E02 /* Preview Assets.xcassets in Resources */,
				6ABC06B029F143E800FE97A3 /* Number Sequences.pdf in Resources */,
				6ABC06D429F1440C00FE97A3 /* Surds.pdf in Resources */,
				6ABC06D229F1440C00FE97A3 /* Exponentials and Logarithms.pdf in Resources */,
				6ABC06B229F143E800FE97A3 /* Numbers and Their Operations Part 2.pdf in Resources */,
				6AD2F9D02A064960001D6C64 /* Geometrical Properties of Circles.pdf in Resources */,
				6ABC06B429F143E800FE97A3 /* Functions and Linear Graphs.pdf in Resources */,
				49E6CA9D29BC845700DD2E02 /* Assets.xcassets in Resources */,
				6ABC06C229F1440000FE97A3 /* Trigonometric Ratios.pdf in Resources */,
				6A52CB8529F6795600647A6E /* DarkCuboid.scn in Resources */,
			);
			runOnlyForDeploymentPostprocessing = 0;
		};
		49E6CAA329BC845700DD2E02 /* Resources */ = {
			isa = PBXResourcesBuildPhase;
			buildActionMask = 2147483647;
			files = (
			);
			runOnlyForDeploymentPostprocessing = 0;
		};
		49E6CAAD29BC845700DD2E02 /* Resources */ = {
			isa = PBXResourcesBuildPhase;
			buildActionMask = 2147483647;
			files = (
			);
			runOnlyForDeploymentPostprocessing = 0;
		};
/* End PBXResourcesBuildPhase section */

/* Begin PBXSourcesBuildPhase section */
		49E6CA9129BC845400DD2E02 /* Sources */ = {
			isa = PBXSourcesBuildPhase;
			buildActionMask = 2147483647;
			files = (
				6ABC063B29F0D97100FE97A3 /* SetsCalc.swift in Sources */,
				6A6D3F2229EF75E200265124 /* noteContentView.swift in Sources */,
				49E6CAC329BC84BC00DD2E02 /* HomeView.swift in Sources */,
				6A6D3F1529EEAE2A00265124 /* NoteManager.swift in Sources */,
				6A6D3F1E29EF748D00265124 /* NotesView.swift in Sources */,
				49E6CA9B29BC845400DD2E02 /* ContentView.swift in Sources */,
				6ABC06D729F18E4E00FE97A3 /* CalculationManager.swift in Sources */,
				49E6CAC529BC84CD00DD2E02 /* ToolsView.swift in Sources */,
				6A60E55E29CB17B700F9C038 /* secondButtonGroup.swift in Sources */,
				4942F0AF29CAA49E00F85389 /* CalculatorView.swift in Sources */,
				6A54B94A29CF42510083909A /* extensions.swift in Sources */,
				6A89A13729C996F90007D0C1 /* WelcomeView.swift in Sources */,
				6A6D3F1729EEB5BB00265124 /* FavouritesManager.swift in Sources */,
				6A60E55A29CAEF7500F9C038 /* firstButtonGroup.swift in Sources */,
				6A6D3F2429EF94F700265124 /* PDFView.swift in Sources */,
				6A78917129F64FC4006D1F26 /* ShapesCalc.swift in Sources */,
				6A60E56229CB1EF700F9C038 /* subSuperScriptText.swift in Sources */,
				6A6D3F3329F0388300265124 /* GrapherView.swift in Sources */,
				6A60E56029CB1B5600F9C038 /* thirdButtonGroup.swift in Sources */,
				498C0FD429BEF7E50079503C /* OCRView.swift in Sources */,
				6ABC06D929F1912800FE97A3 /* CalculationHistoryView.swift in Sources */,
				496462C629F14B1700FAB096 /* UnitConverter.swift in Sources */,
				6ABC063D29F1166300FE97A3 /* TrigoCalc.swift in Sources */,
				6A6D3F2B29EFC9BB00265124 /* mathEquationFAQ.swift in Sources */,
				6A6D3F1B29EECA4500265124 /* thirdButtonGroupModified.swift in Sources */,
				6A6D3F2F29F017AE00265124 /* PythagorasCalc.swift in Sources */,
				6A6D3F3129F025E300265124 /* LinearQuadEquationCalc.swift in Sources */,
				6AF54D2E29F9173E00722548 /* AverageCalc.swift in Sources */,
				6ABC063F29F126A500FE97A3 /* RandView.swift in Sources */,
				6AD2F9CE2A064656001D6C64 /* FormulasView.swift in Sources */,
				495674C129BD5EEB00EB37DA /* HCFLCM.swift in Sources */,
				6A6D3F2029EF75B300265124 /* addNewNoteView.swift in Sources */,
				6AD2F9CC2A0644E1001D6C64 /* BinaryConverter.swift in Sources */,
				6A6D3F1929EEBA4500265124 /* FavouritesView.swift in Sources */,
				6A6D3F1329EEA87200265124 /* CheatsheetsView.swift in Sources */,
				49E6CA9929BC845400DD2E02 /* MathX_MobileApp.swift in Sources */,
			);
			runOnlyForDeploymentPostprocessing = 0;
		};
		49E6CAA129BC845700DD2E02 /* Sources */ = {
			isa = PBXSourcesBuildPhase;
			buildActionMask = 2147483647;
			files = (
			);
			runOnlyForDeploymentPostprocessing = 0;
		};
		49E6CAAB29BC845700DD2E02 /* Sources */ = {
			isa = PBXSourcesBuildPhase;
			buildActionMask = 2147483647;
			files = (
			);
			runOnlyForDeploymentPostprocessing = 0;
		};
/* End PBXSourcesBuildPhase section */

/* Begin PBXTargetDependency section */
		49E6CAA729BC845700DD2E02 /* PBXTargetDependency */ = {
			isa = PBXTargetDependency;
			target = 49E6CA9429BC845400DD2E02 /* MathX_Mobile */;
			targetProxy = 49E6CAA629BC845700DD2E02 /* PBXContainerItemProxy */;
		};
		49E6CAB129BC845700DD2E02 /* PBXTargetDependency */ = {
			isa = PBXTargetDependency;
			target = 49E6CA9429BC845400DD2E02 /* MathX_Mobile */;
			targetProxy = 49E6CAB029BC845700DD2E02 /* PBXContainerItemProxy */;
		};
/* End PBXTargetDependency section */

/* Begin XCBuildConfiguration section */
		49E6CAB729BC845700DD2E02 /* Debug */ = {
			isa = XCBuildConfiguration;
			buildSettings = {
				ALWAYS_SEARCH_USER_PATHS = NO;
				CLANG_ANALYZER_NONNULL = YES;
				CLANG_ANALYZER_NUMBER_OBJECT_CONVERSION = YES_AGGRESSIVE;
				CLANG_CXX_LANGUAGE_STANDARD = "gnu++20";
				CLANG_ENABLE_MODULES = YES;
				CLANG_ENABLE_OBJC_ARC = YES;
				CLANG_ENABLE_OBJC_WEAK = YES;
				CLANG_WARN_BLOCK_CAPTURE_AUTORELEASING = YES;
				CLANG_WARN_BOOL_CONVERSION = YES;
				CLANG_WARN_COMMA = YES;
				CLANG_WARN_CONSTANT_CONVERSION = YES;
				CLANG_WARN_DEPRECATED_OBJC_IMPLEMENTATIONS = YES;
				CLANG_WARN_DIRECT_OBJC_ISA_USAGE = YES_ERROR;
				CLANG_WARN_DOCUMENTATION_COMMENTS = YES;
				CLANG_WARN_EMPTY_BODY = YES;
				CLANG_WARN_ENUM_CONVERSION = YES;
				CLANG_WARN_INFINITE_RECURSION = YES;
				CLANG_WARN_INT_CONVERSION = YES;
				CLANG_WARN_NON_LITERAL_NULL_CONVERSION = YES;
				CLANG_WARN_OBJC_IMPLICIT_RETAIN_SELF = YES;
				CLANG_WARN_OBJC_LITERAL_CONVERSION = YES;
				CLANG_WARN_OBJC_ROOT_CLASS = YES_ERROR;
				CLANG_WARN_QUOTED_INCLUDE_IN_FRAMEWORK_HEADER = YES;
				CLANG_WARN_RANGE_LOOP_ANALYSIS = YES;
				CLANG_WARN_STRICT_PROTOTYPES = YES;
				CLANG_WARN_SUSPICIOUS_MOVE = YES;
				CLANG_WARN_UNGUARDED_AVAILABILITY = YES_AGGRESSIVE;
				CLANG_WARN_UNREACHABLE_CODE = YES;
				CLANG_WARN__DUPLICATE_METHOD_MATCH = YES;
				COPY_PHASE_STRIP = NO;
				DEBUG_INFORMATION_FORMAT = dwarf;
				ENABLE_STRICT_OBJC_MSGSEND = YES;
				ENABLE_TESTABILITY = YES;
				GCC_C_LANGUAGE_STANDARD = gnu11;
				GCC_DYNAMIC_NO_PIC = NO;
				GCC_NO_COMMON_BLOCKS = YES;
				GCC_OPTIMIZATION_LEVEL = 0;
				GCC_PREPROCESSOR_DEFINITIONS = (
					"DEBUG=1",
					"$(inherited)",
				);
				GCC_WARN_64_TO_32_BIT_CONVERSION = YES;
				GCC_WARN_ABOUT_RETURN_TYPE = YES_ERROR;
				GCC_WARN_UNDECLARED_SELECTOR = YES;
				GCC_WARN_UNINITIALIZED_AUTOS = YES_AGGRESSIVE;
				GCC_WARN_UNUSED_FUNCTION = YES;
				GCC_WARN_UNUSED_VARIABLE = YES;
				IPHONEOS_DEPLOYMENT_TARGET = 16.0;
				MTL_ENABLE_DEBUG_INFO = INCLUDE_SOURCE;
				MTL_FAST_MATH = YES;
				ONLY_ACTIVE_ARCH = YES;
				SDKROOT = iphoneos;
				SWIFT_ACTIVE_COMPILATION_CONDITIONS = DEBUG;
				SWIFT_OPTIMIZATION_LEVEL = "-Onone";
			};
			name = Debug;
		};
		49E6CAB829BC845700DD2E02 /* Release */ = {
			isa = XCBuildConfiguration;
			buildSettings = {
				ALWAYS_SEARCH_USER_PATHS = NO;
				CLANG_ANALYZER_NONNULL = YES;
				CLANG_ANALYZER_NUMBER_OBJECT_CONVERSION = YES_AGGRESSIVE;
				CLANG_CXX_LANGUAGE_STANDARD = "gnu++20";
				CLANG_ENABLE_MODULES = YES;
				CLANG_ENABLE_OBJC_ARC = YES;
				CLANG_ENABLE_OBJC_WEAK = YES;
				CLANG_WARN_BLOCK_CAPTURE_AUTORELEASING = YES;
				CLANG_WARN_BOOL_CONVERSION = YES;
				CLANG_WARN_COMMA = YES;
				CLANG_WARN_CONSTANT_CONVERSION = YES;
				CLANG_WARN_DEPRECATED_OBJC_IMPLEMENTATIONS = YES;
				CLANG_WARN_DIRECT_OBJC_ISA_USAGE = YES_ERROR;
				CLANG_WARN_DOCUMENTATION_COMMENTS = YES;
				CLANG_WARN_EMPTY_BODY = YES;
				CLANG_WARN_ENUM_CONVERSION = YES;
				CLANG_WARN_INFINITE_RECURSION = YES;
				CLANG_WARN_INT_CONVERSION = YES;
				CLANG_WARN_NON_LITERAL_NULL_CONVERSION = YES;
				CLANG_WARN_OBJC_IMPLICIT_RETAIN_SELF = YES;
				CLANG_WARN_OBJC_LITERAL_CONVERSION = YES;
				CLANG_WARN_OBJC_ROOT_CLASS = YES_ERROR;
				CLANG_WARN_QUOTED_INCLUDE_IN_FRAMEWORK_HEADER = YES;
				CLANG_WARN_RANGE_LOOP_ANALYSIS = YES;
				CLANG_WARN_STRICT_PROTOTYPES = YES;
				CLANG_WARN_SUSPICIOUS_MOVE = YES;
				CLANG_WARN_UNGUARDED_AVAILABILITY = YES_AGGRESSIVE;
				CLANG_WARN_UNREACHABLE_CODE = YES;
				CLANG_WARN__DUPLICATE_METHOD_MATCH = YES;
				COPY_PHASE_STRIP = NO;
				DEBUG_INFORMATION_FORMAT = "dwarf-with-dsym";
				ENABLE_NS_ASSERTIONS = NO;
				ENABLE_STRICT_OBJC_MSGSEND = YES;
				GCC_C_LANGUAGE_STANDARD = gnu11;
				GCC_NO_COMMON_BLOCKS = YES;
				GCC_WARN_64_TO_32_BIT_CONVERSION = YES;
				GCC_WARN_ABOUT_RETURN_TYPE = YES_ERROR;
				GCC_WARN_UNDECLARED_SELECTOR = YES;
				GCC_WARN_UNINITIALIZED_AUTOS = YES_AGGRESSIVE;
				GCC_WARN_UNUSED_FUNCTION = YES;
				GCC_WARN_UNUSED_VARIABLE = YES;
				IPHONEOS_DEPLOYMENT_TARGET = 16.0;
				MTL_ENABLE_DEBUG_INFO = NO;
				MTL_FAST_MATH = YES;
				SDKROOT = iphoneos;
				SWIFT_COMPILATION_MODE = wholemodule;
				SWIFT_OPTIMIZATION_LEVEL = "-O";
				VALIDATE_PRODUCT = YES;
			};
			name = Release;
		};
		49E6CABA29BC845700DD2E02 /* Debug */ = {
			isa = XCBuildConfiguration;
			buildSettings = {
				ASSETCATALOG_COMPILER_APPICON_NAME = AppIcon;
				ASSETCATALOG_COMPILER_GLOBAL_ACCENT_COLOR_NAME = AccentColor;
				CODE_SIGN_STYLE = Automatic;
				CURRENT_PROJECT_VERSION = 1;
				DEVELOPMENT_ASSET_PATHS = "\"MathX_Mobile/Preview Content\"";
				DEVELOPMENT_TEAM = DBBLGF84W3;
				ENABLE_PREVIEWS = YES;
				GENERATE_INFOPLIST_FILE = YES;
				INFOPLIST_FILE = "MathX-Mobile-Info.plist";
				INFOPLIST_KEY_CFBundleDisplayName = MathX;
				INFOPLIST_KEY_LSApplicationCategoryType = "public.app-category.utilities";
				INFOPLIST_KEY_UIApplicationSceneManifest_Generation = YES;
				INFOPLIST_KEY_UIApplicationSupportsIndirectInputEvents = YES;
				INFOPLIST_KEY_UILaunchScreen_Generation = YES;
				INFOPLIST_KEY_UISupportedInterfaceOrientations = UIInterfaceOrientationPortrait;
				INFOPLIST_KEY_UISupportedInterfaceOrientations_iPad = "UIInterfaceOrientationLandscapeLeft UIInterfaceOrientationLandscapeRight UIInterfaceOrientationPortrait UIInterfaceOrientationPortraitUpsideDown";
				IPHONEOS_DEPLOYMENT_TARGET = 16.0;
				LD_RUNPATH_SEARCH_PATHS = (
					"$(inherited)",
					"@executable_path/Frameworks",
				);
				MARKETING_VERSION = 1.0;
				PRODUCT_BUNDLE_IDENTIFIER = "AppCatalyst.MathX-Mobile";
				PRODUCT_NAME = "$(TARGET_NAME)";
				SUPPORTED_PLATFORMS = "iphoneos iphonesimulator";
				SUPPORTS_MACCATALYST = NO;
				SUPPORTS_MAC_DESIGNED_FOR_IPHONE_IPAD = NO;
				SWIFT_EMIT_LOC_STRINGS = YES;
				SWIFT_VERSION = 5.0;
				TARGETED_DEVICE_FAMILY = "1,2";
			};
			name = Debug;
		};
		49E6CABB29BC845700DD2E02 /* Release */ = {
			isa = XCBuildConfiguration;
			buildSettings = {
				ASSETCATALOG_COMPILER_APPICON_NAME = AppIcon;
				ASSETCATALOG_COMPILER_GLOBAL_ACCENT_COLOR_NAME = AccentColor;
				CODE_SIGN_STYLE = Automatic;
				CURRENT_PROJECT_VERSION = 1;
				DEVELOPMENT_ASSET_PATHS = "\"MathX_Mobile/Preview Content\"";
				DEVELOPMENT_TEAM = DBBLGF84W3;
				ENABLE_PREVIEWS = YES;
				GENERATE_INFOPLIST_FILE = YES;
				INFOPLIST_FILE = "MathX-Mobile-Info.plist";
				INFOPLIST_KEY_CFBundleDisplayName = MathX;
				INFOPLIST_KEY_LSApplicationCategoryType = "public.app-category.utilities";
				INFOPLIST_KEY_UIApplicationSceneManifest_Generation = YES;
				INFOPLIST_KEY_UIApplicationSupportsIndirectInputEvents = YES;
				INFOPLIST_KEY_UILaunchScreen_Generation = YES;
				INFOPLIST_KEY_UISupportedInterfaceOrientations = UIInterfaceOrientationPortrait;
				INFOPLIST_KEY_UISupportedInterfaceOrientations_iPad = "UIInterfaceOrientationLandscapeLeft UIInterfaceOrientationLandscapeRight UIInterfaceOrientationPortrait UIInterfaceOrientationPortraitUpsideDown";
				IPHONEOS_DEPLOYMENT_TARGET = 16.0;
				LD_RUNPATH_SEARCH_PATHS = (
					"$(inherited)",
					"@executable_path/Frameworks",
				);
				MARKETING_VERSION = 1.0;
				PRODUCT_BUNDLE_IDENTIFIER = "AppCatalyst.MathX-Mobile";
				PRODUCT_NAME = "$(TARGET_NAME)";
				SUPPORTED_PLATFORMS = "iphoneos iphonesimulator";
				SUPPORTS_MACCATALYST = NO;
				SUPPORTS_MAC_DESIGNED_FOR_IPHONE_IPAD = NO;
				SWIFT_EMIT_LOC_STRINGS = YES;
				SWIFT_VERSION = 5.0;
				TARGETED_DEVICE_FAMILY = "1,2";
			};
			name = Release;
		};
		49E6CABD29BC845700DD2E02 /* Debug */ = {
			isa = XCBuildConfiguration;
			buildSettings = {
				ALWAYS_EMBED_SWIFT_STANDARD_LIBRARIES = YES;
				BUNDLE_LOADER = "$(TEST_HOST)";
				CODE_SIGN_STYLE = Automatic;
				CURRENT_PROJECT_VERSION = 1;
				DEVELOPMENT_TEAM = 67PAUT5FCD;
				GENERATE_INFOPLIST_FILE = YES;
				IPHONEOS_DEPLOYMENT_TARGET = 16.2;
				MARKETING_VERSION = 1.0;
				PRODUCT_BUNDLE_IDENTIFIER = "AppCatalyst.MathX-MobileTests";
				PRODUCT_NAME = "$(TARGET_NAME)";
				SWIFT_EMIT_LOC_STRINGS = NO;
				SWIFT_VERSION = 5.0;
				TARGETED_DEVICE_FAMILY = "1,2";
				TEST_HOST = "$(BUILT_PRODUCTS_DIR)/MathX_Mobile.app/$(BUNDLE_EXECUTABLE_FOLDER_PATH)/MathX_Mobile";
			};
			name = Debug;
		};
		49E6CABE29BC845700DD2E02 /* Release */ = {
			isa = XCBuildConfiguration;
			buildSettings = {
				ALWAYS_EMBED_SWIFT_STANDARD_LIBRARIES = YES;
				BUNDLE_LOADER = "$(TEST_HOST)";
				CODE_SIGN_STYLE = Automatic;
				CURRENT_PROJECT_VERSION = 1;
				DEVELOPMENT_TEAM = 67PAUT5FCD;
				GENERATE_INFOPLIST_FILE = YES;
				IPHONEOS_DEPLOYMENT_TARGET = 16.2;
				MARKETING_VERSION = 1.0;
				PRODUCT_BUNDLE_IDENTIFIER = "AppCatalyst.MathX-MobileTests";
				PRODUCT_NAME = "$(TARGET_NAME)";
				SWIFT_EMIT_LOC_STRINGS = NO;
				SWIFT_VERSION = 5.0;
				TARGETED_DEVICE_FAMILY = "1,2";
				TEST_HOST = "$(BUILT_PRODUCTS_DIR)/MathX_Mobile.app/$(BUNDLE_EXECUTABLE_FOLDER_PATH)/MathX_Mobile";
			};
			name = Release;
		};
		49E6CAC029BC845700DD2E02 /* Debug */ = {
			isa = XCBuildConfiguration;
			buildSettings = {
				ALWAYS_EMBED_SWIFT_STANDARD_LIBRARIES = YES;
				CODE_SIGN_STYLE = Automatic;
				CURRENT_PROJECT_VERSION = 1;
				DEVELOPMENT_TEAM = 67PAUT5FCD;
				GENERATE_INFOPLIST_FILE = YES;
				MARKETING_VERSION = 1.0;
				PRODUCT_BUNDLE_IDENTIFIER = "AppCatalyst.MathX-MobileUITests";
				PRODUCT_NAME = "$(TARGET_NAME)";
				SWIFT_EMIT_LOC_STRINGS = NO;
				SWIFT_VERSION = 5.0;
				TARGETED_DEVICE_FAMILY = "1,2";
				TEST_TARGET_NAME = MathX_Mobile;
			};
			name = Debug;
		};
		49E6CAC129BC845700DD2E02 /* Release */ = {
			isa = XCBuildConfiguration;
			buildSettings = {
				ALWAYS_EMBED_SWIFT_STANDARD_LIBRARIES = YES;
				CODE_SIGN_STYLE = Automatic;
				CURRENT_PROJECT_VERSION = 1;
				DEVELOPMENT_TEAM = 67PAUT5FCD;
				GENERATE_INFOPLIST_FILE = YES;
				MARKETING_VERSION = 1.0;
				PRODUCT_BUNDLE_IDENTIFIER = "AppCatalyst.MathX-MobileUITests";
				PRODUCT_NAME = "$(TARGET_NAME)";
				SWIFT_EMIT_LOC_STRINGS = NO;
				SWIFT_VERSION = 5.0;
				TARGETED_DEVICE_FAMILY = "1,2";
				TEST_TARGET_NAME = MathX_Mobile;
			};
			name = Release;
		};
/* End XCBuildConfiguration section */

/* Begin XCConfigurationList section */
		49E6CA9029BC845400DD2E02 /* Build configuration list for PBXProject "MathX_Mobile" */ = {
			isa = XCConfigurationList;
			buildConfigurations = (
				49E6CAB729BC845700DD2E02 /* Debug */,
				49E6CAB829BC845700DD2E02 /* Release */,
			);
			defaultConfigurationIsVisible = 0;
			defaultConfigurationName = Release;
		};
		49E6CAB929BC845700DD2E02 /* Build configuration list for PBXNativeTarget "MathX_Mobile" */ = {
			isa = XCConfigurationList;
			buildConfigurations = (
				49E6CABA29BC845700DD2E02 /* Debug */,
				49E6CABB29BC845700DD2E02 /* Release */,
			);
			defaultConfigurationIsVisible = 0;
			defaultConfigurationName = Release;
		};
		49E6CABC29BC845700DD2E02 /* Build configuration list for PBXNativeTarget "MathX_MobileTests" */ = {
			isa = XCConfigurationList;
			buildConfigurations = (
				49E6CABD29BC845700DD2E02 /* Debug */,
				49E6CABE29BC845700DD2E02 /* Release */,
			);
			defaultConfigurationIsVisible = 0;
			defaultConfigurationName = Release;
		};
		49E6CABF29BC845700DD2E02 /* Build configuration list for PBXNativeTarget "MathX_MobileUITests" */ = {
			isa = XCConfigurationList;
			buildConfigurations = (
				49E6CAC029BC845700DD2E02 /* Debug */,
				49E6CAC129BC845700DD2E02 /* Release */,
			);
			defaultConfigurationIsVisible = 0;
			defaultConfigurationName = Release;
		};
/* End XCConfigurationList section */

/* Begin XCRemoteSwiftPackageReference section */
		6A54B94629CF150D0083909A /* XCRemoteSwiftPackageReference "LaTeXSwiftUI" */ = {
			isa = XCRemoteSwiftPackageReference;
			repositoryURL = "https://github.com/colinc86/LaTeXSwiftUI";
			requirement = {
				kind = exactVersion;
				version = 1.0.4;
			};
		};
		6A60E56629CB2E6B00F9C038 /* XCRemoteSwiftPackageReference "MathExpression" */ = {
			isa = XCRemoteSwiftPackageReference;
			repositoryURL = "https://github.com/peredaniel/MathExpression";
			requirement = {
				kind = upToNextMajorVersion;
				minimumVersion = 1.0.0;
			};
		};
		6AD2F9C82A0644CA001D6C64 /* XCRemoteSwiftPackageReference "Equation" */ = {
			isa = XCRemoteSwiftPackageReference;
			repositoryURL = "https://github.com/KaiTheRedNinja/Equation";
			requirement = {
				branch = main;
				kind = branch;
			};
		};
/* End XCRemoteSwiftPackageReference section */

/* Begin XCSwiftPackageProductDependency section */
		6A54B94729CF150D0083909A /* LaTeXSwiftUI */ = {
			isa = XCSwiftPackageProductDependency;
			package = 6A54B94629CF150D0083909A /* XCRemoteSwiftPackageReference "LaTeXSwiftUI" */;
			productName = LaTeXSwiftUI;
		};
		6A60E56729CB2E6B00F9C038 /* MathExpression */ = {
			isa = XCSwiftPackageProductDependency;
			package = 6A60E56629CB2E6B00F9C038 /* XCRemoteSwiftPackageReference "MathExpression" */;
			productName = MathExpression;
		};
		6AD2F9C92A0644CA001D6C64 /* Equation */ = {
			isa = XCSwiftPackageProductDependency;
			package = 6AD2F9C82A0644CA001D6C64 /* XCRemoteSwiftPackageReference "Equation" */;
			productName = Equation;
		};
/* End XCSwiftPackageProductDependency section */
	};
	rootObject = 49E6CA8D29BC845400DD2E02 /* Project object */;
}
