// !$*UTF8*$!
{
	archiveVersion = 1;
	classes = {
	};
	objectVersion = 56;
	objects = {

/* Begin PBXBuildFile section */
		4942F0AD29CAA41B00F85389 /* Cheatsheets.swift in Sources */ = {isa = PBXBuildFile; fileRef = 4942F0AC29CAA41B00F85389 /* Cheatsheets.swift */; };
		4942F0AF29CAA49E00F85389 /* CalculatorView.swift in Sources */ = {isa = PBXBuildFile; fileRef = 4942F0AE29CAA49E00F85389 /* CalculatorView.swift */; };
		495674C129BD5EEB00EB37DA /* HCFLCM.swift in Sources */ = {isa = PBXBuildFile; fileRef = 495674C029BD5EEB00EB37DA /* HCFLCM.swift */; };
		498C0FD429BEF7E50079503C /* OCRView.swift in Sources */ = {isa = PBXBuildFile; fileRef = 498C0FD329BEF7E50079503C /* OCRView.swift */; };
		49E6CA9929BC845400DD2E02 /* MathX_MobileApp.swift in Sources */ = {isa = PBXBuildFile; fileRef = 49E6CA9829BC845400DD2E02 /* MathX_MobileApp.swift */; };
		49E6CA9B29BC845400DD2E02 /* ContentView.swift in Sources */ = {isa = PBXBuildFile; fileRef = 49E6CA9A29BC845400DD2E02 /* ContentView.swift */; };
		49E6CA9D29BC845700DD2E02 /* Assets.xcassets in Resources */ = {isa = PBXBuildFile; fileRef = 49E6CA9C29BC845700DD2E02 /* Assets.xcassets */; };
		49E6CAA029BC845700DD2E02 /* Preview Assets.xcassets in Resources */ = {isa = PBXBuildFile; fileRef = 49E6CA9F29BC845700DD2E02 /* Preview Assets.xcassets */; };
		49E6CAC329BC84BC00DD2E02 /* HomeView.swift in Sources */ = {isa = PBXBuildFile; fileRef = 49E6CAC229BC84BC00DD2E02 /* HomeView.swift */; };
		49E6CAC529BC84CD00DD2E02 /* ToolsView.swift in Sources */ = {isa = PBXBuildFile; fileRef = 49E6CAC429BC84CD00DD2E02 /* ToolsView.swift */; };
		49E6CAC729BC84DA00DD2E02 /* EmergencyView.swift in Sources */ = {isa = PBXBuildFile; fileRef = 49E6CAC629BC84DA00DD2E02 /* EmergencyView.swift */; };
		6A54B94829CF150D0083909A /* LaTeXSwiftUI in Frameworks */ = {isa = PBXBuildFile; productRef = 6A54B94729CF150D0083909A /* LaTeXSwiftUI */; };
		6A54B94A29CF42510083909A /* extensions.swift in Sources */ = {isa = PBXBuildFile; fileRef = 6A54B94929CF42510083909A /* extensions.swift */; };
		6A60E55A29CAEF7500F9C038 /* firstButtonGroup.swift in Sources */ = {isa = PBXBuildFile; fileRef = 6A60E55929CAEF7500F9C038 /* firstButtonGroup.swift */; };
		6A60E55E29CB17B700F9C038 /* secondButtonGroup.swift in Sources */ = {isa = PBXBuildFile; fileRef = 6A60E55D29CB17B700F9C038 /* secondButtonGroup.swift */; };
		6A60E56029CB1B5600F9C038 /* thirdButtonGroup.swift in Sources */ = {isa = PBXBuildFile; fileRef = 6A60E55F29CB1B5600F9C038 /* thirdButtonGroup.swift */; };
		6A60E56229CB1EF700F9C038 /* subSuperScriptText.swift in Sources */ = {isa = PBXBuildFile; fileRef = 6A60E56129CB1EF700F9C038 /* subSuperScriptText.swift */; };
		6A60E56829CB2E6B00F9C038 /* MathExpression in Frameworks */ = {isa = PBXBuildFile; productRef = 6A60E56729CB2E6B00F9C038 /* MathExpression */; };
		6A6D3F1329EEA87200265124 /* NotesView.swift in Sources */ = {isa = PBXBuildFile; fileRef = 6A6D3F1229EEA87200265124 /* NotesView.swift */; };
		6A6D3F1529EEAE2A00265124 /* notesData.swift in Sources */ = {isa = PBXBuildFile; fileRef = 6A6D3F1429EEAE2A00265124 /* notesData.swift */; };
		6A6D3F1729EEB5BB00265124 /* FavouritesManager.swift in Sources */ = {isa = PBXBuildFile; fileRef = 6A6D3F1629EEB5BA00265124 /* FavouritesManager.swift */; };
		6A6D3F1929EEBA4500265124 /* FavouritesView.swift in Sources */ = {isa = PBXBuildFile; fileRef = 6A6D3F1829EEBA4500265124 /* FavouritesView.swift */; };
		6A6D3F1B29EECA4500265124 /* thirdButtonGroupModified.swift in Sources */ = {isa = PBXBuildFile; fileRef = 6A6D3F1A29EECA4500265124 /* thirdButtonGroupModified.swift */; };
		6A89A13729C996F90007D0C1 /* WelcomeView.swift in Sources */ = {isa = PBXBuildFile; fileRef = 6A89A13629C996F90007D0C1 /* WelcomeView.swift */; };
/* End PBXBuildFile section */

/* Begin PBXContainerItemProxy section */
		49E6CAA629BC845700DD2E02 /* PBXContainerItemProxy */ = {
			isa = PBXContainerItemProxy;
			containerPortal = 49E6CA8D29BC845400DD2E02 /* Project object */;
			proxyType = 1;
			remoteGlobalIDString = 49E6CA9429BC845400DD2E02;
			remoteInfo = MathX_Mobile;
		};
		49E6CAB029BC845700DD2E02 /* PBXContainerItemProxy */ = {
			isa = PBXContainerItemProxy;
			containerPortal = 49E6CA8D29BC845400DD2E02 /* Project object */;
			proxyType = 1;
			remoteGlobalIDString = 49E6CA9429BC845400DD2E02;
			remoteInfo = MathX_Mobile;
		};
/* End PBXContainerItemProxy section */

/* Begin PBXFileReference section */
		4942F0AC29CAA41B00F85389 /* Cheatsheets.swift */ = {isa = PBXFileReference; lastKnownFileType = sourcecode.swift; path = Cheatsheets.swift; sourceTree = "<group>"; };
		4942F0AE29CAA49E00F85389 /* CalculatorView.swift */ = {isa = PBXFileReference; lastKnownFileType = sourcecode.swift; path = CalculatorView.swift; sourceTree = "<group>"; };
		495674C029BD5EEB00EB37DA /* HCFLCM.swift */ = {isa = PBXFileReference; lastKnownFileType = sourcecode.swift; path = HCFLCM.swift; sourceTree = "<group>"; };
		498C0FD329BEF7E50079503C /* OCRView.swift */ = {isa = PBXFileReference; lastKnownFileType = sourcecode.swift; path = OCRView.swift; sourceTree = "<group>"; };
		49E6CA9529BC845400DD2E02 /* MathX_Mobile.app */ = {isa = PBXFileReference; explicitFileType = wrapper.application; includeInIndex = 0; path = MathX_Mobile.app; sourceTree = BUILT_PRODUCTS_DIR; };
		49E6CA9829BC845400DD2E02 /* MathX_MobileApp.swift */ = {isa = PBXFileReference; lastKnownFileType = sourcecode.swift; path = MathX_MobileApp.swift; sourceTree = "<group>"; };
		49E6CA9A29BC845400DD2E02 /* ContentView.swift */ = {isa = PBXFileReference; lastKnownFileType = sourcecode.swift; path = ContentView.swift; sourceTree = "<group>"; };
		49E6CA9C29BC845700DD2E02 /* Assets.xcassets */ = {isa = PBXFileReference; lastKnownFileType = folder.assetcatalog; path = Assets.xcassets; sourceTree = "<group>"; };
		49E6CA9F29BC845700DD2E02 /* Preview Assets.xcassets */ = {isa = PBXFileReference; lastKnownFileType = folder.assetcatalog; path = "Preview Assets.xcassets"; sourceTree = "<group>"; };
		49E6CAA529BC845700DD2E02 /* MathX_MobileTests.xctest */ = {isa = PBXFileReference; explicitFileType = wrapper.cfbundle; includeInIndex = 0; path = MathX_MobileTests.xctest; sourceTree = BUILT_PRODUCTS_DIR; };
		49E6CAAF29BC845700DD2E02 /* MathX_MobileUITests.xctest */ = {isa = PBXFileReference; explicitFileType = wrapper.cfbundle; includeInIndex = 0; path = MathX_MobileUITests.xctest; sourceTree = BUILT_PRODUCTS_DIR; };
		49E6CAC229BC84BC00DD2E02 /* HomeView.swift */ = {isa = PBXFileReference; lastKnownFileType = sourcecode.swift; path = HomeView.swift; sourceTree = "<group>"; };
		49E6CAC429BC84CD00DD2E02 /* ToolsView.swift */ = {isa = PBXFileReference; lastKnownFileType = sourcecode.swift; path = ToolsView.swift; sourceTree = "<group>"; };
		49E6CAC629BC84DA00DD2E02 /* EmergencyView.swift */ = {isa = PBXFileReference; lastKnownFileType = sourcecode.swift; path = EmergencyView.swift; sourceTree = "<group>"; };
		6A54B94929CF42510083909A /* extensions.swift */ = {isa = PBXFileReference; lastKnownFileType = sourcecode.swift; path = extensions.swift; sourceTree = "<group>"; };
		6A60E55929CAEF7500F9C038 /* firstButtonGroup.swift */ = {isa = PBXFileReference; lastKnownFileType = sourcecode.swift; path = firstButtonGroup.swift; sourceTree = "<group>"; };
		6A60E55D29CB17B700F9C038 /* secondButtonGroup.swift */ = {isa = PBXFileReference; lastKnownFileType = sourcecode.swift; path = secondButtonGroup.swift; sourceTree = "<group>"; };
		6A60E55F29CB1B5600F9C038 /* thirdButtonGroup.swift */ = {isa = PBXFileReference; lastKnownFileType = sourcecode.swift; path = thirdButtonGroup.swift; sourceTree = "<group>"; };
		6A60E56129CB1EF700F9C038 /* subSuperScriptText.swift */ = {isa = PBXFileReference; lastKnownFileType = sourcecode.swift; path = subSuperScriptText.swift; sourceTree = "<group>"; };
		6A6D3F1229EEA87200265124 /* NotesView.swift */ = {isa = PBXFileReference; lastKnownFileType = sourcecode.swift; path = NotesView.swift; sourceTree = "<group>"; };
		6A6D3F1429EEAE2A00265124 /* notesData.swift */ = {isa = PBXFileReference; lastKnownFileType = sourcecode.swift; path = notesData.swift; sourceTree = "<group>"; };
		6A6D3F1629EEB5BA00265124 /* FavouritesManager.swift */ = {isa = PBXFileReference; lastKnownFileType = sourcecode.swift; path = FavouritesManager.swift; sourceTree = "<group>"; };
		6A6D3F1829EEBA4500265124 /* FavouritesView.swift */ = {isa = PBXFileReference; lastKnownFileType = sourcecode.swift; path = FavouritesView.swift; sourceTree = "<group>"; };
		6A6D3F1A29EECA4500265124 /* thirdButtonGroupModified.swift */ = {isa = PBXFileReference; lastKnownFileType = sourcecode.swift; path = thirdButtonGroupModified.swift; sourceTree = "<group>"; };
		6A89A13629C996F90007D0C1 /* WelcomeView.swift */ = {isa = PBXFileReference; lastKnownFileType = sourcecode.swift; path = WelcomeView.swift; sourceTree = "<group>"; };
		6AE20F2329D0387100709B9F /* MathX-Mobile-Info.plist */ = {isa = PBXFileReference; lastKnownFileType = text.plist.xml; name = "MathX-Mobile-Info.plist"; path = "MathX_Mobile/Preview Content/MathX-Mobile-Info.plist"; sourceTree = SOURCE_ROOT; };
/* End PBXFileReference section */

/* Begin PBXFrameworksBuildPhase section */
		49E6CA9229BC845400DD2E02 /* Frameworks */ = {
			isa = PBXFrameworksBuildPhase;
			buildActionMask = 2147483647;
			files = (
				6A60E56829CB2E6B00F9C038 /* MathExpression in Frameworks */,
				6A54B94829CF150D0083909A /* LaTeXSwiftUI in Frameworks */,
			);
			runOnlyForDeploymentPostprocessing = 0;
		};
		49E6CAA229BC845700DD2E02 /* Frameworks */ = {
			isa = PBXFrameworksBuildPhase;
			buildActionMask = 2147483647;
			files = (
			);
			runOnlyForDeploymentPostprocessing = 0;
		};
		49E6CAAC29BC845700DD2E02 /* Frameworks */ = {
			isa = PBXFrameworksBuildPhase;
			buildActionMask = 2147483647;
			files = (
			);
			runOnlyForDeploymentPostprocessing = 0;
		};
/* End PBXFrameworksBuildPhase section */

/* Begin PBXGroup section */
		49DD1A4329CB41E10040BA0D /* Tools */ = {
			isa = PBXGroup;
			children = (
				49E6CAC429BC84CD00DD2E02 /* ToolsView.swift */,
				49E6CAC629BC84DA00DD2E02 /* EmergencyView.swift */,
				495674C029BD5EEB00EB37DA /* HCFLCM.swift */,
				498C0FD329BEF7E50079503C /* OCRView.swift */,
			);
			path = Tools;
			sourceTree = "<group>";
		};
		49E6CA8C29BC845400DD2E02 = {
			isa = PBXGroup;
			children = (
				49E6CA9729BC845400DD2E02 /* MathX_Mobile */,
				49E6CA9629BC845400DD2E02 /* Products */,
			);
			sourceTree = "<group>";
		};
		49E6CA9629BC845400DD2E02 /* Products */ = {
			isa = PBXGroup;
			children = (
				49E6CA9529BC845400DD2E02 /* MathX_Mobile.app */,
				49E6CAA529BC845700DD2E02 /* MathX_MobileTests.xctest */,
				49E6CAAF29BC845700DD2E02 /* MathX_MobileUITests.xctest */,
			);
			name = Products;
			sourceTree = "<group>";
		};
		49E6CA9729BC845400DD2E02 /* MathX_Mobile */ = {
			isa = PBXGroup;
			children = (
				49E6CA9829BC845400DD2E02 /* MathX_MobileApp.swift */,
				6A89A13629C996F90007D0C1 /* WelcomeView.swift */,
				49E6CA9A29BC845400DD2E02 /* ContentView.swift */,
				49E6CAC229BC84BC00DD2E02 /* HomeView.swift */,
				4942F0AC29CAA41B00F85389 /* Cheatsheets.swift */,
				6A60E55B29CAEFE000F9C038 /* Scientific Calculator */,
				6A6D3F1129EEA86200265124 /* Notes */,
				49DD1A4329CB41E10040BA0D /* Tools */,
				49E6CA9E29BC845700DD2E02 /* Preview Content */,
			);
			path = MathX_Mobile;
			sourceTree = "<group>";
		};
		49E6CA9E29BC845700DD2E02 /* Preview Content */ = {
			isa = PBXGroup;
			children = (
				6AE20F2329D0387100709B9F /* MathX-Mobile-Info.plist */,
				49E6CA9F29BC845700DD2E02 /* Preview Assets.xcassets */,
				49E6CA9C29BC845700DD2E02 /* Assets.xcassets */,
			);
			path = "Preview Content";
			sourceTree = "<group>";
		};
		6A60E55B29CAEFE000F9C038 /* Scientific Calculator */ = {
			isa = PBXGroup;
			children = (
				4942F0AE29CAA49E00F85389 /* CalculatorView.swift */,
				6A6D3F1A29EECA4500265124 /* thirdButtonGroupModified.swift */,
				6A60E56329CB1F0300F9C038 /* Modifiers */,
				6A60E55C29CAEFF200F9C038 /* Button Groups */,
			);
			path = "Scientific Calculator";
			sourceTree = "<group>";
		};
		6A60E55C29CAEFF200F9C038 /* Button Groups */ = {
			isa = PBXGroup;
			children = (
				6A60E55929CAEF7500F9C038 /* firstButtonGroup.swift */,
				6A60E55D29CB17B700F9C038 /* secondButtonGroup.swift */,
				6A60E55F29CB1B5600F9C038 /* thirdButtonGroup.swift */,
			);
			path = "Button Groups";
			sourceTree = "<group>";
		};
		6A60E56329CB1F0300F9C038 /* Modifiers */ = {
			isa = PBXGroup;
			children = (
				6A54B94929CF42510083909A /* extensions.swift */,
				6A60E56129CB1EF700F9C038 /* subSuperScriptText.swift */,
			);
			path = Modifiers;
			sourceTree = "<group>";
		};
		6A6D3F1129EEA86200265124 /* Notes */ = {
			isa = PBXGroup;
			children = (
				6A6D3F1429EEAE2A00265124 /* notesData.swift */,
				6A6D3F1229EEA87200265124 /* NotesView.swift */,
				6A6D3F1829EEBA4500265124 /* FavouritesView.swift */,
				6A6D3F1629EEB5BA00265124 /* FavouritesManager.swift */,
			);
			path = Notes;
			sourceTree = "<group>";
		};
/* End PBXGroup section */

/* Begin PBXNativeTarget section */
		49E6CA9429BC845400DD2E02 /* MathX_Mobile */ = {
			isa = PBXNativeTarget;
			buildConfigurationList = 49E6CAB929BC845700DD2E02 /* Build configuration list for PBXNativeTarget "MathX_Mobile" */;
			buildPhases = (
				49E6CA9129BC845400DD2E02 /* Sources */,
				49E6CA9229BC845400DD2E02 /* Frameworks */,
				49E6CA9329BC845400DD2E02 /* Resources */,
			);
			buildRules = (
			);
			dependencies = (
			);
			name = MathX_Mobile;
			packageProductDependencies = (
				6A60E56729CB2E6B00F9C038 /* MathExpression */,
				6A54B94729CF150D0083909A /* LaTeXSwiftUI */,
			);
			productName = MathX_Mobile;
			productReference = 49E6CA9529BC845400DD2E02 /* MathX_Mobile.app */;
			productType = "com.apple.product-type.application";
		};
		49E6CAA429BC845700DD2E02 /* MathX_MobileTests */ = {
			isa = PBXNativeTarget;
			buildConfigurationList = 49E6CABC29BC845700DD2E02 /* Build configuration list for PBXNativeTarget "MathX_MobileTests" */;
			buildPhases = (
				49E6CAA129BC845700DD2E02 /* Sources */,
				49E6CAA229BC845700DD2E02 /* Frameworks */,
				49E6CAA329BC845700DD2E02 /* Resources */,
			);
			buildRules = (
			);
			dependencies = (
				49E6CAA729BC845700DD2E02 /* PBXTargetDependency */,
			);
			name = MathX_MobileTests;
			productName = MathX_MobileTests;
			productReference = 49E6CAA529BC845700DD2E02 /* MathX_MobileTests.xctest */;
			productType = "com.apple.product-type.bundle.unit-test";
		};
		49E6CAAE29BC845700DD2E02 /* MathX_MobileUITests */ = {
			isa = PBXNativeTarget;
			buildConfigurationList = 49E6CABF29BC845700DD2E02 /* Build configuration list for PBXNativeTarget "MathX_MobileUITests" */;
			buildPhases = (
				49E6CAAB29BC845700DD2E02 /* Sources */,
				49E6CAAC29BC845700DD2E02 /* Frameworks */,
				49E6CAAD29BC845700DD2E02 /* Resources */,
			);
			buildRules = (
			);
			dependencies = (
				49E6CAB129BC845700DD2E02 /* PBXTargetDependency */,
			);
			name = MathX_MobileUITests;
			productName = MathX_MobileUITests;
			productReference = 49E6CAAF29BC845700DD2E02 /* MathX_MobileUITests.xctest */;
			productType = "com.apple.product-type.bundle.ui-testing";
		};
/* End PBXNativeTarget section */

/* Begin PBXProject section */
		49E6CA8D29BC845400DD2E02 /* Project object */ = {
			isa = PBXProject;
			attributes = {
				BuildIndependentTargetsInParallel = 1;
				LastSwiftUpdateCheck = 1420;
				LastUpgradeCheck = 1420;
				TargetAttributes = {
					49E6CA9429BC845400DD2E02 = {
						CreatedOnToolsVersion = 14.2;
					};
					49E6CAA429BC845700DD2E02 = {
						CreatedOnToolsVersion = 14.2;
						TestTargetID = 49E6CA9429BC845400DD2E02;
					};
					49E6CAAE29BC845700DD2E02 = {
						CreatedOnToolsVersion = 14.2;
						TestTargetID = 49E6CA9429BC845400DD2E02;
					};
				};
			};
			buildConfigurationList = 49E6CA9029BC845400DD2E02 /* Build configuration list for PBXProject "MathX_Mobile" */;
			compatibilityVersion = "Xcode 14.0";
			developmentRegion = en;
			hasScannedForEncodings = 0;
			knownRegions = (
				en,
				Base,
			);
			mainGroup = 49E6CA8C29BC845400DD2E02;
			packageReferences = (
				6A60E56629CB2E6B00F9C038 /* XCRemoteSwiftPackageReference "MathExpression" */,
				6A54B94629CF150D0083909A /* XCRemoteSwiftPackageReference "LaTeXSwiftUI" */,
			);
			productRefGroup = 49E6CA9629BC845400DD2E02 /* Products */;
			projectDirPath = "";
			projectRoot = "";
			targets = (
				49E6CA9429BC845400DD2E02 /* MathX_Mobile */,
				49E6CAA429BC845700DD2E02 /* MathX_MobileTests */,
				49E6CAAE29BC845700DD2E02 /* MathX_MobileUITests */,
			);
		};
/* End PBXProject section */

/* Begin PBXResourcesBuildPhase section */
		49E6CA9329BC845400DD2E02 /* Resources */ = {
			isa = PBXResourcesBuildPhase;
			buildActionMask = 2147483647;
			files = (
				49E6CAA029BC845700DD2E02 /* Preview Assets.xcassets in Resources */,
				49E6CA9D29BC845700DD2E02 /* Assets.xcassets in Resources */,
			);
			runOnlyForDeploymentPostprocessing = 0;
		};
		49E6CAA329BC845700DD2E02 /* Resources */ = {
			isa = PBXResourcesBuildPhase;
			buildActionMask = 2147483647;
			files = (
			);
			runOnlyForDeploymentPostprocessing = 0;
		};
		49E6CAAD29BC845700DD2E02 /* Resources */ = {
			isa = PBXResourcesBuildPhase;
			buildActionMask = 2147483647;
			files = (
			);
			runOnlyForDeploymentPostprocessing = 0;
		};
/* End PBXResourcesBuildPhase section */

/* Begin PBXSourcesBuildPhase section */
		49E6CA9129BC845400DD2E02 /* Sources */ = {
			isa = PBXSourcesBuildPhase;
			buildActionMask = 2147483647;
			files = (
				49E6CAC329BC84BC00DD2E02 /* HomeView.swift in Sources */,
				6A6D3F1529EEAE2A00265124 /* notesData.swift in Sources */,
				49E6CA9B29BC845400DD2E02 /* ContentView.swift in Sources */,
				49E6CAC529BC84CD00DD2E02 /* ToolsView.swift in Sources */,
				6A60E55E29CB17B700F9C038 /* secondButtonGroup.swift in Sources */,
				4942F0AF29CAA49E00F85389 /* CalculatorView.swift in Sources */,
				6A54B94A29CF42510083909A /* extensions.swift in Sources */,
				6A89A13729C996F90007D0C1 /* WelcomeView.swift in Sources */,
				4942F0AD29CAA41B00F85389 /* Cheatsheets.swift in Sources */,
				6A6D3F1729EEB5BB00265124 /* FavouritesManager.swift in Sources */,
				6A60E55A29CAEF7500F9C038 /* firstButtonGroup.swift in Sources */,
				6A60E56229CB1EF700F9C038 /* subSuperScriptText.swift in Sources */,
				6A60E56029CB1B5600F9C038 /* thirdButtonGroup.swift in Sources */,
				498C0FD429BEF7E50079503C /* OCRView.swift in Sources */,
				6A6D3F1B29EECA4500265124 /* thirdButtonGroupModified.swift in Sources */,
				49E6CAC729BC84DA00DD2E02 /* EmergencyView.swift in Sources */,
				495674C129BD5EEB00EB37DA /* HCFLCM.swift in Sources */,
				6A6D3F1929EEBA4500265124 /* FavouritesView.swift in Sources */,
				6A6D3F1329EEA87200265124 /* NotesView.swift in Sources */,
				49E6CA9929BC845400DD2E02 /* MathX_MobileApp.swift in Sources */,
			);
			runOnlyForDeploymentPostprocessing = 0;
		};
		49E6CAA129BC845700DD2E02 /* Sources */ = {
			isa = PBXSourcesBuildPhase;
			buildActionMask = 2147483647;
			files = (
			);
			runOnlyForDeploymentPostprocessing = 0;
		};
		49E6CAAB29BC845700DD2E02 /* Sources */ = {
			isa = PBXSourcesBuildPhase;
			buildActionMask = 2147483647;
			files = (
			);
			runOnlyForDeploymentPostprocessing = 0;
		};
/* End PBXSourcesBuildPhase section */

/* Begin PBXTargetDependency section */
		49E6CAA729BC845700DD2E02 /* PBXTargetDependency */ = {
			isa = PBXTargetDependency;
			target = 49E6CA9429BC845400DD2E02 /* MathX_Mobile */;
			targetProxy = 49E6CAA629BC845700DD2E02 /* PBXContainerItemProxy */;
		};
		49E6CAB129BC845700DD2E02 /* PBXTargetDependency */ = {
			isa = PBXTargetDependency;
			target = 49E6CA9429BC845400DD2E02 /* MathX_Mobile */;
			targetProxy = 49E6CAB029BC845700DD2E02 /* PBXContainerItemProxy */;
		};
/* End PBXTargetDependency section */

/* Begin XCBuildConfiguration section */
		49E6CAB729BC845700DD2E02 /* Debug */ = {
			isa = XCBuildConfiguration;
			buildSettings = {
				ALWAYS_SEARCH_USER_PATHS = NO;
				CLANG_ANALYZER_NONNULL = YES;
				CLANG_ANALYZER_NUMBER_OBJECT_CONVERSION = YES_AGGRESSIVE;
				CLANG_CXX_LANGUAGE_STANDARD = "gnu++20";
				CLANG_ENABLE_MODULES = YES;
				CLANG_ENABLE_OBJC_ARC = YES;
				CLANG_ENABLE_OBJC_WEAK = YES;
				CLANG_WARN_BLOCK_CAPTURE_AUTORELEASING = YES;
				CLANG_WARN_BOOL_CONVERSION = YES;
				CLANG_WARN_COMMA = YES;
				CLANG_WARN_CONSTANT_CONVERSION = YES;
				CLANG_WARN_DEPRECATED_OBJC_IMPLEMENTATIONS = YES;
				CLANG_WARN_DIRECT_OBJC_ISA_USAGE = YES_ERROR;
				CLANG_WARN_DOCUMENTATION_COMMENTS = YES;
				CLANG_WARN_EMPTY_BODY = YES;
				CLANG_WARN_ENUM_CONVERSION = YES;
				CLANG_WARN_INFINITE_RECURSION = YES;
				CLANG_WARN_INT_CONVERSION = YES;
				CLANG_WARN_NON_LITERAL_NULL_CONVERSION = YES;
				CLANG_WARN_OBJC_IMPLICIT_RETAIN_SELF = YES;
				CLANG_WARN_OBJC_LITERAL_CONVERSION = YES;
				CLANG_WARN_OBJC_ROOT_CLASS = YES_ERROR;
				CLANG_WARN_QUOTED_INCLUDE_IN_FRAMEWORK_HEADER = YES;
				CLANG_WARN_RANGE_LOOP_ANALYSIS = YES;
				CLANG_WARN_STRICT_PROTOTYPES = YES;
				CLANG_WARN_SUSPICIOUS_MOVE = YES;
				CLANG_WARN_UNGUARDED_AVAILABILITY = YES_AGGRESSIVE;
				CLANG_WARN_UNREACHABLE_CODE = YES;
				CLANG_WARN__DUPLICATE_METHOD_MATCH = YES;
				COPY_PHASE_STRIP = NO;
				DEBUG_INFORMATION_FORMAT = dwarf;
				ENABLE_STRICT_OBJC_MSGSEND = YES;
				ENABLE_TESTABILITY = YES;
				GCC_C_LANGUAGE_STANDARD = gnu11;
				GCC_DYNAMIC_NO_PIC = NO;
				GCC_NO_COMMON_BLOCKS = YES;
				GCC_OPTIMIZATION_LEVEL = 0;
				GCC_PREPROCESSOR_DEFINITIONS = (
					"DEBUG=1",
					"$(inherited)",
				);
				GCC_WARN_64_TO_32_BIT_CONVERSION = YES;
				GCC_WARN_ABOUT_RETURN_TYPE = YES_ERROR;
				GCC_WARN_UNDECLARED_SELECTOR = YES;
				GCC_WARN_UNINITIALIZED_AUTOS = YES_AGGRESSIVE;
				GCC_WARN_UNUSED_FUNCTION = YES;
				GCC_WARN_UNUSED_VARIABLE = YES;
				IPHONEOS_DEPLOYMENT_TARGET = 16.2;
				MTL_ENABLE_DEBUG_INFO = INCLUDE_SOURCE;
				MTL_FAST_MATH = YES;
				ONLY_ACTIVE_ARCH = YES;
				SDKROOT = iphoneos;
				SWIFT_ACTIVE_COMPILATION_CONDITIONS = DEBUG;
				SWIFT_OPTIMIZATION_LEVEL = "-Onone";
			};
			name = Debug;
		};
		49E6CAB829BC845700DD2E02 /* Release */ = {
			isa = XCBuildConfiguration;
			buildSettings = {
				ALWAYS_SEARCH_USER_PATHS = NO;
				CLANG_ANALYZER_NONNULL = YES;
				CLANG_ANALYZER_NUMBER_OBJECT_CONVERSION = YES_AGGRESSIVE;
				CLANG_CXX_LANGUAGE_STANDARD = "gnu++20";
				CLANG_ENABLE_MODULES = YES;
				CLANG_ENABLE_OBJC_ARC = YES;
				CLANG_ENABLE_OBJC_WEAK = YES;
				CLANG_WARN_BLOCK_CAPTURE_AUTORELEASING = YES;
				CLANG_WARN_BOOL_CONVERSION = YES;
				CLANG_WARN_COMMA = YES;
				CLANG_WARN_CONSTANT_CONVERSION = YES;
				CLANG_WARN_DEPRECATED_OBJC_IMPLEMENTATIONS = YES;
				CLANG_WARN_DIRECT_OBJC_ISA_USAGE = YES_ERROR;
				CLANG_WARN_DOCUMENTATION_COMMENTS = YES;
				CLANG_WARN_EMPTY_BODY = YES;
				CLANG_WARN_ENUM_CONVERSION = YES;
				CLANG_WARN_INFINITE_RECURSION = YES;
				CLANG_WARN_INT_CONVERSION = YES;
				CLANG_WARN_NON_LITERAL_NULL_CONVERSION = YES;
				CLANG_WARN_OBJC_IMPLICIT_RETAIN_SELF = YES;
				CLANG_WARN_OBJC_LITERAL_CONVERSION = YES;
				CLANG_WARN_OBJC_ROOT_CLASS = YES_ERROR;
				CLANG_WARN_QUOTED_INCLUDE_IN_FRAMEWORK_HEADER = YES;
				CLANG_WARN_RANGE_LOOP_ANALYSIS = YES;
				CLANG_WARN_STRICT_PROTOTYPES = YES;
				CLANG_WARN_SUSPICIOUS_MOVE = YES;
				CLANG_WARN_UNGUARDED_AVAILABILITY = YES_AGGRESSIVE;
				CLANG_WARN_UNREACHABLE_CODE = YES;
				CLANG_WARN__DUPLICATE_METHOD_MATCH = YES;
				COPY_PHASE_STRIP = NO;
				DEBUG_INFORMATION_FORMAT = "dwarf-with-dsym";
				ENABLE_NS_ASSERTIONS = NO;
				ENABLE_STRICT_OBJC_MSGSEND = YES;
				GCC_C_LANGUAGE_STANDARD = gnu11;
				GCC_NO_COMMON_BLOCKS = YES;
				GCC_WARN_64_TO_32_BIT_CONVERSION = YES;
				GCC_WARN_ABOUT_RETURN_TYPE = YES_ERROR;
				GCC_WARN_UNDECLARED_SELECTOR = YES;
				GCC_WARN_UNINITIALIZED_AUTOS = YES_AGGRESSIVE;
				GCC_WARN_UNUSED_FUNCTION = YES;
				GCC_WARN_UNUSED_VARIABLE = YES;
				IPHONEOS_DEPLOYMENT_TARGET = 16.2;
				MTL_ENABLE_DEBUG_INFO = NO;
				MTL_FAST_MATH = YES;
				SDKROOT = iphoneos;
				SWIFT_COMPILATION_MODE = wholemodule;
				SWIFT_OPTIMIZATION_LEVEL = "-O";
				VALIDATE_PRODUCT = YES;
			};
			name = Release;
		};
		49E6CABA29BC845700DD2E02 /* Debug */ = {
			isa = XCBuildConfiguration;
			buildSettings = {
				ASSETCATALOG_COMPILER_APPICON_NAME = AppIcon;
				ASSETCATALOG_COMPILER_GLOBAL_ACCENT_COLOR_NAME = AccentColor;
				CODE_SIGN_STYLE = Automatic;
				CURRENT_PROJECT_VERSION = 1;
				DEVELOPMENT_ASSET_PATHS = "\"MathX_Mobile/Preview Content\"";
				DEVELOPMENT_TEAM = DBBLGF84W3;
				ENABLE_PREVIEWS = YES;
				GENERATE_INFOPLIST_FILE = YES;
				INFOPLIST_FILE = "MathX-Mobile-Info.plist";
				INFOPLIST_KEY_CFBundleDisplayName = MathX;
				INFOPLIST_KEY_UIApplicationSceneManifest_Generation = YES;
				INFOPLIST_KEY_UIApplicationSupportsIndirectInputEvents = YES;
				INFOPLIST_KEY_UILaunchScreen_Generation = YES;
				INFOPLIST_KEY_UISupportedInterfaceOrientations_iPad = "UIInterfaceOrientationPortrait UIInterfaceOrientationPortraitUpsideDown UIInterfaceOrientationLandscapeLeft UIInterfaceOrientationLandscapeRight";
				INFOPLIST_KEY_UISupportedInterfaceOrientations_iPhone = "UIInterfaceOrientationPortrait UIInterfaceOrientationLandscapeLeft UIInterfaceOrientationLandscapeRight";
				LD_RUNPATH_SEARCH_PATHS = (
					"$(inherited)",
					"@executable_path/Frameworks",
				);
				MARKETING_VERSION = 1.0;
				PRODUCT_BUNDLE_IDENTIFIER = "AppCatalyst.MathX-Mobile";
				PRODUCT_NAME = "$(TARGET_NAME)";
				SWIFT_EMIT_LOC_STRINGS = YES;
				SWIFT_VERSION = 5.0;
				TARGETED_DEVICE_FAMILY = "1,2";
			};
			name = Debug;
		};
		49E6CABB29BC845700DD2E02 /* Release */ = {
			isa = XCBuildConfiguration;
			buildSettings = {
				ASSETCATALOG_COMPILER_APPICON_NAME = AppIcon;
				ASSETCATALOG_COMPILER_GLOBAL_ACCENT_COLOR_NAME = AccentColor;
				CODE_SIGN_STYLE = Automatic;
				CURRENT_PROJECT_VERSION = 1;
				DEVELOPMENT_ASSET_PATHS = "\"MathX_Mobile/Preview Content\"";
				DEVELOPMENT_TEAM = DBBLGF84W3;
				ENABLE_PREVIEWS = YES;
				GENERATE_INFOPLIST_FILE = YES;
				INFOPLIST_FILE = "MathX-Mobile-Info.plist";
				INFOPLIST_KEY_CFBundleDisplayName = MathX;
				INFOPLIST_KEY_UIApplicationSceneManifest_Generation = YES;
				INFOPLIST_KEY_UIApplicationSupportsIndirectInputEvents = YES;
				INFOPLIST_KEY_UILaunchScreen_Generation = YES;
				INFOPLIST_KEY_UISupportedInterfaceOrientations_iPad = "UIInterfaceOrientationPortrait UIInterfaceOrientationPortraitUpsideDown UIInterfaceOrientationLandscapeLeft UIInterfaceOrientationLandscapeRight";
				INFOPLIST_KEY_UISupportedInterfaceOrientations_iPhone = "UIInterfaceOrientationPortrait UIInterfaceOrientationLandscapeLeft UIInterfaceOrientationLandscapeRight";
				LD_RUNPATH_SEARCH_PATHS = (
					"$(inherited)",
					"@executable_path/Frameworks",
				);
				MARKETING_VERSION = 1.0;
				PRODUCT_BUNDLE_IDENTIFIER = "AppCatalyst.MathX-Mobile";
				PRODUCT_NAME = "$(TARGET_NAME)";
				SWIFT_EMIT_LOC_STRINGS = YES;
				SWIFT_VERSION = 5.0;
				TARGETED_DEVICE_FAMILY = "1,2";
			};
			name = Release;
		};
		49E6CABD29BC845700DD2E02 /* Debug */ = {
			isa = XCBuildConfiguration;
			buildSettings = {
				ALWAYS_EMBED_SWIFT_STANDARD_LIBRARIES = YES;
				BUNDLE_LOADER = "$(TEST_HOST)";
				CODE_SIGN_STYLE = Automatic;
				CURRENT_PROJECT_VERSION = 1;
				DEVELOPMENT_TEAM = 67PAUT5FCD;
				GENERATE_INFOPLIST_FILE = YES;
				IPHONEOS_DEPLOYMENT_TARGET = 16.2;
				MARKETING_VERSION = 1.0;
				PRODUCT_BUNDLE_IDENTIFIER = "AppCatalyst.MathX-MobileTests";
				PRODUCT_NAME = "$(TARGET_NAME)";
				SWIFT_EMIT_LOC_STRINGS = NO;
				SWIFT_VERSION = 5.0;
				TARGETED_DEVICE_FAMILY = "1,2";
				TEST_HOST = "$(BUILT_PRODUCTS_DIR)/MathX_Mobile.app/$(BUNDLE_EXECUTABLE_FOLDER_PATH)/MathX_Mobile";
			};
			name = Debug;
		};
		49E6CABE29BC845700DD2E02 /* Release */ = {
			isa = XCBuildConfiguration;
			buildSettings = {
				ALWAYS_EMBED_SWIFT_STANDARD_LIBRARIES = YES;
				BUNDLE_LOADER = "$(TEST_HOST)";
				CODE_SIGN_STYLE = Automatic;
				CURRENT_PROJECT_VERSION = 1;
				DEVELOPMENT_TEAM = 67PAUT5FCD;
				GENERATE_INFOPLIST_FILE = YES;
				IPHONEOS_DEPLOYMENT_TARGET = 16.2;
				MARKETING_VERSION = 1.0;
				PRODUCT_BUNDLE_IDENTIFIER = "AppCatalyst.MathX-MobileTests";
				PRODUCT_NAME = "$(TARGET_NAME)";
				SWIFT_EMIT_LOC_STRINGS = NO;
				SWIFT_VERSION = 5.0;
				TARGETED_DEVICE_FAMILY = "1,2";
				TEST_HOST = "$(BUILT_PRODUCTS_DIR)/MathX_Mobile.app/$(BUNDLE_EXECUTABLE_FOLDER_PATH)/MathX_Mobile";
			};
			name = Release;
		};
		49E6CAC029BC845700DD2E02 /* Debug */ = {
			isa = XCBuildConfiguration;
			buildSettings = {
				ALWAYS_EMBED_SWIFT_STANDARD_LIBRARIES = YES;
				CODE_SIGN_STYLE = Automatic;
				CURRENT_PROJECT_VERSION = 1;
				DEVELOPMENT_TEAM = 67PAUT5FCD;
				GENERATE_INFOPLIST_FILE = YES;
				MARKETING_VERSION = 1.0;
				PRODUCT_BUNDLE_IDENTIFIER = "AppCatalyst.MathX-MobileUITests";
				PRODUCT_NAME = "$(TARGET_NAME)";
				SWIFT_EMIT_LOC_STRINGS = NO;
				SWIFT_VERSION = 5.0;
				TARGETED_DEVICE_FAMILY = "1,2";
				TEST_TARGET_NAME = MathX_Mobile;
			};
			name = Debug;
		};
		49E6CAC129BC845700DD2E02 /* Release */ = {
			isa = XCBuildConfiguration;
			buildSettings = {
				ALWAYS_EMBED_SWIFT_STANDARD_LIBRARIES = YES;
				CODE_SIGN_STYLE = Automatic;
				CURRENT_PROJECT_VERSION = 1;
				DEVELOPMENT_TEAM = 67PAUT5FCD;
				GENERATE_INFOPLIST_FILE = YES;
				MARKETING_VERSION = 1.0;
				PRODUCT_BUNDLE_IDENTIFIER = "AppCatalyst.MathX-MobileUITests";
				PRODUCT_NAME = "$(TARGET_NAME)";
				SWIFT_EMIT_LOC_STRINGS = NO;
				SWIFT_VERSION = 5.0;
				TARGETED_DEVICE_FAMILY = "1,2";
				TEST_TARGET_NAME = MathX_Mobile;
			};
			name = Release;
		};
/* End XCBuildConfiguration section */

/* Begin XCConfigurationList section */
		49E6CA9029BC845400DD2E02 /* Build configuration list for PBXProject "MathX_Mobile" */ = {
			isa = XCConfigurationList;
			buildConfigurations = (
				49E6CAB729BC845700DD2E02 /* Debug */,
				49E6CAB829BC845700DD2E02 /* Release */,
			);
			defaultConfigurationIsVisible = 0;
			defaultConfigurationName = Release;
		};
		49E6CAB929BC845700DD2E02 /* Build configuration list for PBXNativeTarget "MathX_Mobile" */ = {
			isa = XCConfigurationList;
			buildConfigurations = (
				49E6CABA29BC845700DD2E02 /* Debug */,
				49E6CABB29BC845700DD2E02 /* Release */,
			);
			defaultConfigurationIsVisible = 0;
			defaultConfigurationName = Release;
		};
		49E6CABC29BC845700DD2E02 /* Build configuration list for PBXNativeTarget "MathX_MobileTests" */ = {
			isa = XCConfigurationList;
			buildConfigurations = (
				49E6CABD29BC845700DD2E02 /* Debug */,
				49E6CABE29BC845700DD2E02 /* Release */,
			);
			defaultConfigurationIsVisible = 0;
			defaultConfigurationName = Release;
		};
		49E6CABF29BC845700DD2E02 /* Build configuration list for PBXNativeTarget "MathX_MobileUITests" */ = {
			isa = XCConfigurationList;
			buildConfigurations = (
				49E6CAC029BC845700DD2E02 /* Debug */,
				49E6CAC129BC845700DD2E02 /* Release */,
			);
			defaultConfigurationIsVisible = 0;
			defaultConfigurationName = Release;
		};
/* End XCConfigurationList section */

/* Begin XCRemoteSwiftPackageReference section */
		6A54B94629CF150D0083909A /* XCRemoteSwiftPackageReference "LaTeXSwiftUI" */ = {
			isa = XCRemoteSwiftPackageReference;
			repositoryURL = "https://github.com/colinc86/LaTeXSwiftUI";
			requirement = {
				kind = exactVersion;
				version = 1.0.4;
			};
		};
		6A60E56629CB2E6B00F9C038 /* XCRemoteSwiftPackageReference "MathExpression" */ = {
			isa = XCRemoteSwiftPackageReference;
			repositoryURL = "https://github.com/peredaniel/MathExpression";
			requirement = {
				kind = upToNextMajorVersion;
				minimumVersion = 1.0.0;
			};
		};
/* End XCRemoteSwiftPackageReference section */

/* Begin XCSwiftPackageProductDependency section */
		6A54B94729CF150D0083909A /* LaTeXSwiftUI */ = {
			isa = XCSwiftPackageProductDependency;
			package = 6A54B94629CF150D0083909A /* XCRemoteSwiftPackageReference "LaTeXSwiftUI" */;
			productName = LaTeXSwiftUI;
		};
		6A60E56729CB2E6B00F9C038 /* MathExpression */ = {
			isa = XCSwiftPackageProductDependency;
			package = 6A60E56629CB2E6B00F9C038 /* XCRemoteSwiftPackageReference "MathExpression" */;
			productName = MathExpression;
		};
/* End XCSwiftPackageProductDependency section */
	};
	rootObject = 49E6CA8D29BC845400DD2E02 /* Project object */;
}
