{
  "pins" : [
    {
      "identity" : "latexswiftui",
      "kind" : "remoteSourceControl",
      "location" : "https://github.com/colinc86/LaTeXSwiftUI",
      "state" : {
        "revision" : "3d1888a8ffcd62a39e2ce82c0dc1700871a473da",
        "version" : "1.2.2"
      }
    },
    {
      "identity" : "mathexpression",
      "kind" : "remoteSourceControl",
      "location" : "https://github.com/peredaniel/MathExpression",
      "state" : {
        "revision" : "cd4bff668db45e2283c263da7cd67fe76d7d3106",
        "version" : "1.3.0"
      }
    },
    {
      "identity" : "mathjaxswift",
      "kind" : "remoteSourceControl",
      "location" : "https://github.com/colinc86/MathJaxSwift",
      "state" : {
        "revision" : "01797ab2738a8852d70fb81479bcf76768716220",
        "version" : "3.3.0"
      }
    },
    {
      "identity" : "svgview",
      "kind" : "remoteSourceControl",
      "location" : "https://github.com/exyte/SVGView",
      "state" : {
        "revision" : "18bf73efc2f2dede5dfa73f517ddf4e054061294",
        "version" : "1.0.4"
      }
    },
    {
      "identity" : "swift-html-entities",
      "kind" : "remoteSourceControl",
      "location" : "https://github.com/Kitura/swift-html-entities",
      "state" : {
        "revision" : "d8ca73197f59ce260c71bd6d7f6eb8bbdccf508b",
        "version" : "4.0.1"
      }
    }
  ],
  "version" : 2
}
